{
  "version": 4,
  "terraform_version": "1.15.5",
  "serial": 273,
  "lineage": "96895419-be62-8a43-a5ec-989c46389044",
  "outputs": {
    "ip_privada_backend_1": {
      "value": "10.0.2.240",
      "type": "string"
    },
    "ip_privada_backend_2": {
      "value": "10.0.3.44",
      "type": "string"
    },
    "ip_privada_base_datos": {
      "value": "10.0.4.113",
      "type": "string"
    },
    "ip_publica_frontend": {
      "value": "18.211.82.253",
      "type": "string"
    }
  },
  "resources": [
    {
      "mode": "managed",
      "type": "aws_eip",
      "name": "eip_front",
      "provider": "provider[\"registry.terraform.io/hashicorp/aws\"]",
      "instances": [
        {
          "schema_version": 0,
          "attributes": {
            "address": null,
            "allocation_id": "eipalloc-0637a326018d3cbfd",
            "arn": "arn:aws:ec2:us-east-1:572392556337:elastic-ip/eipalloc-0637a326018d3cbfd",
            "associate_with_private_ip": null,
            "association_id": "eipassoc-0e818acccd2d33479",
            "carrier_ip": "",
            "customer_owned_ip": "",
            "customer_owned_ipv4_pool": "",
            "domain": "vpc",
            "id": "eipalloc-0637a326018d3cbfd",
            "instance": "i-0f468d8255ea6d874",
            "ipam_pool_id": null,
            "network_border_group": "us-east-1",
            "network_interface": "eni-0f696b921064c8feb",
            "private_dns": "ip-10-0-1-42.ec2.internal",
            "private_ip": "10.0.1.42",
            "ptr_record": "",
            "public_dns": "ec2-18-211-82-253.compute-1.amazonaws.com",
            "public_ip": "18.211.82.253",
            "public_ipv4_pool": "amazon",
            "tags": null,
            "tags_all": {},
            "timeouts": null,
            "vpc": true
          },
          "sensitive_attributes": [],
          "identity_schema_version": 0,
          "private": "eyJlMmJmYjczMC1lY2FhLTExZTYtOGY4OC0zNDM2M2JjN2M0YzAiOnsiZGVsZXRlIjoxODAwMDAwMDAwMDAsInJlYWQiOjkwMDAwMDAwMDAwMCwidXBkYXRlIjozMDAwMDAwMDAwMDB9fQ==",
          "dependencies": [
            "aws_instance.ec2_frontend",
            "aws_key_pair.key_pair",
            "aws_security_group.sg_frontend",
            "aws_subnet.subred_front",
            "aws_vpc.vpc_principal",
            "tls_private_key.clave_ssh"
          ]
        }
      ]
    },
    {
      "mode": "managed",
      "type": "aws_eip",
      "name": "eip_nat",
      "provider": "provider[\"registry.terraform.io/hashicorp/aws\"]",
      "instances": [
        {
          "schema_version": 0,
          "attributes": {
            "address": null,
            "allocation_id": "eipalloc-094a165a1fda4153e",
            "arn": "arn:aws:ec2:us-east-1:572392556337:elastic-ip/eipalloc-094a165a1fda4153e",
            "associate_with_private_ip": null,
            "association_id": "",
            "carrier_ip": "",
            "customer_owned_ip": "",
            "customer_owned_ipv4_pool": "",
            "domain": "vpc",
            "id": "eipalloc-094a165a1fda4153e",
            "instance": "",
            "ipam_pool_id": null,
            "network_border_group": "us-east-1",
            "network_interface": "",
            "private_dns": null,
            "private_ip": "",
            "ptr_record": "",
            "public_dns": "ec2-100-30-248-190.compute-1.amazonaws.com",
            "public_ip": "100.30.248.190",
            "public_ipv4_pool": "amazon",
            "tags": null,
            "tags_all": {},
            "timeouts": null,
            "vpc": true
          },
          "sensitive_attributes": [],
          "identity_schema_version": 0,
          "private": "eyJlMmJmYjczMC1lY2FhLTExZTYtOGY4OC0zNDM2M2JjN2M0YzAiOnsiZGVsZXRlIjoxODAwMDAwMDAwMDAsInJlYWQiOjkwMDAwMDAwMDAwMCwidXBkYXRlIjozMDAwMDAwMDAwMDB9fQ==",
          "dependencies": [
            "aws_internet_gateway.igw",
            "aws_vpc.vpc_principal"
          ]
        }
      ]
    },
    {
      "mode": "managed",
      "type": "aws_instance",
      "name": "ec2_backend_despachos",
      "provider": "provider[\"registry.terraform.io/hashicorp/aws\"]",
      "instances": [
        {
          "schema_version": 1,
          "attributes": {
            "ami": "ami-00e801948462f718a",
            "arn": "arn:aws:ec2:us-east-1:572392556337:instance/i-039d009e78fe78eed",
            "associate_public_ip_address": false,
            "availability_zone": "us-east-1a",
            "capacity_reservation_specification": [
              {
                "capacity_reservation_preference": "open",
                "capacity_reservation_target": []
              }
            ],
            "cpu_core_count": 1,
            "cpu_options": [
              {
                "amd_sev_snp": "",
                "core_count": 1,
                "threads_per_core": 2
              }
            ],
            "cpu_threads_per_core": 2,
            "credit_specification": [
              {
                "cpu_credits": "unlimited"
              }
            ],
            "disable_api_stop": false,
            "disable_api_termination": false,
            "ebs_block_device": [],
            "ebs_optimized": false,
            "enable_primary_ipv6": null,
            "enclave_options": [
              {
                "enabled": false
              }
            ],
            "ephemeral_block_device": [],
            "get_password_data": false,
            "hibernation": false,
            "host_id": "",
            "host_resource_group_arn": null,
            "iam_instance_profile": "",
            "id": "i-039d009e78fe78eed",
            "instance_initiated_shutdown_behavior": "stop",
            "instance_lifecycle": "",
            "instance_market_options": [],
            "instance_state": "running",
            "instance_type": "t3.micro",
            "ipv6_address_count": 0,
            "ipv6_addresses": [],
            "key_name": "clave-proyecto-4-capas",
            "launch_template": [],
            "maintenance_options": [
              {
                "auto_recovery": "default"
              }
            ],
            "metadata_options": [
              {
                "http_endpoint": "enabled",
                "http_protocol_ipv6": "disabled",
                "http_put_response_hop_limit": 2,
                "http_tokens": "required",
                "instance_metadata_tags": "disabled"
              }
            ],
            "monitoring": false,
            "network_interface": [],
            "outpost_arn": "",
            "password_data": "",
            "placement_group": "",
            "placement_partition_number": 0,
            "primary_network_interface_id": "eni-0fbd820461fcb3ff0",
            "private_dns": "ip-10-0-3-44.ec2.internal",
            "private_dns_name_options": [
              {
                "enable_resource_name_dns_a_record": false,
                "enable_resource_name_dns_aaaa_record": false,
                "hostname_type": "ip-name"
              }
            ],
            "private_ip": "10.0.3.44",
            "public_dns": "",
            "public_ip": "",
            "root_block_device": [
              {
                "delete_on_termination": true,
                "device_name": "/dev/xvda",
                "encrypted": false,
                "iops": 3000,
                "kms_key_id": "",
                "tags": {},
                "tags_all": {},
                "throughput": 125,
                "volume_id": "vol-091363a56d46c280d",
                "volume_size": 8,
                "volume_type": "gp3"
              }
            ],
            "secondary_private_ips": [],
            "security_groups": [],
            "source_dest_check": true,
            "spot_instance_request_id": "",
            "subnet_id": "subnet-00a429b59cc6aee57",
            "tags": {
              "Name": "ec2-backend-2"
            },
            "tags_all": {
              "Name": "ec2-backend-2"
            },
            "tenancy": "default",
            "timeouts": null,
            "user_data": "beaa7c16158e6b8cbcf186625a9f84d9347a8b76",
            "user_data_base64": null,
            "user_data_replace_on_change": false,
            "volume_tags": null,
            "vpc_security_group_ids": [
              "sg-0b13c330aa9f20039"
            ]
          },
          "sensitive_attributes": [],
          "identity_schema_version": 0,
          "private": "eyJlMmJmYjczMC1lY2FhLTExZTYtOGY4OC0zNDM2M2JjN2M0YzAiOnsiY3JlYXRlIjo2MDAwMDAwMDAwMDAsImRlbGV0ZSI6MTIwMDAwMDAwMDAwMCwicmVhZCI6OTAwMDAwMDAwMDAwLCJ1cGRhdGUiOjYwMDAwMDAwMDAwMH0sInNjaGVtYV92ZXJzaW9uIjoiMSJ9",
          "dependencies": [
            "aws_key_pair.key_pair",
            "aws_security_group.sg_backend_2",
            "aws_security_group.sg_frontend",
            "aws_subnet.subred_back2",
            "aws_vpc.vpc_principal",
            "tls_private_key.clave_ssh"
          ]
        }
      ]
    },
    {
      "mode": "managed",
      "type": "aws_instance",
      "name": "ec2_backend_ventas",
      "provider": "provider[\"registry.terraform.io/hashicorp/aws\"]",
      "instances": [
        {
          "schema_version": 1,
          "attributes": {
            "ami": "ami-00e801948462f718a",
            "arn": "arn:aws:ec2:us-east-1:572392556337:instance/i-0dd5a3cf90dd2a278",
            "associate_public_ip_address": false,
            "availability_zone": "us-east-1a",
            "capacity_reservation_specification": [
              {
                "capacity_reservation_preference": "open",
                "capacity_reservation_target": []
              }
            ],
            "cpu_core_count": 1,
            "cpu_options": [
              {
                "amd_sev_snp": "",
                "core_count": 1,
                "threads_per_core": 2
              }
            ],
            "cpu_threads_per_core": 2,
            "credit_specification": [
              {
                "cpu_credits": "unlimited"
              }
            ],
            "disable_api_stop": false,
            "disable_api_termination": false,
            "ebs_block_device": [],
            "ebs_optimized": false,
            "enable_primary_ipv6": null,
            "enclave_options": [
              {
                "enabled": false
              }
            ],
            "ephemeral_block_device": [],
            "get_password_data": false,
            "hibernation": false,
            "host_id": "",
            "host_resource_group_arn": null,
            "iam_instance_profile": "",
            "id": "i-0dd5a3cf90dd2a278",
            "instance_initiated_shutdown_behavior": "stop",
            "instance_lifecycle": "",
            "instance_market_options": [],
            "instance_state": "running",
            "instance_type": "t3.micro",
            "ipv6_address_count": 0,
            "ipv6_addresses": [],
            "key_name": "clave-proyecto-4-capas",
            "launch_template": [],
            "maintenance_options": [
              {
                "auto_recovery": "default"
              }
            ],
            "metadata_options": [
              {
                "http_endpoint": "enabled",
                "http_protocol_ipv6": "disabled",
                "http_put_response_hop_limit": 2,
                "http_tokens": "required",
                "instance_metadata_tags": "disabled"
              }
            ],
            "monitoring": false,
            "network_interface": [],
            "outpost_arn": "",
            "password_data": "",
            "placement_group": "",
            "placement_partition_number": 0,
            "primary_network_interface_id": "eni-080548e885f9d3751",
            "private_dns": "ip-10-0-2-240.ec2.internal",
            "private_dns_name_options": [
              {
                "enable_resource_name_dns_a_record": false,
                "enable_resource_name_dns_aaaa_record": false,
                "hostname_type": "ip-name"
              }
            ],
            "private_ip": "10.0.2.240",
            "public_dns": "",
            "public_ip": "",
            "root_block_device": [
              {
                "delete_on_termination": true,
                "device_name": "/dev/xvda",
                "encrypted": false,
                "iops": 3000,
                "kms_key_id": "",
                "tags": {},
                "tags_all": {},
                "throughput": 125,
                "volume_id": "vol-03ee3a5734d3cefc1",
                "volume_size": 8,
                "volume_type": "gp3"
              }
            ],
            "secondary_private_ips": [],
            "security_groups": [],
            "source_dest_check": true,
            "spot_instance_request_id": "",
            "subnet_id": "subnet-05c0527545e4c0d12",
            "tags": {
              "Name": "ec2-backend-1"
            },
            "tags_all": {
              "Name": "ec2-backend-1"
            },
            "tenancy": "default",
            "timeouts": null,
            "user_data": "beaa7c16158e6b8cbcf186625a9f84d9347a8b76",
            "user_data_base64": null,
            "user_data_replace_on_change": false,
            "volume_tags": null,
            "vpc_security_group_ids": [
              "sg-0514098e7380ee090"
            ]
          },
          "sensitive_attributes": [],
          "identity_schema_version": 0,
          "private": "eyJlMmJmYjczMC1lY2FhLTExZTYtOGY4OC0zNDM2M2JjN2M0YzAiOnsiY3JlYXRlIjo2MDAwMDAwMDAwMDAsImRlbGV0ZSI6MTIwMDAwMDAwMDAwMCwicmVhZCI6OTAwMDAwMDAwMDAwLCJ1cGRhdGUiOjYwMDAwMDAwMDAwMH0sInNjaGVtYV92ZXJzaW9uIjoiMSJ9",
          "dependencies": [
            "aws_key_pair.key_pair",
            "aws_security_group.sg_backend_1",
            "aws_security_group.sg_frontend",
            "aws_subnet.subred_back1",
            "aws_vpc.vpc_principal",
            "tls_private_key.clave_ssh"
          ]
        }
      ]
    },
    {
      "mode": "managed",
      "type": "aws_instance",
      "name": "ec2_datos",
      "provider": "provider[\"registry.terraform.io/hashicorp/aws\"]",
      "instances": [
        {
          "schema_version": 1,
          "attributes": {
            "ami": "ami-00e801948462f718a",
            "arn": "arn:aws:ec2:us-east-1:572392556337:instance/i-0fc0f1288198c3fb6",
            "associate_public_ip_address": false,
            "availability_zone": "us-east-1a",
            "capacity_reservation_specification": [
              {
                "capacity_reservation_preference": "open",
                "capacity_reservation_target": []
              }
            ],
            "cpu_core_count": 1,
            "cpu_options": [
              {
                "amd_sev_snp": "",
                "core_count": 1,
                "threads_per_core": 2
              }
            ],
            "cpu_threads_per_core": 2,
            "credit_specification": [
              {
                "cpu_credits": "unlimited"
              }
            ],
            "disable_api_stop": false,
            "disable_api_termination": false,
            "ebs_block_device": [],
            "ebs_optimized": false,
            "enable_primary_ipv6": null,
            "enclave_options": [
              {
                "enabled": false
              }
            ],
            "ephemeral_block_device": [],
            "get_password_data": false,
            "hibernation": false,
            "host_id": "",
            "host_resource_group_arn": null,
            "iam_instance_profile": "",
            "id": "i-0fc0f1288198c3fb6",
            "instance_initiated_shutdown_behavior": "stop",
            "instance_lifecycle": "",
            "instance_market_options": [],
            "instance_state": "running",
            "instance_type": "t3.micro",
            "ipv6_address_count": 0,
            "ipv6_addresses": [],
            "key_name": "clave-proyecto-4-capas",
            "launch_template": [],
            "maintenance_options": [
              {
                "auto_recovery": "default"
              }
            ],
            "metadata_options": [
              {
                "http_endpoint": "enabled",
                "http_protocol_ipv6": "disabled",
                "http_put_response_hop_limit": 2,
                "http_tokens": "required",
                "instance_metadata_tags": "disabled"
              }
            ],
            "monitoring": false,
            "network_interface": [],
            "outpost_arn": "",
            "password_data": "",
            "placement_group": "",
            "placement_partition_number": 0,
            "primary_network_interface_id": "eni-0fdb052ba9ea177dd",
            "private_dns": "ip-10-0-4-113.ec2.internal",
            "private_dns_name_options": [
              {
                "enable_resource_name_dns_a_record": false,
                "enable_resource_name_dns_aaaa_record": false,
                "hostname_type": "ip-name"
              }
            ],
            "private_ip": "10.0.4.113",
            "public_dns": "",
            "public_ip": "",
            "root_block_device": [
              {
                "delete_on_termination": true,
                "device_name": "/dev/xvda",
                "encrypted": false,
                "iops": 3000,
                "kms_key_id": "",
                "tags": {},
                "tags_all": {},
                "throughput": 125,
                "volume_id": "vol-0dee8dfdb7b6b65ee",
                "volume_size": 8,
                "volume_type": "gp3"
              }
            ],
            "secondary_private_ips": [],
            "security_groups": [],
            "source_dest_check": true,
            "spot_instance_request_id": "",
            "subnet_id": "subnet-0bbb86102266d9f96",
            "tags": {
              "Name": "ec2-base-datos"
            },
            "tags_all": {
              "Name": "ec2-base-datos"
            },
            "tenancy": "default",
            "timeouts": null,
            "user_data": "beaa7c16158e6b8cbcf186625a9f84d9347a8b76",
            "user_data_base64": null,
            "user_data_replace_on_change": false,
            "volume_tags": null,
            "vpc_security_group_ids": [
              "sg-003aeb3efd59956bb"
            ]
          },
          "sensitive_attributes": [],
          "identity_schema_version": 0,
          "private": "eyJlMmJmYjczMC1lY2FhLTExZTYtOGY4OC0zNDM2M2JjN2M0YzAiOnsiY3JlYXRlIjo2MDAwMDAwMDAwMDAsImRlbGV0ZSI6MTIwMDAwMDAwMDAwMCwicmVhZCI6OTAwMDAwMDAwMDAwLCJ1cGRhdGUiOjYwMDAwMDAwMDAwMH0sInNjaGVtYV92ZXJzaW9uIjoiMSJ9",
          "dependencies": [
            "aws_key_pair.key_pair",
            "aws_security_group.sg_backend_1",
            "aws_security_group.sg_backend_2",
            "aws_security_group.sg_datos",
            "aws_security_group.sg_frontend",
            "aws_subnet.subred_datos",
            "aws_vpc.vpc_principal",
            "tls_private_key.clave_ssh"
          ]
        }
      ]
    },
    {
      "mode": "managed",
      "type": "aws_instance",
      "name": "ec2_frontend",
      "provider": "provider[\"registry.terraform.io/hashicorp/aws\"]",
      "instances": [
        {
          "schema_version": 1,
          "attributes": {
            "ami": "ami-00e801948462f718a",
            "arn": "arn:aws:ec2:us-east-1:572392556337:instance/i-0f468d8255ea6d874",
            "associate_public_ip_address": true,
            "availability_zone": "us-east-1a",
            "capacity_reservation_specification": [
              {
                "capacity_reservation_preference": "open",
                "capacity_reservation_target": []
              }
            ],
            "cpu_core_count": 1,
            "cpu_options": [
              {
                "amd_sev_snp": "",
                "core_count": 1,
                "threads_per_core": 2
              }
            ],
            "cpu_threads_per_core": 2,
            "credit_specification": [
              {
                "cpu_credits": "unlimited"
              }
            ],
            "disable_api_stop": false,
            "disable_api_termination": false,
            "ebs_block_device": [],
            "ebs_optimized": false,
            "enable_primary_ipv6": null,
            "enclave_options": [
              {
                "enabled": false
              }
            ],
            "ephemeral_block_device": [],
            "get_password_data": false,
            "hibernation": false,
            "host_id": "",
            "host_resource_group_arn": null,
            "iam_instance_profile": "",
            "id": "i-0f468d8255ea6d874",
            "instance_initiated_shutdown_behavior": "stop",
            "instance_lifecycle": "",
            "instance_market_options": [],
            "instance_state": "running",
            "instance_type": "t3.micro",
            "ipv6_address_count": 0,
            "ipv6_addresses": [],
            "key_name": "clave-proyecto-4-capas",
            "launch_template": [],
            "maintenance_options": [
              {
                "auto_recovery": "default"
              }
            ],
            "metadata_options": [
              {
                "http_endpoint": "enabled",
                "http_protocol_ipv6": "disabled",
                "http_put_response_hop_limit": 2,
                "http_tokens": "required",
                "instance_metadata_tags": "disabled"
              }
            ],
            "monitoring": false,
            "network_interface": [],
            "outpost_arn": "",
            "password_data": "",
            "placement_group": "",
            "placement_partition_number": 0,
            "primary_network_interface_id": "eni-0f696b921064c8feb",
            "private_dns": "ip-10-0-1-42.ec2.internal",
            "private_dns_name_options": [
              {
                "enable_resource_name_dns_a_record": false,
                "enable_resource_name_dns_aaaa_record": false,
                "hostname_type": "ip-name"
              }
            ],
            "private_ip": "10.0.1.42",
            "public_dns": "ec2-34-201-106-116.compute-1.amazonaws.com",
            "public_ip": "34.201.106.116",
            "root_block_device": [
              {
                "delete_on_termination": true,
                "device_name": "/dev/xvda",
                "encrypted": false,
                "iops": 3000,
                "kms_key_id": "",
                "tags": {},
                "tags_all": {},
                "throughput": 125,
                "volume_id": "vol-02b53885fafb4772c",
                "volume_size": 8,
                "volume_type": "gp3"
              }
            ],
            "secondary_private_ips": [],
            "security_groups": [],
            "source_dest_check": true,
            "spot_instance_request_id": "",
            "subnet_id": "subnet-011b2faaf93be99a1",
            "tags": {
              "Name": "ec2-frontend"
            },
            "tags_all": {
              "Name": "ec2-frontend"
            },
            "tenancy": "default",
            "timeouts": null,
            "user_data": "beaa7c16158e6b8cbcf186625a9f84d9347a8b76",
            "user_data_base64": null,
            "user_data_replace_on_change": false,
            "volume_tags": null,
            "vpc_security_group_ids": [
              "sg-0de23f9c539331406"
            ]
          },
          "sensitive_attributes": [],
          "identity_schema_version": 0,
          "private": "eyJlMmJmYjczMC1lY2FhLTExZTYtOGY4OC0zNDM2M2JjN2M0YzAiOnsiY3JlYXRlIjo2MDAwMDAwMDAwMDAsImRlbGV0ZSI6MTIwMDAwMDAwMDAwMCwicmVhZCI6OTAwMDAwMDAwMDAwLCJ1cGRhdGUiOjYwMDAwMDAwMDAwMH0sInNjaGVtYV92ZXJzaW9uIjoiMSJ9",
          "dependencies": [
            "aws_key_pair.key_pair",
            "aws_security_group.sg_frontend",
            "aws_subnet.subred_front",
            "aws_vpc.vpc_principal",
            "tls_private_key.clave_ssh"
          ]
        }
      ]
    },
    {
      "mode": "managed",
      "type": "aws_internet_gateway",
      "name": "igw",
      "provider": "provider[\"registry.terraform.io/hashicorp/aws\"]",
      "instances": [
        {
          "schema_version": 0,
          "attributes": {
            "arn": "arn:aws:ec2:us-east-1:572392556337:internet-gateway/igw-0e6aa1784246b4b74",
            "id": "igw-0e6aa1784246b4b74",
            "owner_id": "572392556337",
            "tags": {
              "Name": "igw-principal"
            },
            "tags_all": {
              "Name": "igw-principal"
            },
            "timeouts": null,
            "vpc_id": "vpc-05791ca378ccdaf4f"
          },
          "sensitive_attributes": [],
          "identity_schema_version": 0,
          "private": "eyJlMmJmYjczMC1lY2FhLTExZTYtOGY4OC0zNDM2M2JjN2M0YzAiOnsiY3JlYXRlIjoxMjAwMDAwMDAwMDAwLCJkZWxldGUiOjEyMDAwMDAwMDAwMDAsInVwZGF0ZSI6MTIwMDAwMDAwMDAwMH19",
          "dependencies": [
            "aws_vpc.vpc_principal"
          ]
        }
      ]
    },
    {
      "mode": "managed",
      "type": "aws_key_pair",
      "name": "key_pair",
      "provider": "provider[\"registry.terraform.io/hashicorp/aws\"]",
      "instances": [
        {
          "schema_version": 1,
          "attributes": {
            "arn": "arn:aws:ec2:us-east-1:572392556337:key-pair/clave-proyecto-4-capas",
            "fingerprint": "6c:1e:34:41:c9:08:37:0e:c5:79:d4:a1:45:5c:2d:0a",
            "id": "clave-proyecto-4-capas",
            "key_name": "clave-proyecto-4-capas",
            "key_name_prefix": "",
            "key_pair_id": "key-083b170714f914774",
            "key_type": "rsa",
            "public_key": "ssh-rsa AAAAB3NzaC1yc2EAAAADAQABAAACAQC6h9BCm0r4QDNxXYWc20C7m8A/atiQENAIiSe/+OLtlY7kFpGzaxt/wyHGMomxJxCh8GIVzzK5Er6Z3K3ByMU4y0n+1p+Fqi2uwR1QXu1ZrpZF+j/iQu2DvJ087QUzEMDHkwazqXlaIb9JeN3Xty5zfDLs10mvCJIZxi7GTqpqxSH8n0SqEw3MdfmTyYBKyHsaN6Z4ZMIS5A/LTLissgVaDt3jURQfvVpGXLudO13n5z8Vm1fxnccI9P/X4h//XrQfetmZVBxGADxSv2iQZ5coEneHfyKkkfWN/dxhbkUq56dMwKkKYbEi9eC1GVgTyiAT/3U93iSc88dTCfIGLgNKyyMclDsRQOujo2q0I8ddP2GRBE+7oTWSux/5NPY3FkjIVHSq1Pr8ZCYQiN5UOHUp6XclHT06+RALJcoJadFohiymrcDoMstmXalQT4vsS1RjQ3L9m1lFyzUkrPqSW3QxoLypnOaGX4O/gbsnGD+6GvH9/74+ALI9gzapDuJYKtFVbeqw8KSfp6XnHensNgqEtd4oYLoRbf1Os8xEx5Of4RGZO4hvv+iT8ZQYcjHCHWjYY4aNCH1dwO+UBBtV3SI8OghQJXvwH+ujdgDUq9fN4v5uf7IA25OI2KSpv2AnhKczqmV8uDkaMeF/vsCnLt+/hSxhA69iyC2n4YGtpSRWYw==",
            "tags": null,
            "tags_all": {}
          },
          "sensitive_attributes": [],
          "identity_schema_version": 0,
          "private": "eyJzY2hlbWFfdmVyc2lvbiI6IjEifQ==",
          "dependencies": [
            "tls_private_key.clave_ssh"
          ]
        }
      ]
    },
    {
      "mode": "managed",
      "type": "aws_nat_gateway",
      "name": "nat_gw",
      "provider": "provider[\"registry.terraform.io/hashicorp/aws\"]",
      "instances": [
        {
          "schema_version": 0,
          "attributes": {
            "allocation_id": "eipalloc-094a165a1fda4153e",
            "association_id": "eipassoc-0f8d34981c19ec3f3",
            "connectivity_type": "public",
            "id": "nat-0fefbdbb2b4c7881f",
            "network_interface_id": "eni-07f88551c56a236cc",
            "private_ip": "10.0.1.203",
            "public_ip": "100.30.248.190",
            "secondary_allocation_ids": null,
            "secondary_private_ip_address_count": 0,
            "secondary_private_ip_addresses": [],
            "subnet_id": "subnet-011b2faaf93be99a1",
            "tags": {
              "Name": "nat-gateway"
            },
            "tags_all": {
              "Name": "nat-gateway"
            },
            "timeouts": null
          },
          "sensitive_attributes": [],
          "identity_schema_version": 0,
          "private": "eyJlMmJmYjczMC1lY2FhLTExZTYtOGY4OC0zNDM2M2JjN2M0YzAiOnsiY3JlYXRlIjo2MDAwMDAwMDAwMDAsImRlbGV0ZSI6MTgwMDAwMDAwMDAwMCwidXBkYXRlIjo2MDAwMDAwMDAwMDB9fQ==",
          "dependencies": [
            "aws_eip.eip_nat",
            "aws_internet_gateway.igw",
            "aws_subnet.subred_front",
            "aws_vpc.vpc_principal"
          ]
        }
      ]
    },
    {
      "mode": "managed",
      "type": "aws_route_table",
      "name": "rt_privada",
      "provider": "provider[\"registry.terraform.io/hashicorp/aws\"]",
      "instances": [
        {
          "schema_version": 0,
          "attributes": {
            "arn": "arn:aws:ec2:us-east-1:572392556337:route-table/rtb-0b6cedf190096e0b4",
            "id": "rtb-0b6cedf190096e0b4",
            "owner_id": "572392556337",
            "propagating_vgws": [],
            "route": [
              {
                "carrier_gateway_id": "",
                "cidr_block": "0.0.0.0/0",
                "core_network_arn": "",
                "destination_prefix_list_id": "",
                "egress_only_gateway_id": "",
                "gateway_id": "",
                "ipv6_cidr_block": "",
                "local_gateway_id": "",
                "nat_gateway_id": "nat-0fefbdbb2b4c7881f",
                "network_interface_id": "",
                "transit_gateway_id": "",
                "vpc_endpoint_id": "",
                "vpc_peering_connection_id": ""
              }
            ],
            "tags": {
              "Name": "rt-privada"
            },
            "tags_all": {
              "Name": "rt-privada"
            },
            "timeouts": null,
            "vpc_id": "vpc-05791ca378ccdaf4f"
          },
          "sensitive_attributes": [],
          "identity_schema_version": 0,
          "private": "eyJlMmJmYjczMC1lY2FhLTExZTYtOGY4OC0zNDM2M2JjN2M0YzAiOnsiY3JlYXRlIjozMDAwMDAwMDAwMDAsImRlbGV0ZSI6MzAwMDAwMDAwMDAwLCJ1cGRhdGUiOjEyMDAwMDAwMDAwMH19",
          "dependencies": [
            "aws_eip.eip_nat",
            "aws_internet_gateway.igw",
            "aws_nat_gateway.nat_gw",
            "aws_subnet.subred_front",
            "aws_vpc.vpc_principal"
          ]
        }
      ]
    },
    {
      "mode": "managed",
      "type": "aws_route_table",
      "name": "rt_publica",
      "provider": "provider[\"registry.terraform.io/hashicorp/aws\"]",
      "instances": [
        {
          "schema_version": 0,
          "attributes": {
            "arn": "arn:aws:ec2:us-east-1:572392556337:route-table/rtb-061a4d6ab3b5df8b0",
            "id": "rtb-061a4d6ab3b5df8b0",
            "owner_id": "572392556337",
            "propagating_vgws": [],
            "route": [
              {
                "carrier_gateway_id": "",
                "cidr_block": "0.0.0.0/0",
                "core_network_arn": "",
                "destination_prefix_list_id": "",
                "egress_only_gateway_id": "",
                "gateway_id": "igw-0e6aa1784246b4b74",
                "ipv6_cidr_block": "",
                "local_gateway_id": "",
                "nat_gateway_id": "",
                "network_interface_id": "",
                "transit_gateway_id": "",
                "vpc_endpoint_id": "",
                "vpc_peering_connection_id": ""
              }
            ],
            "tags": {
              "Name": "rt-publica"
            },
            "tags_all": {
              "Name": "rt-publica"
            },
            "timeouts": null,
            "vpc_id": "vpc-05791ca378ccdaf4f"
          },
          "sensitive_attributes": [],
          "identity_schema_version": 0,
          "private": "eyJlMmJmYjczMC1lY2FhLTExZTYtOGY4OC0zNDM2M2JjN2M0YzAiOnsiY3JlYXRlIjozMDAwMDAwMDAwMDAsImRlbGV0ZSI6MzAwMDAwMDAwMDAwLCJ1cGRhdGUiOjEyMDAwMDAwMDAwMH19",
          "dependencies": [
            "aws_internet_gateway.igw",
            "aws_vpc.vpc_principal"
          ]
        }
      ]
    },
    {
      "mode": "managed",
      "type": "aws_route_table_association",
      "name": "asoc_back1",
      "provider": "provider[\"registry.terraform.io/hashicorp/aws\"]",
      "instances": [
        {
          "schema_version": 0,
          "attributes": {
            "gateway_id": "",
            "id": "rtbassoc-00e7ee0862f5f5d81",
            "route_table_id": "rtb-0b6cedf190096e0b4",
            "subnet_id": "subnet-05c0527545e4c0d12",
            "timeouts": null
          },
          "sensitive_attributes": [],
          "identity_schema_version": 0,
          "private": "eyJlMmJmYjczMC1lY2FhLTExZTYtOGY4OC0zNDM2M2JjN2M0YzAiOnsiY3JlYXRlIjozMDAwMDAwMDAwMDAsImRlbGV0ZSI6MzAwMDAwMDAwMDAwLCJ1cGRhdGUiOjEyMDAwMDAwMDAwMH19",
          "dependencies": [
            "aws_eip.eip_nat",
            "aws_internet_gateway.igw",
            "aws_nat_gateway.nat_gw",
            "aws_route_table.rt_privada",
            "aws_subnet.subred_back1",
            "aws_subnet.subred_front",
            "aws_vpc.vpc_principal"
          ]
        }
      ]
    },
    {
      "mode": "managed",
      "type": "aws_route_table_association",
      "name": "asoc_back2",
      "provider": "provider[\"registry.terraform.io/hashicorp/aws\"]",
      "instances": [
        {
          "schema_version": 0,
          "attributes": {
            "gateway_id": "",
            "id": "rtbassoc-03628012b1c2d2ab3",
            "route_table_id": "rtb-0b6cedf190096e0b4",
            "subnet_id": "subnet-00a429b59cc6aee57",
            "timeouts": null
          },
          "sensitive_attributes": [],
          "identity_schema_version": 0,
          "private": "eyJlMmJmYjczMC1lY2FhLTExZTYtOGY4OC0zNDM2M2JjN2M0YzAiOnsiY3JlYXRlIjozMDAwMDAwMDAwMDAsImRlbGV0ZSI6MzAwMDAwMDAwMDAwLCJ1cGRhdGUiOjEyMDAwMDAwMDAwMH19",
          "dependencies": [
            "aws_eip.eip_nat",
            "aws_internet_gateway.igw",
            "aws_nat_gateway.nat_gw",
            "aws_route_table.rt_privada",
            "aws_subnet.subred_back2",
            "aws_subnet.subred_front",
            "aws_vpc.vpc_principal"
          ]
        }
      ]
    },
    {
      "mode": "managed",
      "type": "aws_route_table_association",
      "name": "asoc_datos",
      "provider": "provider[\"registry.terraform.io/hashicorp/aws\"]",
      "instances": [
        {
          "schema_version": 0,
          "attributes": {
            "gateway_id": "",
            "id": "rtbassoc-005a8a280dd819db1",
            "route_table_id": "rtb-0b6cedf190096e0b4",
            "subnet_id": "subnet-0bbb86102266d9f96",
            "timeouts": null
          },
          "sensitive_attributes": [],
          "identity_schema_version": 0,
          "private": "eyJlMmJmYjczMC1lY2FhLTExZTYtOGY4OC0zNDM2M2JjN2M0YzAiOnsiY3JlYXRlIjozMDAwMDAwMDAwMDAsImRlbGV0ZSI6MzAwMDAwMDAwMDAwLCJ1cGRhdGUiOjEyMDAwMDAwMDAwMH19",
          "dependencies": [
            "aws_eip.eip_nat",
            "aws_internet_gateway.igw",
            "aws_nat_gateway.nat_gw",
            "aws_route_table.rt_privada",
            "aws_subnet.subred_datos",
            "aws_subnet.subred_front",
            "aws_vpc.vpc_principal"
          ]
        }
      ]
    },
    {
      "mode": "managed",
      "type": "aws_route_table_association",
      "name": "asoc_front",
      "provider": "provider[\"registry.terraform.io/hashicorp/aws\"]",
      "instances": [
        {
          "schema_version": 0,
          "attributes": {
            "gateway_id": "",
            "id": "rtbassoc-03761b8131d7fc0a3",
            "route_table_id": "rtb-061a4d6ab3b5df8b0",
            "subnet_id": "subnet-011b2faaf93be99a1",
            "timeouts": null
          },
          "sensitive_attributes": [],
          "identity_schema_version": 0,
          "private": "eyJlMmJmYjczMC1lY2FhLTExZTYtOGY4OC0zNDM2M2JjN2M0YzAiOnsiY3JlYXRlIjozMDAwMDAwMDAwMDAsImRlbGV0ZSI6MzAwMDAwMDAwMDAwLCJ1cGRhdGUiOjEyMDAwMDAwMDAwMH19",
          "dependencies": [
            "aws_internet_gateway.igw",
            "aws_route_table.rt_publica",
            "aws_subnet.subred_front",
            "aws_vpc.vpc_principal"
          ]
        }
      ]
    },
    {
      "mode": "managed",
      "type": "aws_security_group",
      "name": "sg_backend_1",
      "provider": "provider[\"registry.terraform.io/hashicorp/aws\"]",
      "instances": [
        {
          "schema_version": 1,
          "attributes": {
            "arn": "arn:aws:ec2:us-east-1:572392556337:security-group/sg-0514098e7380ee090",
            "description": "Acceso exclusivo para el Backend 1",
            "egress": [
              {
                "cidr_blocks": [
                  "0.0.0.0/0"
                ],
                "description": "",
                "from_port": 0,
                "ipv6_cidr_blocks": [],
                "prefix_list_ids": [],
                "protocol": "-1",
                "security_groups": [],
                "self": false,
                "to_port": 0
              }
            ],
            "id": "sg-0514098e7380ee090",
            "ingress": [
              {
                "cidr_blocks": [
                  "10.0.0.0/16"
                ],
                "description": "SSH interno",
                "from_port": 22,
                "ipv6_cidr_blocks": [],
                "prefix_list_ids": [],
                "protocol": "tcp",
                "security_groups": [],
                "self": false,
                "to_port": 22
              },
              {
                "cidr_blocks": [],
                "description": "API Ventas desde el Frontend",
                "from_port": 8080,
                "ipv6_cidr_blocks": [],
                "prefix_list_ids": [],
                "protocol": "tcp",
                "security_groups": [
                  "sg-0de23f9c539331406"
                ],
                "self": false,
                "to_port": 8080
              }
            ],
            "name": "sg_backend_1",
            "name_prefix": "",
            "owner_id": "572392556337",
            "revoke_rules_on_delete": false,
            "tags": null,
            "tags_all": {},
            "timeouts": null,
            "vpc_id": "vpc-05791ca378ccdaf4f"
          },
          "sensitive_attributes": [],
          "identity_schema_version": 0,
          "private": "eyJlMmJmYjczMC1lY2FhLTExZTYtOGY4OC0zNDM2M2JjN2M0YzAiOnsiY3JlYXRlIjo2MDAwMDAwMDAwMDAsImRlbGV0ZSI6OTAwMDAwMDAwMDAwfSwic2NoZW1hX3ZlcnNpb24iOiIxIn0=",
          "dependencies": [
            "aws_security_group.sg_frontend",
            "aws_vpc.vpc_principal"
          ]
        }
      ]
    },
    {
      "mode": "managed",
      "type": "aws_security_group",
      "name": "sg_backend_2",
      "provider": "provider[\"registry.terraform.io/hashicorp/aws\"]",
      "instances": [
        {
          "schema_version": 1,
          "attributes": {
            "arn": "arn:aws:ec2:us-east-1:572392556337:security-group/sg-0b13c330aa9f20039",
            "description": "Acceso exclusivo para el Backend 2",
            "egress": [
              {
                "cidr_blocks": [
                  "0.0.0.0/0"
                ],
                "description": "",
                "from_port": 0,
                "ipv6_cidr_blocks": [],
                "prefix_list_ids": [],
                "protocol": "-1",
                "security_groups": [],
                "self": false,
                "to_port": 0
              }
            ],
            "id": "sg-0b13c330aa9f20039",
            "ingress": [
              {
                "cidr_blocks": [
                  "10.0.0.0/16"
                ],
                "description": "SSH interno",
                "from_port": 22,
                "ipv6_cidr_blocks": [],
                "prefix_list_ids": [],
                "protocol": "tcp",
                "security_groups": [],
                "self": false,
                "to_port": 22
              },
              {
                "cidr_blocks": [],
                "description": "API Despachos desde el Frontend",
                "from_port": 8080,
                "ipv6_cidr_blocks": [],
                "prefix_list_ids": [],
                "protocol": "tcp",
                "security_groups": [
                  "sg-0de23f9c539331406"
                ],
                "self": false,
                "to_port": 8080
              }
            ],
            "name": "sg_backend_2",
            "name_prefix": "",
            "owner_id": "572392556337",
            "revoke_rules_on_delete": false,
            "tags": null,
            "tags_all": {},
            "timeouts": null,
            "vpc_id": "vpc-05791ca378ccdaf4f"
          },
          "sensitive_attributes": [],
          "identity_schema_version": 0,
          "private": "eyJlMmJmYjczMC1lY2FhLTExZTYtOGY4OC0zNDM2M2JjN2M0YzAiOnsiY3JlYXRlIjo2MDAwMDAwMDAwMDAsImRlbGV0ZSI6OTAwMDAwMDAwMDAwfSwic2NoZW1hX3ZlcnNpb24iOiIxIn0=",
          "dependencies": [
            "aws_security_group.sg_frontend",
            "aws_vpc.vpc_principal"
          ]
        }
      ]
    },
    {
      "mode": "managed",
      "type": "aws_security_group",
      "name": "sg_datos",
      "provider": "provider[\"registry.terraform.io/hashicorp/aws\"]",
      "instances": [
        {
          "schema_version": 1,
          "attributes": {
            "arn": "arn:aws:ec2:us-east-1:572392556337:security-group/sg-003aeb3efd59956bb",
            "description": "Acceso exclusivo desde los Backends",
            "egress": [
              {
                "cidr_blocks": [
                  "0.0.0.0/0"
                ],
                "description": "",
                "from_port": 0,
                "ipv6_cidr_blocks": [],
                "prefix_list_ids": [],
                "protocol": "-1",
                "security_groups": [],
                "self": false,
                "to_port": 0
              }
            ],
            "id": "sg-003aeb3efd59956bb",
            "ingress": [
              {
                "cidr_blocks": [
                  "10.0.0.0/16"
                ],
                "description": "SSH interno",
                "from_port": 22,
                "ipv6_cidr_blocks": [],
                "prefix_list_ids": [],
                "protocol": "tcp",
                "security_groups": [],
                "self": false,
                "to_port": 22
              },
              {
                "cidr_blocks": [],
                "description": "DB desde Backend 1",
                "from_port": 3306,
                "ipv6_cidr_blocks": [],
                "prefix_list_ids": [],
                "protocol": "tcp",
                "security_groups": [
                  "sg-0514098e7380ee090"
                ],
                "self": false,
                "to_port": 3306
              },
              {
                "cidr_blocks": [],
                "description": "DB desde Backend 2",
                "from_port": 3306,
                "ipv6_cidr_blocks": [],
                "prefix_list_ids": [],
                "protocol": "tcp",
                "security_groups": [
                  "sg-0b13c330aa9f20039"
                ],
                "self": false,
                "to_port": 3306
              }
            ],
            "name": "sg_datos",
            "name_prefix": "",
            "owner_id": "572392556337",
            "revoke_rules_on_delete": false,
            "tags": null,
            "tags_all": {},
            "timeouts": null,
            "vpc_id": "vpc-05791ca378ccdaf4f"
          },
          "sensitive_attributes": [],
          "identity_schema_version": 0,
          "private": "eyJlMmJmYjczMC1lY2FhLTExZTYtOGY4OC0zNDM2M2JjN2M0YzAiOnsiY3JlYXRlIjo2MDAwMDAwMDAwMDAsImRlbGV0ZSI6OTAwMDAwMDAwMDAwfSwic2NoZW1hX3ZlcnNpb24iOiIxIn0=",
          "dependencies": [
            "aws_security_group.sg_backend_1",
            "aws_security_group.sg_backend_2",
            "aws_security_group.sg_frontend",
            "aws_vpc.vpc_principal"
          ]
        }
      ]
    },
    {
      "mode": "managed",
      "type": "aws_security_group",
      "name": "sg_frontend",
      "provider": "provider[\"registry.terraform.io/hashicorp/aws\"]",
      "instances": [
        {
          "schema_version": 1,
          "attributes": {
            "arn": "arn:aws:ec2:us-east-1:572392556337:security-group/sg-0de23f9c539331406",
            "description": "Acceso para el Frontend desde Internet",
            "egress": [
              {
                "cidr_blocks": [
                  "0.0.0.0/0"
                ],
                "description": "",
                "from_port": 0,
                "ipv6_cidr_blocks": [],
                "prefix_list_ids": [],
                "protocol": "-1",
                "security_groups": [],
                "self": false,
                "to_port": 0
              }
            ],
            "id": "sg-0de23f9c539331406",
            "ingress": [
              {
                "cidr_blocks": [
                  "0.0.0.0/0"
                ],
                "description": "HTTP desde Internet",
                "from_port": 80,
                "ipv6_cidr_blocks": [],
                "prefix_list_ids": [],
                "protocol": "tcp",
                "security_groups": [],
                "self": false,
                "to_port": 80
              },
              {
                "cidr_blocks": [
                  "0.0.0.0/0"
                ],
                "description": "HTTPS desde Internet",
                "from_port": 443,
                "ipv6_cidr_blocks": [],
                "prefix_list_ids": [],
                "protocol": "tcp",
                "security_groups": [],
                "self": false,
                "to_port": 443
              },
              {
                "cidr_blocks": [
                  "0.0.0.0/0"
                ],
                "description": "SSH",
                "from_port": 22,
                "ipv6_cidr_blocks": [],
                "prefix_list_ids": [],
                "protocol": "tcp",
                "security_groups": [],
                "self": false,
                "to_port": 22
              }
            ],
            "name": "sg_frontend",
            "name_prefix": "",
            "owner_id": "572392556337",
            "revoke_rules_on_delete": false,
            "tags": null,
            "tags_all": {},
            "timeouts": null,
            "vpc_id": "vpc-05791ca378ccdaf4f"
          },
          "sensitive_attributes": [],
          "identity_schema_version": 0,
          "private": "eyJlMmJmYjczMC1lY2FhLTExZTYtOGY4OC0zNDM2M2JjN2M0YzAiOnsiY3JlYXRlIjo2MDAwMDAwMDAwMDAsImRlbGV0ZSI6OTAwMDAwMDAwMDAwfSwic2NoZW1hX3ZlcnNpb24iOiIxIn0=",
          "dependencies": [
            "aws_vpc.vpc_principal"
          ]
        }
      ]
    },
    {
      "mode": "managed",
      "type": "aws_subnet",
      "name": "subred_back1",
      "provider": "provider[\"registry.terraform.io/hashicorp/aws\"]",
      "instances": [
        {
          "schema_version": 1,
          "attributes": {
            "arn": "arn:aws:ec2:us-east-1:572392556337:subnet/subnet-05c0527545e4c0d12",
            "assign_ipv6_address_on_creation": false,
            "availability_zone": "us-east-1a",
            "availability_zone_id": "use1-az4",
            "cidr_block": "10.0.2.0/24",
            "customer_owned_ipv4_pool": "",
            "enable_dns64": false,
            "enable_lni_at_device_index": 0,
            "enable_resource_name_dns_a_record_on_launch": false,
            "enable_resource_name_dns_aaaa_record_on_launch": false,
            "id": "subnet-05c0527545e4c0d12",
            "ipv6_cidr_block": "",
            "ipv6_cidr_block_association_id": "",
            "ipv6_native": false,
            "map_customer_owned_ip_on_launch": false,
            "map_public_ip_on_launch": false,
            "outpost_arn": "",
            "owner_id": "572392556337",
            "private_dns_hostname_type_on_launch": "ip-name",
            "tags": {
              "Name": "subred-backend1-privada"
            },
            "tags_all": {
              "Name": "subred-backend1-privada"
            },
            "timeouts": null,
            "vpc_id": "vpc-05791ca378ccdaf4f"
          },
          "sensitive_attributes": [],
          "identity_schema_version": 0,
          "private": "eyJlMmJmYjczMC1lY2FhLTExZTYtOGY4OC0zNDM2M2JjN2M0YzAiOnsiY3JlYXRlIjo2MDAwMDAwMDAwMDAsImRlbGV0ZSI6MTIwMDAwMDAwMDAwMH0sInNjaGVtYV92ZXJzaW9uIjoiMSJ9",
          "dependencies": [
            "aws_vpc.vpc_principal"
          ]
        }
      ]
    },
    {
      "mode": "managed",
      "type": "aws_subnet",
      "name": "subred_back2",
      "provider": "provider[\"registry.terraform.io/hashicorp/aws\"]",
      "instances": [
        {
          "schema_version": 1,
          "attributes": {
            "arn": "arn:aws:ec2:us-east-1:572392556337:subnet/subnet-00a429b59cc6aee57",
            "assign_ipv6_address_on_creation": false,
            "availability_zone": "us-east-1a",
            "availability_zone_id": "use1-az4",
            "cidr_block": "10.0.3.0/24",
            "customer_owned_ipv4_pool": "",
            "enable_dns64": false,
            "enable_lni_at_device_index": 0,
            "enable_resource_name_dns_a_record_on_launch": false,
            "enable_resource_name_dns_aaaa_record_on_launch": false,
            "id": "subnet-00a429b59cc6aee57",
            "ipv6_cidr_block": "",
            "ipv6_cidr_block_association_id": "",
            "ipv6_native": false,
            "map_customer_owned_ip_on_launch": false,
            "map_public_ip_on_launch": false,
            "outpost_arn": "",
            "owner_id": "572392556337",
            "private_dns_hostname_type_on_launch": "ip-name",
            "tags": {
              "Name": "subred-backend2-privada"
            },
            "tags_all": {
              "Name": "subred-backend2-privada"
            },
            "timeouts": null,
            "vpc_id": "vpc-05791ca378ccdaf4f"
          },
          "sensitive_attributes": [],
          "identity_schema_version": 0,
          "private": "eyJlMmJmYjczMC1lY2FhLTExZTYtOGY4OC0zNDM2M2JjN2M0YzAiOnsiY3JlYXRlIjo2MDAwMDAwMDAwMDAsImRlbGV0ZSI6MTIwMDAwMDAwMDAwMH0sInNjaGVtYV92ZXJzaW9uIjoiMSJ9",
          "dependencies": [
            "aws_vpc.vpc_principal"
          ]
        }
      ]
    },
    {
      "mode": "managed",
      "type": "aws_subnet",
      "name": "subred_datos",
      "provider": "provider[\"registry.terraform.io/hashicorp/aws\"]",
      "instances": [
        {
          "schema_version": 1,
          "attributes": {
            "arn": "arn:aws:ec2:us-east-1:572392556337:subnet/subnet-0bbb86102266d9f96",
            "assign_ipv6_address_on_creation": false,
            "availability_zone": "us-east-1a",
            "availability_zone_id": "use1-az4",
            "cidr_block": "10.0.4.0/24",
            "customer_owned_ipv4_pool": "",
            "enable_dns64": false,
            "enable_lni_at_device_index": 0,
            "enable_resource_name_dns_a_record_on_launch": false,
            "enable_resource_name_dns_aaaa_record_on_launch": false,
            "id": "subnet-0bbb86102266d9f96",
            "ipv6_cidr_block": "",
            "ipv6_cidr_block_association_id": "",
            "ipv6_native": false,
            "map_customer_owned_ip_on_launch": false,
            "map_public_ip_on_launch": false,
            "outpost_arn": "",
            "owner_id": "572392556337",
            "private_dns_hostname_type_on_launch": "ip-name",
            "tags": {
              "Name": "subred-datos-privada"
            },
            "tags_all": {
              "Name": "subred-datos-privada"
            },
            "timeouts": null,
            "vpc_id": "vpc-05791ca378ccdaf4f"
          },
          "sensitive_attributes": [],
          "identity_schema_version": 0,
          "private": "eyJlMmJmYjczMC1lY2FhLTExZTYtOGY4OC0zNDM2M2JjN2M0YzAiOnsiY3JlYXRlIjo2MDAwMDAwMDAwMDAsImRlbGV0ZSI6MTIwMDAwMDAwMDAwMH0sInNjaGVtYV92ZXJzaW9uIjoiMSJ9",
          "dependencies": [
            "aws_vpc.vpc_principal"
          ]
        }
      ]
    },
    {
      "mode": "managed",
      "type": "aws_subnet",
      "name": "subred_front",
      "provider": "provider[\"registry.terraform.io/hashicorp/aws\"]",
      "instances": [
        {
          "schema_version": 1,
          "attributes": {
            "arn": "arn:aws:ec2:us-east-1:572392556337:subnet/subnet-011b2faaf93be99a1",
            "assign_ipv6_address_on_creation": false,
            "availability_zone": "us-east-1a",
            "availability_zone_id": "use1-az4",
            "cidr_block": "10.0.1.0/24",
            "customer_owned_ipv4_pool": "",
            "enable_dns64": false,
            "enable_lni_at_device_index": 0,
            "enable_resource_name_dns_a_record_on_launch": false,
            "enable_resource_name_dns_aaaa_record_on_launch": false,
            "id": "subnet-011b2faaf93be99a1",
            "ipv6_cidr_block": "",
            "ipv6_cidr_block_association_id": "",
            "ipv6_native": false,
            "map_customer_owned_ip_on_launch": false,
            "map_public_ip_on_launch": true,
            "outpost_arn": "",
            "owner_id": "572392556337",
            "private_dns_hostname_type_on_launch": "ip-name",
            "tags": {
              "Name": "subred-frontend-publica"
            },
            "tags_all": {
              "Name": "subred-frontend-publica"
            },
            "timeouts": null,
            "vpc_id": "vpc-05791ca378ccdaf4f"
          },
          "sensitive_attributes": [],
          "identity_schema_version": 0,
          "private": "eyJlMmJmYjczMC1lY2FhLTExZTYtOGY4OC0zNDM2M2JjN2M0YzAiOnsiY3JlYXRlIjo2MDAwMDAwMDAwMDAsImRlbGV0ZSI6MTIwMDAwMDAwMDAwMH0sInNjaGVtYV92ZXJzaW9uIjoiMSJ9",
          "dependencies": [
            "aws_vpc.vpc_principal"
          ]
        }
      ]
    },
    {
      "mode": "managed",
      "type": "aws_vpc",
      "name": "vpc_principal",
      "provider": "provider[\"registry.terraform.io/hashicorp/aws\"]",
      "instances": [
        {
          "schema_version": 1,
          "attributes": {
            "arn": "arn:aws:ec2:us-east-1:572392556337:vpc/vpc-05791ca378ccdaf4f",
            "assign_generated_ipv6_cidr_block": false,
            "cidr_block": "10.0.0.0/16",
            "default_network_acl_id": "acl-06b7ed2321a1f283f",
            "default_route_table_id": "rtb-021e5ba172d6636e3",
            "default_security_group_id": "sg-0e2dafd2c3a49162c",
            "dhcp_options_id": "dopt-06c71b98defd657f3",
            "enable_dns_hostnames": true,
            "enable_dns_support": true,
            "enable_network_address_usage_metrics": false,
            "id": "vpc-05791ca378ccdaf4f",
            "instance_tenancy": "default",
            "ipv4_ipam_pool_id": null,
            "ipv4_netmask_length": null,
            "ipv6_association_id": "",
            "ipv6_cidr_block": "",
            "ipv6_cidr_block_network_border_group": "",
            "ipv6_ipam_pool_id": "",
            "ipv6_netmask_length": 0,
            "main_route_table_id": "rtb-021e5ba172d6636e3",
            "owner_id": "572392556337",
            "tags": {
              "Name": "vpc-principal-4capas"
            },
            "tags_all": {
              "Name": "vpc-principal-4capas"
            }
          },
          "sensitive_attributes": [],
          "identity_schema_version": 0,
          "private": "eyJzY2hlbWFfdmVyc2lvbiI6IjEifQ=="
        }
      ]
    },
    {
      "mode": "managed",
      "type": "local_file",
      "name": "guardar_clave",
      "provider": "provider[\"registry.terraform.io/hashicorp/local\"]",
      "instances": [
        {
          "schema_version": 0,
          "attributes": {
            "content": "-----BEGIN RSA PRIVATE KEY-----\nMIIJKAIBAAKCAgEAuofQQptK+EAzcV2FnNtAu5vAP2rYkBDQCIknv/ji7ZWO5BaR\ns2sbf8MhxjKJsScQofBiFc8yuRK+mdytwcjFOMtJ/tafhaotrsEdUF7tWa6WRfo/\n4kLtg7ydPO0FMxDAx5MGs6l5WiG/SXjd17cuc3wy7NdJrwiSGcYuxk6qasUh/J9E\nqhMNzHX5k8mASsh7GjemeGTCEuQPy0y4rLIFWg7d41EUH71aRly7nTtd5+c/FZtX\n8Z3HCPT/1+If/160H3rZmVQcRgA8Ur9okGeXKBJ3h38ipJH1jf3cYW5FKuenTMCp\nCmGxIvXgtRlYE8ogE/91Pd4knPPHUwnyBi4DSssjHJQ7EUDro6NqtCPHXT9hkQRP\nu6E1krsf+TT2NxZIyFR0qtT6/GQmEIjeVDh1Kel3JR09OvkQCyXKCWnRaIYspq3A\n6DLLZl2pUE+L7EtUY0Ny/ZtZRcs1JKz6klt0MaC8qZzmhl+Dv4G7Jxg/uhrx/f++\nPgCyPYM2qQ7iWCrRVW3qsPCkn6el5x3p7DYKhLXeKGC6EW39TrPMRMeTn+ERmTuI\nb7/ok/GUGHIxwh1o2GOGjQh9XcDvlAQbVd0iPDoIUCV78B/ro3YA1KvXzeL+bn+y\nANuTiNikqb9gJ4SnM6plfLg5GjHhf77Apy7fv4UsYQOvYsgtp+GBraUkVmMCAwEA\nAQKCAgAVcZKYGFPkjouQxKXHyWQ7jSVrRPm+NNNC//LcEh09yfFCOHP/PS4ioHNW\ns9hPei8NJt49JUjurNXQ82Uy/2/o3mSp0Xuc+VpExPpSky8pyF/fOJc1MujXjwyW\nhKW8iqMBmTND3pT5ryKCAaKjRMb9dhxBTQ4GphoXBh5kzttZk0Mb0HrWKy2YFpdJ\nYvixit2tab4PXin6KPzF1ufuIThrSNqVDOz0KdJh1LxUJY80n0mJztuBMS3Ap7Bt\nMuznGziNhpPTGYUh6QSw+0SRQU9ycbkLEIBnjJ4UTkhnwlkHnIJdA6hgmKgtXY3m\nfpI5EttgNoCAdclzal+8+fTjD/wcX6Kao8/X8SPOM3msJkpK4QJhHcLK5UIe8Ztj\n9py39NI10exe3x5Cq3diiJ4zlyYGWGLIuB5G26dh8USQZIhUO3G11gFsG+HBjRRb\n/q92wMqZEUyVSCaOTG2WsEq0EhN8YTIyOnG+EU7xr5CRQTUp/zixTTk+K/tAJZCV\nbP4wP7+RFQKM0vFnBltSuGuhbXNXkXkEYNWH5jPx7F6oAA4xI24khAPZkrppUFKn\nAtKZ9JdrpnYU4Lu1ciifncinQot3NpMtilz3lT6d5mWljftxLmM0JpGXPZubSTrY\nY0YKRvmNgTt72EDW5bCqdWKXdEsQ2wmyroh/fyMof3+0LBscKQKCAQEAwWVYOHYC\neU/LBciyaEcRV1HiopU9X9eA2AboeV66dlAsCaw1p42Aacg7blivrgeusQ2L6s3Q\n1YXky2WdZhdXx6blgyXb005RiM3l9CwcJJIXNkosdQsIJScFBCh6RCSuRvC1m755\nrZ7a2XP3RlVu9D5wwXPj3XEbEDN0ax0TbC4oHE7kURiN0AOW2e9bUuT6Yp3taSu+\n1ahk3Jd8pkvQSWqneOofKiUeTL6yAXfoYN618r6nKn8KgSkdPAgzKUAWDV1KOlTv\nUd753B6rjMSkL8QMdVTr3Esy5fm3XltjhtwN3kJQSzigWvqR+l+pyBfzyZR5h7Qo\nlzG1SCb3ZNSxeQKCAQEA9umJ/ep5+hesztC+5GnNeTEbK61pa0pvSsLAdsvHB+fk\n2UhWV6FU2BA20IDMo/hOeUGS5EMVsXRFIHs13dDzyQSkwMbAjnlkLUz1OFUcqCBC\nGWRrE2hiJGQnQ209OFjeuWX95KZBvrh6T1Mxac1TWAmVqVmClOAqsgGuvTA1MLiR\nDfVfVNw7WYFUPnwnakabQisJ2EJWtERw3cizT5qNq3xtf8JFvM+gy1lzu4JJQkK8\nxm1eGF8OVugX6TNIjzImA7jR9VQjyjhXuULTWAXjgwtznuvAyTSKinq7n8pvHMsd\nRq5wCPfrZ/ROPHItV+zsdM2MhBFbjzCpJ52arDqLuwKCAQAsmbywuLZ1V6uQl+pd\nFhavtpi3ugc/dSmnqGAwrWH/Kxoc2PQ+welde+oI1rcdQXROLLuZ2QFSXOCY78RO\n6Q87YggIKND7eFJhZGql1w5eeLqVsKF0FKk6ODd18AfSc0sl3Rlk45aYLcx23cGn\nHMjL1yKV2q4wQYdmQxeUJE54YmSpsqAA+9KoqEs/022SPnBoEdfQq2AFUiKApQcA\nKvfMFqaswgGR7KGCPXA72nVi8bmwU7ull0rK4rp1P8bcuoTbbCpULYZLsUqaMxCJ\nFEhxI5tj68PBOC5yzxY00oqvbUxdd5mg31xL3wGPZkR3et6kHHOykh/STopqK2Je\nhJaxAoIBAQDMJ5V9aV6ptuGfr2HnIsROLJg2qQ+9MrKKsjTJBPzwQIEsV29szWyF\nqgJoq9aIzUq1X87BBebt7yEpFjcXzSmFUF2ZN70HEMAP5M3tYhJrwSBmNm2CgpCD\nXnxIeA5ihLjDut0PLZi2xXn8FOGKhccfx+0DNYuO5TroLBP7Qdz5B+KIFBZa6C36\nd8DcWXONoAvHziY5tcBTFTPtbYE1lKkG3b78H/nhgBuHh9L1e2hvbRcBSnS+2fnV\nSdpba5fXLrPX5/1SR9u/3I5MFEEDSvsu400aXfvtYZAbqBdyq8Lrn9X5F0pzX+o4\n7fuyZwWu6aspeLtyh5eY8bcrlljJhy75AoIBAFBQRX3eDBvzQi2PEUTLSpaXHHZl\nGYy3XJ0SRHq6VJfyxe+Clk7vsgKDnPvim5HaC0QRyF0YUWUwer4iZJb2XpbfBFWg\nwHlLiwDFhzedfmP6jNMrOF1khFzCPBPLjphk/nRaVpibm8mFLbJBvSLoEQIOMtjV\niziCdj+HC9+Ba1EbOSYrGGfhlFjqF/B0mkRg6swH8O3DTblt21QwC2G8o6/ug2lU\ncKemBHeyXukOE+fxkqsYtw5nADrFWXK8cYCFbXyxzDSnNvgKEPcMq2d5/MInwi/O\nKSP16AYeHQ08DNl84LssLdwFxxM9WmRzya4VyGPVPU7F9qTIUyLNCR6O9fA=\n-----END RSA PRIVATE KEY-----\n",
            "content_base64": null,
            "content_base64sha256": "HgvWNEzTdEotoxQPIIwGkLKMXa4FrwXvBDgf7cWrrVI=",
            "content_base64sha512": "kt+sSPdv8RtvLbm76SEdhJ/0pDdOHWQBZKH9pqTe9vR3wVStv/P5kMrary7494mgbFHMAiOQ8ztNyw0UL7tM4A==",
            "content_md5": "58e6c0f97fd4eb4be0a5be7726136d89",
            "content_sha1": "4561b9f7057b0fff8b6e610d8848e4e50fc1a8a9",
            "content_sha256": "1e0bd6344cd3744a2da3140f208c0690b28c5dae05af05ef04381fedc5abad52",
            "content_sha512": "92dfac48f76ff11b6f2db9bbe9211d849ff4a4374e1d640164a1fda6a4def6f477c154adbff3f990cadaaf2ef8f789a06c51cc022390f33b4dcb0d142fbb4ce0",
            "directory_permission": "0777",
            "file_permission": "0400",
            "filename": "./clave-4-capas.pem",
            "id": "4561b9f7057b0fff8b6e610d8848e4e50fc1a8a9",
            "sensitive_content": null,
            "source": null
          },
          "sensitive_attributes": [
            [
              {
                "type": "get_attr",
                "value": "content"
              }
            ],
            [
              {
                "type": "get_attr",
                "value": "sensitive_content"
              }
            ]
          ],
          "identity_schema_version": 0,
          "dependencies": [
            "tls_private_key.clave_ssh"
          ]
        }
      ]
    },
    {
      "mode": "managed",
      "type": "tls_private_key",
      "name": "clave_ssh",
      "provider": "provider[\"registry.terraform.io/hashicorp/tls\"]",
      "instances": [
        {
          "schema_version": 1,
          "attributes": {
            "algorithm": "RSA",
            "ecdsa_curve": "P224",
            "id": "6fc261ed04e9819ed9cf723b81c660766ab79b85",
            "private_key_openssh": "-----BEGIN OPENSSH PRIVATE KEY-----\nb3BlbnNzaC1rZXktdjEAAAAABG5vbmUAAAAEbm9uZQAAAAAAAAABAAACFwAAAAdz\nc2gtcnNhAAAAAwEAAQAAAgEAuofQQptK+EAzcV2FnNtAu5vAP2rYkBDQCIknv/ji\n7ZWO5BaRs2sbf8MhxjKJsScQofBiFc8yuRK+mdytwcjFOMtJ/tafhaotrsEdUF7t\nWa6WRfo/4kLtg7ydPO0FMxDAx5MGs6l5WiG/SXjd17cuc3wy7NdJrwiSGcYuxk6q\nasUh/J9EqhMNzHX5k8mASsh7GjemeGTCEuQPy0y4rLIFWg7d41EUH71aRly7nTtd\n5+c/FZtX8Z3HCPT/1+If/160H3rZmVQcRgA8Ur9okGeXKBJ3h38ipJH1jf3cYW5F\nKuenTMCpCmGxIvXgtRlYE8ogE/91Pd4knPPHUwnyBi4DSssjHJQ7EUDro6NqtCPH\nXT9hkQRPu6E1krsf+TT2NxZIyFR0qtT6/GQmEIjeVDh1Kel3JR09OvkQCyXKCWnR\naIYspq3A6DLLZl2pUE+L7EtUY0Ny/ZtZRcs1JKz6klt0MaC8qZzmhl+Dv4G7Jxg/\nuhrx/f++PgCyPYM2qQ7iWCrRVW3qsPCkn6el5x3p7DYKhLXeKGC6EW39TrPMRMeT\nn+ERmTuIb7/ok/GUGHIxwh1o2GOGjQh9XcDvlAQbVd0iPDoIUCV78B/ro3YA1KvX\nzeL+bn+yANuTiNikqb9gJ4SnM6plfLg5GjHhf77Apy7fv4UsYQOvYsgtp+GBraUk\nVmMAAAc4rzaaxa82msUAAAAHc3NoLXJzYQAAAgEAuofQQptK+EAzcV2FnNtAu5vA\nP2rYkBDQCIknv/ji7ZWO5BaRs2sbf8MhxjKJsScQofBiFc8yuRK+mdytwcjFOMtJ\n/tafhaotrsEdUF7tWa6WRfo/4kLtg7ydPO0FMxDAx5MGs6l5WiG/SXjd17cuc3wy\n7NdJrwiSGcYuxk6qasUh/J9EqhMNzHX5k8mASsh7GjemeGTCEuQPy0y4rLIFWg7d\n41EUH71aRly7nTtd5+c/FZtX8Z3HCPT/1+If/160H3rZmVQcRgA8Ur9okGeXKBJ3\nh38ipJH1jf3cYW5FKuenTMCpCmGxIvXgtRlYE8ogE/91Pd4knPPHUwnyBi4DSssj\nHJQ7EUDro6NqtCPHXT9hkQRPu6E1krsf+TT2NxZIyFR0qtT6/GQmEIjeVDh1Kel3\nJR09OvkQCyXKCWnRaIYspq3A6DLLZl2pUE+L7EtUY0Ny/ZtZRcs1JKz6klt0MaC8\nqZzmhl+Dv4G7Jxg/uhrx/f++PgCyPYM2qQ7iWCrRVW3qsPCkn6el5x3p7DYKhLXe\nKGC6EW39TrPMRMeTn+ERmTuIb7/ok/GUGHIxwh1o2GOGjQh9XcDvlAQbVd0iPDoI\nUCV78B/ro3YA1KvXzeL+bn+yANuTiNikqb9gJ4SnM6plfLg5GjHhf77Apy7fv4Us\nYQOvYsgtp+GBraUkVmMAAAADAQABAAACABVxkpgYU+SOi5DEpcfJZDuNJWtE+b40\n00L/8twSHT3J8UI4c/89LiKgc1az2E96Lw0m3j0lSO6s1dDzZTL/b+jeZKnRe5z5\nWkTE+lKTLynIX984lzUy6NePDJaEpbyKowGZM0PelPmvIoIBoqNExv12HEFNDgam\nGhcGHmTO21mTQxvQetYrLZgWl0li+LGK3a1pvg9eKfoo/MXW5+4hOGtI2pUM7PQp\n0mHUvFQljzSfSYnO24ExLcCnsG0y7OcbOI2Gk9MZhSHpBLD7RJFBT3JxuQsQgGeM\nnhROSGfCWQecgl0DqGCYqC1djeZ+kjkS22A2gIB1yXNqX7z59OMP/Bxfopqjz9fx\nI84zeawmSkrhAmEdwsrlQh7xm2P2nLf00jXR7F7fHkKrd2KInjOXJgZYYsi4Hkbb\np2HxRJBkiFQ7cbXWAWwb4cGNFFv+r3bAypkRTJVIJo5MbZawSrQSE3xhMjI6cb4R\nTvGvkJFBNSn/OLFNOT4r+0AlkJVs/jA/v5EVAozS8WcGW1K4a6Ftc1eReQRg1Yfm\nM/HsXqgADjEjbiSEA9mSumlQUqcC0pn0l2umdhTgu7VyKJ+dyKdCi3c2ky2KXPeV\nPp3mZaWN+3EuYzQmkZc9m5tJOthjRgpG+Y2BO3vYQNblsKp1Ypd0SxDbCbKuiH9/\nIyh/f7QsGxwpAAABAFBQRX3eDBvzQi2PEUTLSpaXHHZlGYy3XJ0SRHq6VJfyxe+C\nlk7vsgKDnPvim5HaC0QRyF0YUWUwer4iZJb2XpbfBFWgwHlLiwDFhzedfmP6jNMr\nOF1khFzCPBPLjphk/nRaVpibm8mFLbJBvSLoEQIOMtjViziCdj+HC9+Ba1EbOSYr\nGGfhlFjqF/B0mkRg6swH8O3DTblt21QwC2G8o6/ug2lUcKemBHeyXukOE+fxkqsY\ntw5nADrFWXK8cYCFbXyxzDSnNvgKEPcMq2d5/MInwi/OKSP16AYeHQ08DNl84Lss\nLdwFxxM9WmRzya4VyGPVPU7F9qTIUyLNCR6O9fAAAAEBAMFlWDh2AnlPywXIsmhH\nEVdR4qKVPV/XgNgG6HleunZQLAmsNaeNgGnIO25Yr64HrrENi+rN0NWF5MtlnWYX\nV8em5YMl29NOUYjN5fQsHCSSFzZKLHULCCUnBQQoekQkrkbwtZu+ea2e2tlz90ZV\nbvQ+cMFz491xGxAzdGsdE2wuKBxO5FEYjdADltnvW1Lk+mKd7WkrvtWoZNyXfKZL\n0Elqp3jqHyolHky+sgF36GDetfK+pyp/CoEpHTwIMylAFg1dSjpU71He+dweq4zE\npC/EDHVU69xLMuX5t15bY4bcDd5CUEs4oFr6kfpfqcgX88mUeYe0KJcxtUgm92TU\nsXkAAAEBAPbpif3qefoXrM7QvuRpzXkxGyutaWtKb0rCwHbLxwfn5NlIVlehVNgQ\nNtCAzKP4TnlBkuRDFbF0RSB7Nd3Q88kEpMDGwI55ZC1M9ThVHKggQhlkaxNoYiRk\nJ0NtPThY3rll/eSmQb64ek9TMWnNU1gJlalZgpTgKrIBrr0wNTC4kQ31X1TcO1mB\nVD58J2pGm0IrCdhCVrREcN3Is0+ajat8bX/CRbzPoMtZc7uCSUJCvMZtXhhfDlbo\nF+kzSI8yJgO40fVUI8o4V7lC01gF44MLc57rwMk0iop6u5/KbxzLHUaucAj362f0\nTjxyLVfs7HTNjIQRW48wqSedmqw6i7sAAAAAAQID\n-----END OPENSSH PRIVATE KEY-----\n",
            "private_key_pem": "-----BEGIN RSA PRIVATE KEY-----\nMIIJKAIBAAKCAgEAuofQQptK+EAzcV2FnNtAu5vAP2rYkBDQCIknv/ji7ZWO5BaR\ns2sbf8MhxjKJsScQofBiFc8yuRK+mdytwcjFOMtJ/tafhaotrsEdUF7tWa6WRfo/\n4kLtg7ydPO0FMxDAx5MGs6l5WiG/SXjd17cuc3wy7NdJrwiSGcYuxk6qasUh/J9E\nqhMNzHX5k8mASsh7GjemeGTCEuQPy0y4rLIFWg7d41EUH71aRly7nTtd5+c/FZtX\n8Z3HCPT/1+If/160H3rZmVQcRgA8Ur9okGeXKBJ3h38ipJH1jf3cYW5FKuenTMCp\nCmGxIvXgtRlYE8ogE/91Pd4knPPHUwnyBi4DSssjHJQ7EUDro6NqtCPHXT9hkQRP\nu6E1krsf+TT2NxZIyFR0qtT6/GQmEIjeVDh1Kel3JR09OvkQCyXKCWnRaIYspq3A\n6DLLZl2pUE+L7EtUY0Ny/ZtZRcs1JKz6klt0MaC8qZzmhl+Dv4G7Jxg/uhrx/f++\nPgCyPYM2qQ7iWCrRVW3qsPCkn6el5x3p7DYKhLXeKGC6EW39TrPMRMeTn+ERmTuI\nb7/ok/GUGHIxwh1o2GOGjQh9XcDvlAQbVd0iPDoIUCV78B/ro3YA1KvXzeL+bn+y\nANuTiNikqb9gJ4SnM6plfLg5GjHhf77Apy7fv4UsYQOvYsgtp+GBraUkVmMCAwEA\nAQKCAgAVcZKYGFPkjouQxKXHyWQ7jSVrRPm+NNNC//LcEh09yfFCOHP/PS4ioHNW\ns9hPei8NJt49JUjurNXQ82Uy/2/o3mSp0Xuc+VpExPpSky8pyF/fOJc1MujXjwyW\nhKW8iqMBmTND3pT5ryKCAaKjRMb9dhxBTQ4GphoXBh5kzttZk0Mb0HrWKy2YFpdJ\nYvixit2tab4PXin6KPzF1ufuIThrSNqVDOz0KdJh1LxUJY80n0mJztuBMS3Ap7Bt\nMuznGziNhpPTGYUh6QSw+0SRQU9ycbkLEIBnjJ4UTkhnwlkHnIJdA6hgmKgtXY3m\nfpI5EttgNoCAdclzal+8+fTjD/wcX6Kao8/X8SPOM3msJkpK4QJhHcLK5UIe8Ztj\n9py39NI10exe3x5Cq3diiJ4zlyYGWGLIuB5G26dh8USQZIhUO3G11gFsG+HBjRRb\n/q92wMqZEUyVSCaOTG2WsEq0EhN8YTIyOnG+EU7xr5CRQTUp/zixTTk+K/tAJZCV\nbP4wP7+RFQKM0vFnBltSuGuhbXNXkXkEYNWH5jPx7F6oAA4xI24khAPZkrppUFKn\nAtKZ9JdrpnYU4Lu1ciifncinQot3NpMtilz3lT6d5mWljftxLmM0JpGXPZubSTrY\nY0YKRvmNgTt72EDW5bCqdWKXdEsQ2wmyroh/fyMof3+0LBscKQKCAQEAwWVYOHYC\neU/LBciyaEcRV1HiopU9X9eA2AboeV66dlAsCaw1p42Aacg7blivrgeusQ2L6s3Q\n1YXky2WdZhdXx6blgyXb005RiM3l9CwcJJIXNkosdQsIJScFBCh6RCSuRvC1m755\nrZ7a2XP3RlVu9D5wwXPj3XEbEDN0ax0TbC4oHE7kURiN0AOW2e9bUuT6Yp3taSu+\n1ahk3Jd8pkvQSWqneOofKiUeTL6yAXfoYN618r6nKn8KgSkdPAgzKUAWDV1KOlTv\nUd753B6rjMSkL8QMdVTr3Esy5fm3XltjhtwN3kJQSzigWvqR+l+pyBfzyZR5h7Qo\nlzG1SCb3ZNSxeQKCAQEA9umJ/ep5+hesztC+5GnNeTEbK61pa0pvSsLAdsvHB+fk\n2UhWV6FU2BA20IDMo/hOeUGS5EMVsXRFIHs13dDzyQSkwMbAjnlkLUz1OFUcqCBC\nGWRrE2hiJGQnQ209OFjeuWX95KZBvrh6T1Mxac1TWAmVqVmClOAqsgGuvTA1MLiR\nDfVfVNw7WYFUPnwnakabQisJ2EJWtERw3cizT5qNq3xtf8JFvM+gy1lzu4JJQkK8\nxm1eGF8OVugX6TNIjzImA7jR9VQjyjhXuULTWAXjgwtznuvAyTSKinq7n8pvHMsd\nRq5wCPfrZ/ROPHItV+zsdM2MhBFbjzCpJ52arDqLuwKCAQAsmbywuLZ1V6uQl+pd\nFhavtpi3ugc/dSmnqGAwrWH/Kxoc2PQ+welde+oI1rcdQXROLLuZ2QFSXOCY78RO\n6Q87YggIKND7eFJhZGql1w5eeLqVsKF0FKk6ODd18AfSc0sl3Rlk45aYLcx23cGn\nHMjL1yKV2q4wQYdmQxeUJE54YmSpsqAA+9KoqEs/022SPnBoEdfQq2AFUiKApQcA\nKvfMFqaswgGR7KGCPXA72nVi8bmwU7ull0rK4rp1P8bcuoTbbCpULYZLsUqaMxCJ\nFEhxI5tj68PBOC5yzxY00oqvbUxdd5mg31xL3wGPZkR3et6kHHOykh/STopqK2Je\nhJaxAoIBAQDMJ5V9aV6ptuGfr2HnIsROLJg2qQ+9MrKKsjTJBPzwQIEsV29szWyF\nqgJoq9aIzUq1X87BBebt7yEpFjcXzSmFUF2ZN70HEMAP5M3tYhJrwSBmNm2CgpCD\nXnxIeA5ihLjDut0PLZi2xXn8FOGKhccfx+0DNYuO5TroLBP7Qdz5B+KIFBZa6C36\nd8DcWXONoAvHziY5tcBTFTPtbYE1lKkG3b78H/nhgBuHh9L1e2hvbRcBSnS+2fnV\nSdpba5fXLrPX5/1SR9u/3I5MFEEDSvsu400aXfvtYZAbqBdyq8Lrn9X5F0pzX+o4\n7fuyZwWu6aspeLtyh5eY8bcrlljJhy75AoIBAFBQRX3eDBvzQi2PEUTLSpaXHHZl\nGYy3XJ0SRHq6VJfyxe+Clk7vsgKDnPvim5HaC0QRyF0YUWUwer4iZJb2XpbfBFWg\nwHlLiwDFhzedfmP6jNMrOF1khFzCPBPLjphk/nRaVpibm8mFLbJBvSLoEQIOMtjV\niziCdj+HC9+Ba1EbOSYrGGfhlFjqF/B0mkRg6swH8O3DTblt21QwC2G8o6/ug2lU\ncKemBHeyXukOE+fxkqsYtw5nADrFWXK8cYCFbXyxzDSnNvgKEPcMq2d5/MInwi/O\nKSP16AYeHQ08DNl84LssLdwFxxM9WmRzya4VyGPVPU7F9qTIUyLNCR6O9fA=\n-----END RSA PRIVATE KEY-----\n",
            "private_key_pem_pkcs8": "-----BEGIN PRIVATE KEY-----\nMIIJQgIBADANBgkqhkiG9w0BAQEFAASCCSwwggkoAgEAAoICAQC6h9BCm0r4QDNx\nXYWc20C7m8A/atiQENAIiSe/+OLtlY7kFpGzaxt/wyHGMomxJxCh8GIVzzK5Er6Z\n3K3ByMU4y0n+1p+Fqi2uwR1QXu1ZrpZF+j/iQu2DvJ087QUzEMDHkwazqXlaIb9J\neN3Xty5zfDLs10mvCJIZxi7GTqpqxSH8n0SqEw3MdfmTyYBKyHsaN6Z4ZMIS5A/L\nTLissgVaDt3jURQfvVpGXLudO13n5z8Vm1fxnccI9P/X4h//XrQfetmZVBxGADxS\nv2iQZ5coEneHfyKkkfWN/dxhbkUq56dMwKkKYbEi9eC1GVgTyiAT/3U93iSc88dT\nCfIGLgNKyyMclDsRQOujo2q0I8ddP2GRBE+7oTWSux/5NPY3FkjIVHSq1Pr8ZCYQ\niN5UOHUp6XclHT06+RALJcoJadFohiymrcDoMstmXalQT4vsS1RjQ3L9m1lFyzUk\nrPqSW3QxoLypnOaGX4O/gbsnGD+6GvH9/74+ALI9gzapDuJYKtFVbeqw8KSfp6Xn\nHensNgqEtd4oYLoRbf1Os8xEx5Of4RGZO4hvv+iT8ZQYcjHCHWjYY4aNCH1dwO+U\nBBtV3SI8OghQJXvwH+ujdgDUq9fN4v5uf7IA25OI2KSpv2AnhKczqmV8uDkaMeF/\nvsCnLt+/hSxhA69iyC2n4YGtpSRWYwIDAQABAoICABVxkpgYU+SOi5DEpcfJZDuN\nJWtE+b4000L/8twSHT3J8UI4c/89LiKgc1az2E96Lw0m3j0lSO6s1dDzZTL/b+je\nZKnRe5z5WkTE+lKTLynIX984lzUy6NePDJaEpbyKowGZM0PelPmvIoIBoqNExv12\nHEFNDgamGhcGHmTO21mTQxvQetYrLZgWl0li+LGK3a1pvg9eKfoo/MXW5+4hOGtI\n2pUM7PQp0mHUvFQljzSfSYnO24ExLcCnsG0y7OcbOI2Gk9MZhSHpBLD7RJFBT3Jx\nuQsQgGeMnhROSGfCWQecgl0DqGCYqC1djeZ+kjkS22A2gIB1yXNqX7z59OMP/Bxf\nopqjz9fxI84zeawmSkrhAmEdwsrlQh7xm2P2nLf00jXR7F7fHkKrd2KInjOXJgZY\nYsi4Hkbbp2HxRJBkiFQ7cbXWAWwb4cGNFFv+r3bAypkRTJVIJo5MbZawSrQSE3xh\nMjI6cb4RTvGvkJFBNSn/OLFNOT4r+0AlkJVs/jA/v5EVAozS8WcGW1K4a6Ftc1eR\neQRg1YfmM/HsXqgADjEjbiSEA9mSumlQUqcC0pn0l2umdhTgu7VyKJ+dyKdCi3c2\nky2KXPeVPp3mZaWN+3EuYzQmkZc9m5tJOthjRgpG+Y2BO3vYQNblsKp1Ypd0SxDb\nCbKuiH9/Iyh/f7QsGxwpAoIBAQDBZVg4dgJ5T8sFyLJoRxFXUeKilT1f14DYBuh5\nXrp2UCwJrDWnjYBpyDtuWK+uB66xDYvqzdDVheTLZZ1mF1fHpuWDJdvTTlGIzeX0\nLBwkkhc2Six1CwglJwUEKHpEJK5G8LWbvnmtntrZc/dGVW70PnDBc+PdcRsQM3Rr\nHRNsLigcTuRRGI3QA5bZ71tS5Ppine1pK77VqGTcl3ymS9BJaqd46h8qJR5MvrIB\nd+hg3rXyvqcqfwqBKR08CDMpQBYNXUo6VO9R3vncHquMxKQvxAx1VOvcSzLl+bde\nW2OG3A3eQlBLOKBa+pH6X6nIF/PJlHmHtCiXMbVIJvdk1LF5AoIBAQD26Yn96nn6\nF6zO0L7kac15MRsrrWlrSm9KwsB2y8cH5+TZSFZXoVTYEDbQgMyj+E55QZLkQxWx\ndEUgezXd0PPJBKTAxsCOeWQtTPU4VRyoIEIZZGsTaGIkZCdDbT04WN65Zf3kpkG+\nuHpPUzFpzVNYCZWpWYKU4CqyAa69MDUwuJEN9V9U3DtZgVQ+fCdqRptCKwnYQla0\nRHDdyLNPmo2rfG1/wkW8z6DLWXO7gklCQrzGbV4YXw5W6BfpM0iPMiYDuNH1VCPK\nOFe5QtNYBeODC3Oe68DJNIqKerufym8cyx1GrnAI9+tn9E48ci1X7Ox0zYyEEVuP\nMKknnZqsOou7AoIBACyZvLC4tnVXq5CX6l0WFq+2mLe6Bz91KaeoYDCtYf8rGhzY\n9D7B6V176gjWtx1BdE4su5nZAVJc4JjvxE7pDztiCAgo0Pt4UmFkaqXXDl54upWw\noXQUqTo4N3XwB9JzSyXdGWTjlpgtzHbdwaccyMvXIpXarjBBh2ZDF5QkTnhiZKmy\noAD70qioSz/TbZI+cGgR19CrYAVSIoClBwAq98wWpqzCAZHsoYI9cDvadWLxubBT\nu6WXSsriunU/xty6hNtsKlQthkuxSpozEIkUSHEjm2Prw8E4LnLPFjTSiq9tTF13\nmaDfXEvfAY9mRHd63qQcc7KSH9JOimorYl6ElrECggEBAMwnlX1pXqm24Z+vYeci\nxE4smDapD70ysoqyNMkE/PBAgSxXb2zNbIWqAmir1ojNSrVfzsEF5u3vISkWNxfN\nKYVQXZk3vQcQwA/kze1iEmvBIGY2bYKCkINefEh4DmKEuMO63Q8tmLbFefwU4YqF\nxx/H7QM1i47lOugsE/tB3PkH4ogUFlroLfp3wNxZc42gC8fOJjm1wFMVM+1tgTWU\nqQbdvvwf+eGAG4eH0vV7aG9tFwFKdL7Z+dVJ2ltrl9cus9fn/VJH27/cjkwUQQNK\n+y7jTRpd++1hkBuoF3Krwuuf1fkXSnNf6jjt+7JnBa7pqyl4u3KHl5jxtyuWWMmH\nLvkCggEAUFBFfd4MG/NCLY8RRMtKlpccdmUZjLdcnRJEerpUl/LF74KWTu+yAoOc\n++KbkdoLRBHIXRhRZTB6viJklvZelt8EVaDAeUuLAMWHN51+Y/qM0ys4XWSEXMI8\nE8uOmGT+dFpWmJubyYUtskG9IugRAg4y2NWLOIJ2P4cL34FrURs5JisYZ+GUWOoX\n8HSaRGDqzAfw7cNNuW3bVDALYbyjr+6DaVRwp6YEd7Je6Q4T5/GSqxi3DmcAOsVZ\ncrxxgIVtfLHMNKc2+AoQ9wyrZ3n8wifCL84pI/XoBh4dDTwM2Xzguywt3AXHEz1a\nZHPJrhXIY9U9TsX2pMhTIs0JHo718A==\n-----END PRIVATE KEY-----\n",
            "public_key_fingerprint_md5": "c5:18:87:41:9f:b1:75:04:7e:b5:ed:03:32:03:67:4e",
            "public_key_fingerprint_sha256": "SHA256:x7Z9L7mJgNZdUKsxP/w6ldjiG27+0GYpNIxYUEudJhY",
            "public_key_openssh": "ssh-rsa AAAAB3NzaC1yc2EAAAADAQABAAACAQC6h9BCm0r4QDNxXYWc20C7m8A/atiQENAIiSe/+OLtlY7kFpGzaxt/wyHGMomxJxCh8GIVzzK5Er6Z3K3ByMU4y0n+1p+Fqi2uwR1QXu1ZrpZF+j/iQu2DvJ087QUzEMDHkwazqXlaIb9JeN3Xty5zfDLs10mvCJIZxi7GTqpqxSH8n0SqEw3MdfmTyYBKyHsaN6Z4ZMIS5A/LTLissgVaDt3jURQfvVpGXLudO13n5z8Vm1fxnccI9P/X4h//XrQfetmZVBxGADxSv2iQZ5coEneHfyKkkfWN/dxhbkUq56dMwKkKYbEi9eC1GVgTyiAT/3U93iSc88dTCfIGLgNKyyMclDsRQOujo2q0I8ddP2GRBE+7oTWSux/5NPY3FkjIVHSq1Pr8ZCYQiN5UOHUp6XclHT06+RALJcoJadFohiymrcDoMstmXalQT4vsS1RjQ3L9m1lFyzUkrPqSW3QxoLypnOaGX4O/gbsnGD+6GvH9/74+ALI9gzapDuJYKtFVbeqw8KSfp6XnHensNgqEtd4oYLoRbf1Os8xEx5Of4RGZO4hvv+iT8ZQYcjHCHWjYY4aNCH1dwO+UBBtV3SI8OghQJXvwH+ujdgDUq9fN4v5uf7IA25OI2KSpv2AnhKczqmV8uDkaMeF/vsCnLt+/hSxhA69iyC2n4YGtpSRWYw==\n",
            "public_key_pem": "-----BEGIN PUBLIC KEY-----\nMIICIjANBgkqhkiG9w0BAQEFAAOCAg8AMIICCgKCAgEAuofQQptK+EAzcV2FnNtA\nu5vAP2rYkBDQCIknv/ji7ZWO5BaRs2sbf8MhxjKJsScQofBiFc8yuRK+mdytwcjF\nOMtJ/tafhaotrsEdUF7tWa6WRfo/4kLtg7ydPO0FMxDAx5MGs6l5WiG/SXjd17cu\nc3wy7NdJrwiSGcYuxk6qasUh/J9EqhMNzHX5k8mASsh7GjemeGTCEuQPy0y4rLIF\nWg7d41EUH71aRly7nTtd5+c/FZtX8Z3HCPT/1+If/160H3rZmVQcRgA8Ur9okGeX\nKBJ3h38ipJH1jf3cYW5FKuenTMCpCmGxIvXgtRlYE8ogE/91Pd4knPPHUwnyBi4D\nSssjHJQ7EUDro6NqtCPHXT9hkQRPu6E1krsf+TT2NxZIyFR0qtT6/GQmEIjeVDh1\nKel3JR09OvkQCyXKCWnRaIYspq3A6DLLZl2pUE+L7EtUY0Ny/ZtZRcs1JKz6klt0\nMaC8qZzmhl+Dv4G7Jxg/uhrx/f++PgCyPYM2qQ7iWCrRVW3qsPCkn6el5x3p7DYK\nhLXeKGC6EW39TrPMRMeTn+ERmTuIb7/ok/GUGHIxwh1o2GOGjQh9XcDvlAQbVd0i\nPDoIUCV78B/ro3YA1KvXzeL+bn+yANuTiNikqb9gJ4SnM6plfLg5GjHhf77Apy7f\nv4UsYQOvYsgtp+GBraUkVmMCAwEAAQ==\n-----END PUBLIC KEY-----\n",
            "rsa_bits": 4096
          },
          "sensitive_attributes": [
            [
              {
                "type": "get_attr",
                "value": "private_key_openssh"
              }
            ],
            [
              {
                "type": "get_attr",
                "value": "private_key_pem"
              }
            ],
            [
              {
                "type": "get_attr",
                "value": "private_key_pem_pkcs8"
              }
            ]
          ],
          "identity_schema_version": 0
        }
      ]
    }
  ],
  "check_results": null
}
