{
  "version": 4,
  "terraform_version": "1.15.5",
  "serial": 165,
  "lineage": "96895419-be62-8a43-a5ec-989c46389044",
  "outputs": {
    "ip_privada_backend_1": {
      "value": "10.0.2.64",
      "type": "string"
    },
    "ip_privada_backend_2": {
      "value": "10.0.3.250",
      "type": "string"
    },
    "ip_privada_base_datos": {
      "value": "10.0.4.35",
      "type": "string"
    },
    "ip_publica_frontend": {
      "value": "18.214.188.25",
      "type": "string"
    }
  },
  "resources": [
    {
      "mode": "managed",
      "type": "aws_eip",
      "name": "eip_front",
      "provider": "provider[\"registry.terraform.io/hashicorp/aws\"]",
      "instances": [
        {
          "schema_version": 0,
          "attributes": {
            "address": null,
            "allocation_id": "eipalloc-02fdbbdfa15757c2c",
            "arn": "arn:aws:ec2:us-east-1:572392556337:elastic-ip/eipalloc-02fdbbdfa15757c2c",
            "associate_with_private_ip": null,
            "association_id": "eipassoc-0f1f8b4ae84ddd32d",
            "carrier_ip": "",
            "customer_owned_ip": "",
            "customer_owned_ipv4_pool": "",
            "domain": "vpc",
            "id": "eipalloc-02fdbbdfa15757c2c",
            "instance": "i-0dfe5bf1db751d37f",
            "ipam_pool_id": null,
            "network_border_group": "us-east-1",
            "network_interface": "eni-09a09a48432861e5f",
            "private_dns": "ip-10-0-1-27.ec2.internal",
            "private_ip": "10.0.1.27",
            "ptr_record": "",
            "public_dns": "ec2-18-214-188-25.compute-1.amazonaws.com",
            "public_ip": "18.214.188.25",
            "public_ipv4_pool": "amazon",
            "tags": null,
            "tags_all": {},
            "timeouts": null,
            "vpc": true
          },
          "sensitive_attributes": [],
          "identity_schema_version": 0,
          "private": "eyJlMmJmYjczMC1lY2FhLTExZTYtOGY4OC0zNDM2M2JjN2M0YzAiOnsiZGVsZXRlIjoxODAwMDAwMDAwMDAsInJlYWQiOjkwMDAwMDAwMDAwMCwidXBkYXRlIjozMDAwMDAwMDAwMDB9fQ==",
          "dependencies": [
            "aws_instance.ec2_frontend",
            "aws_key_pair.key_pair",
            "aws_security_group.sg_frontend",
            "aws_subnet.subred_front",
            "aws_vpc.vpc_principal",
            "tls_private_key.clave_ssh"
          ]
        }
      ]
    },
    {
      "mode": "managed",
      "type": "aws_eip",
      "name": "eip_nat",
      "provider": "provider[\"registry.terraform.io/hashicorp/aws\"]",
      "instances": [
        {
          "schema_version": 0,
          "attributes": {
            "address": null,
            "allocation_id": "eipalloc-09dc2242de0a6b128",
            "arn": "arn:aws:ec2:us-east-1:572392556337:elastic-ip/eipalloc-09dc2242de0a6b128",
            "associate_with_private_ip": null,
            "association_id": "",
            "carrier_ip": "",
            "customer_owned_ip": "",
            "customer_owned_ipv4_pool": "",
            "domain": "vpc",
            "id": "eipalloc-09dc2242de0a6b128",
            "instance": "",
            "ipam_pool_id": null,
            "network_border_group": "us-east-1",
            "network_interface": "",
            "private_dns": null,
            "private_ip": "",
            "ptr_record": "",
            "public_dns": "ec2-13-216-86-231.compute-1.amazonaws.com",
            "public_ip": "13.216.86.231",
            "public_ipv4_pool": "amazon",
            "tags": null,
            "tags_all": {},
            "timeouts": null,
            "vpc": true
          },
          "sensitive_attributes": [],
          "identity_schema_version": 0,
          "private": "eyJlMmJmYjczMC1lY2FhLTExZTYtOGY4OC0zNDM2M2JjN2M0YzAiOnsiZGVsZXRlIjoxODAwMDAwMDAwMDAsInJlYWQiOjkwMDAwMDAwMDAwMCwidXBkYXRlIjozMDAwMDAwMDAwMDB9fQ==",
          "dependencies": [
            "aws_internet_gateway.igw",
            "aws_vpc.vpc_principal"
          ]
        }
      ]
    },
    {
      "mode": "managed",
      "type": "aws_instance",
      "name": "ec2_backend_despachos",
      "provider": "provider[\"registry.terraform.io/hashicorp/aws\"]",
      "instances": [
        {
          "schema_version": 1,
          "attributes": {
            "ami": "ami-00e801948462f718a",
            "arn": "arn:aws:ec2:us-east-1:572392556337:instance/i-048247d480296e59d",
            "associate_public_ip_address": false,
            "availability_zone": "us-east-1a",
            "capacity_reservation_specification": [
              {
                "capacity_reservation_preference": "open",
                "capacity_reservation_target": []
              }
            ],
            "cpu_core_count": 1,
            "cpu_options": [
              {
                "amd_sev_snp": "",
                "core_count": 1,
                "threads_per_core": 2
              }
            ],
            "cpu_threads_per_core": 2,
            "credit_specification": [
              {
                "cpu_credits": "unlimited"
              }
            ],
            "disable_api_stop": false,
            "disable_api_termination": false,
            "ebs_block_device": [],
            "ebs_optimized": false,
            "enable_primary_ipv6": null,
            "enclave_options": [
              {
                "enabled": false
              }
            ],
            "ephemeral_block_device": [],
            "get_password_data": false,
            "hibernation": false,
            "host_id": "",
            "host_resource_group_arn": null,
            "iam_instance_profile": "",
            "id": "i-048247d480296e59d",
            "instance_initiated_shutdown_behavior": "stop",
            "instance_lifecycle": "",
            "instance_market_options": [],
            "instance_state": "running",
            "instance_type": "t3.micro",
            "ipv6_address_count": 0,
            "ipv6_addresses": [],
            "key_name": "clave-proyecto-4-capas",
            "launch_template": [],
            "maintenance_options": [
              {
                "auto_recovery": "default"
              }
            ],
            "metadata_options": [
              {
                "http_endpoint": "enabled",
                "http_protocol_ipv6": "disabled",
                "http_put_response_hop_limit": 2,
                "http_tokens": "required",
                "instance_metadata_tags": "disabled"
              }
            ],
            "monitoring": false,
            "network_interface": [],
            "outpost_arn": "",
            "password_data": "",
            "placement_group": "",
            "placement_partition_number": 0,
            "primary_network_interface_id": "eni-01cf8d4afb652c8d5",
            "private_dns": "ip-10-0-3-250.ec2.internal",
            "private_dns_name_options": [
              {
                "enable_resource_name_dns_a_record": false,
                "enable_resource_name_dns_aaaa_record": false,
                "hostname_type": "ip-name"
              }
            ],
            "private_ip": "10.0.3.250",
            "public_dns": "",
            "public_ip": "",
            "root_block_device": [
              {
                "delete_on_termination": true,
                "device_name": "/dev/xvda",
                "encrypted": false,
                "iops": 3000,
                "kms_key_id": "",
                "tags": {},
                "tags_all": {},
                "throughput": 125,
                "volume_id": "vol-0863929f08624db88",
                "volume_size": 8,
                "volume_type": "gp3"
              }
            ],
            "secondary_private_ips": [],
            "security_groups": [],
            "source_dest_check": true,
            "spot_instance_request_id": "",
            "subnet_id": "subnet-0bd6befc96c920c5d",
            "tags": {
              "Name": "ec2-backend-2"
            },
            "tags_all": {
              "Name": "ec2-backend-2"
            },
            "tenancy": "default",
            "timeouts": null,
            "user_data": "beaa7c16158e6b8cbcf186625a9f84d9347a8b76",
            "user_data_base64": null,
            "user_data_replace_on_change": false,
            "volume_tags": null,
            "vpc_security_group_ids": [
              "sg-0279beb0773581d3f"
            ]
          },
          "sensitive_attributes": [],
          "identity_schema_version": 0,
          "private": "eyJlMmJmYjczMC1lY2FhLTExZTYtOGY4OC0zNDM2M2JjN2M0YzAiOnsiY3JlYXRlIjo2MDAwMDAwMDAwMDAsImRlbGV0ZSI6MTIwMDAwMDAwMDAwMCwicmVhZCI6OTAwMDAwMDAwMDAwLCJ1cGRhdGUiOjYwMDAwMDAwMDAwMH0sInNjaGVtYV92ZXJzaW9uIjoiMSJ9",
          "dependencies": [
            "aws_key_pair.key_pair",
            "aws_security_group.sg_backend_2",
            "aws_subnet.subred_back2",
            "aws_vpc.vpc_principal",
            "tls_private_key.clave_ssh"
          ]
        }
      ]
    },
    {
      "mode": "managed",
      "type": "aws_instance",
      "name": "ec2_backend_ventas",
      "provider": "provider[\"registry.terraform.io/hashicorp/aws\"]",
      "instances": [
        {
          "schema_version": 1,
          "attributes": {
            "ami": "ami-00e801948462f718a",
            "arn": "arn:aws:ec2:us-east-1:572392556337:instance/i-0ad1144747c742a57",
            "associate_public_ip_address": false,
            "availability_zone": "us-east-1a",
            "capacity_reservation_specification": [
              {
                "capacity_reservation_preference": "open",
                "capacity_reservation_target": []
              }
            ],
            "cpu_core_count": 1,
            "cpu_options": [
              {
                "amd_sev_snp": "",
                "core_count": 1,
                "threads_per_core": 2
              }
            ],
            "cpu_threads_per_core": 2,
            "credit_specification": [
              {
                "cpu_credits": "unlimited"
              }
            ],
            "disable_api_stop": false,
            "disable_api_termination": false,
            "ebs_block_device": [],
            "ebs_optimized": false,
            "enable_primary_ipv6": null,
            "enclave_options": [
              {
                "enabled": false
              }
            ],
            "ephemeral_block_device": [],
            "get_password_data": false,
            "hibernation": false,
            "host_id": "",
            "host_resource_group_arn": null,
            "iam_instance_profile": "",
            "id": "i-0ad1144747c742a57",
            "instance_initiated_shutdown_behavior": "stop",
            "instance_lifecycle": "",
            "instance_market_options": [],
            "instance_state": "running",
            "instance_type": "t3.micro",
            "ipv6_address_count": 0,
            "ipv6_addresses": [],
            "key_name": "clave-proyecto-4-capas",
            "launch_template": [],
            "maintenance_options": [
              {
                "auto_recovery": "default"
              }
            ],
            "metadata_options": [
              {
                "http_endpoint": "enabled",
                "http_protocol_ipv6": "disabled",
                "http_put_response_hop_limit": 2,
                "http_tokens": "required",
                "instance_metadata_tags": "disabled"
              }
            ],
            "monitoring": false,
            "network_interface": [],
            "outpost_arn": "",
            "password_data": "",
            "placement_group": "",
            "placement_partition_number": 0,
            "primary_network_interface_id": "eni-04a90425f84557121",
            "private_dns": "ip-10-0-2-64.ec2.internal",
            "private_dns_name_options": [
              {
                "enable_resource_name_dns_a_record": false,
                "enable_resource_name_dns_aaaa_record": false,
                "hostname_type": "ip-name"
              }
            ],
            "private_ip": "10.0.2.64",
            "public_dns": "",
            "public_ip": "",
            "root_block_device": [
              {
                "delete_on_termination": true,
                "device_name": "/dev/xvda",
                "encrypted": false,
                "iops": 3000,
                "kms_key_id": "",
                "tags": {},
                "tags_all": {},
                "throughput": 125,
                "volume_id": "vol-0dd4e31355d01627c",
                "volume_size": 8,
                "volume_type": "gp3"
              }
            ],
            "secondary_private_ips": [],
            "security_groups": [],
            "source_dest_check": true,
            "spot_instance_request_id": "",
            "subnet_id": "subnet-02f31b532031edd29",
            "tags": {
              "Name": "ec2-backend-1"
            },
            "tags_all": {
              "Name": "ec2-backend-1"
            },
            "tenancy": "default",
            "timeouts": null,
            "user_data": "beaa7c16158e6b8cbcf186625a9f84d9347a8b76",
            "user_data_base64": null,
            "user_data_replace_on_change": false,
            "volume_tags": null,
            "vpc_security_group_ids": [
              "sg-0053b518d0e5a957b"
            ]
          },
          "sensitive_attributes": [],
          "identity_schema_version": 0,
          "private": "eyJlMmJmYjczMC1lY2FhLTExZTYtOGY4OC0zNDM2M2JjN2M0YzAiOnsiY3JlYXRlIjo2MDAwMDAwMDAwMDAsImRlbGV0ZSI6MTIwMDAwMDAwMDAwMCwicmVhZCI6OTAwMDAwMDAwMDAwLCJ1cGRhdGUiOjYwMDAwMDAwMDAwMH0sInNjaGVtYV92ZXJzaW9uIjoiMSJ9",
          "dependencies": [
            "aws_key_pair.key_pair",
            "aws_security_group.sg_backend_1",
            "aws_subnet.subred_back1",
            "aws_vpc.vpc_principal",
            "tls_private_key.clave_ssh"
          ]
        }
      ]
    },
    {
      "mode": "managed",
      "type": "aws_instance",
      "name": "ec2_datos",
      "provider": "provider[\"registry.terraform.io/hashicorp/aws\"]",
      "instances": [
        {
          "schema_version": 1,
          "attributes": {
            "ami": "ami-00e801948462f718a",
            "arn": "arn:aws:ec2:us-east-1:572392556337:instance/i-0d9494061f2198767",
            "associate_public_ip_address": false,
            "availability_zone": "us-east-1a",
            "capacity_reservation_specification": [
              {
                "capacity_reservation_preference": "open",
                "capacity_reservation_target": []
              }
            ],
            "cpu_core_count": 1,
            "cpu_options": [
              {
                "amd_sev_snp": "",
                "core_count": 1,
                "threads_per_core": 2
              }
            ],
            "cpu_threads_per_core": 2,
            "credit_specification": [
              {
                "cpu_credits": "unlimited"
              }
            ],
            "disable_api_stop": false,
            "disable_api_termination": false,
            "ebs_block_device": [],
            "ebs_optimized": false,
            "enable_primary_ipv6": null,
            "enclave_options": [
              {
                "enabled": false
              }
            ],
            "ephemeral_block_device": [],
            "get_password_data": false,
            "hibernation": false,
            "host_id": "",
            "host_resource_group_arn": null,
            "iam_instance_profile": "",
            "id": "i-0d9494061f2198767",
            "instance_initiated_shutdown_behavior": "stop",
            "instance_lifecycle": "",
            "instance_market_options": [],
            "instance_state": "running",
            "instance_type": "t3.micro",
            "ipv6_address_count": 0,
            "ipv6_addresses": [],
            "key_name": "clave-proyecto-4-capas",
            "launch_template": [],
            "maintenance_options": [
              {
                "auto_recovery": "default"
              }
            ],
            "metadata_options": [
              {
                "http_endpoint": "enabled",
                "http_protocol_ipv6": "disabled",
                "http_put_response_hop_limit": 2,
                "http_tokens": "required",
                "instance_metadata_tags": "disabled"
              }
            ],
            "monitoring": false,
            "network_interface": [],
            "outpost_arn": "",
            "password_data": "",
            "placement_group": "",
            "placement_partition_number": 0,
            "primary_network_interface_id": "eni-0fbf583cb7e65cd85",
            "private_dns": "ip-10-0-4-35.ec2.internal",
            "private_dns_name_options": [
              {
                "enable_resource_name_dns_a_record": false,
                "enable_resource_name_dns_aaaa_record": false,
                "hostname_type": "ip-name"
              }
            ],
            "private_ip": "10.0.4.35",
            "public_dns": "",
            "public_ip": "",
            "root_block_device": [
              {
                "delete_on_termination": true,
                "device_name": "/dev/xvda",
                "encrypted": false,
                "iops": 3000,
                "kms_key_id": "",
                "tags": {},
                "tags_all": {},
                "throughput": 125,
                "volume_id": "vol-0a6350d758393fd44",
                "volume_size": 8,
                "volume_type": "gp3"
              }
            ],
            "secondary_private_ips": [],
            "security_groups": [],
            "source_dest_check": true,
            "spot_instance_request_id": "",
            "subnet_id": "subnet-03229ec47152b8037",
            "tags": {
              "Name": "ec2-base-datos"
            },
            "tags_all": {
              "Name": "ec2-base-datos"
            },
            "tenancy": "default",
            "timeouts": null,
            "user_data": "beaa7c16158e6b8cbcf186625a9f84d9347a8b76",
            "user_data_base64": null,
            "user_data_replace_on_change": false,
            "volume_tags": null,
            "vpc_security_group_ids": [
              "sg-0f28e60e27617c0ff"
            ]
          },
          "sensitive_attributes": [],
          "identity_schema_version": 0,
          "private": "eyJlMmJmYjczMC1lY2FhLTExZTYtOGY4OC0zNDM2M2JjN2M0YzAiOnsiY3JlYXRlIjo2MDAwMDAwMDAwMDAsImRlbGV0ZSI6MTIwMDAwMDAwMDAwMCwicmVhZCI6OTAwMDAwMDAwMDAwLCJ1cGRhdGUiOjYwMDAwMDAwMDAwMH0sInNjaGVtYV92ZXJzaW9uIjoiMSJ9",
          "dependencies": [
            "aws_key_pair.key_pair",
            "aws_security_group.sg_backend_1",
            "aws_security_group.sg_backend_2",
            "aws_security_group.sg_datos",
            "aws_subnet.subred_datos",
            "aws_vpc.vpc_principal",
            "tls_private_key.clave_ssh"
          ]
        }
      ]
    },
    {
      "mode": "managed",
      "type": "aws_instance",
      "name": "ec2_frontend",
      "provider": "provider[\"registry.terraform.io/hashicorp/aws\"]",
      "instances": [
        {
          "schema_version": 1,
          "attributes": {
            "ami": "ami-00e801948462f718a",
            "arn": "arn:aws:ec2:us-east-1:572392556337:instance/i-0dfe5bf1db751d37f",
            "associate_public_ip_address": true,
            "availability_zone": "us-east-1a",
            "capacity_reservation_specification": [
              {
                "capacity_reservation_preference": "open",
                "capacity_reservation_target": []
              }
            ],
            "cpu_core_count": 1,
            "cpu_options": [
              {
                "amd_sev_snp": "",
                "core_count": 1,
                "threads_per_core": 2
              }
            ],
            "cpu_threads_per_core": 2,
            "credit_specification": [
              {
                "cpu_credits": "unlimited"
              }
            ],
            "disable_api_stop": false,
            "disable_api_termination": false,
            "ebs_block_device": [],
            "ebs_optimized": false,
            "enable_primary_ipv6": null,
            "enclave_options": [
              {
                "enabled": false
              }
            ],
            "ephemeral_block_device": [],
            "get_password_data": false,
            "hibernation": false,
            "host_id": "",
            "host_resource_group_arn": null,
            "iam_instance_profile": "",
            "id": "i-0dfe5bf1db751d37f",
            "instance_initiated_shutdown_behavior": "stop",
            "instance_lifecycle": "",
            "instance_market_options": [],
            "instance_state": "running",
            "instance_type": "t3.micro",
            "ipv6_address_count": 0,
            "ipv6_addresses": [],
            "key_name": "clave-proyecto-4-capas",
            "launch_template": [],
            "maintenance_options": [
              {
                "auto_recovery": "default"
              }
            ],
            "metadata_options": [
              {
                "http_endpoint": "enabled",
                "http_protocol_ipv6": "disabled",
                "http_put_response_hop_limit": 2,
                "http_tokens": "required",
                "instance_metadata_tags": "disabled"
              }
            ],
            "monitoring": false,
            "network_interface": [],
            "outpost_arn": "",
            "password_data": "",
            "placement_group": "",
            "placement_partition_number": 0,
            "primary_network_interface_id": "eni-09a09a48432861e5f",
            "private_dns": "ip-10-0-1-27.ec2.internal",
            "private_dns_name_options": [
              {
                "enable_resource_name_dns_a_record": false,
                "enable_resource_name_dns_aaaa_record": false,
                "hostname_type": "ip-name"
              }
            ],
            "private_ip": "10.0.1.27",
            "public_dns": "ec2-3-87-94-119.compute-1.amazonaws.com",
            "public_ip": "3.87.94.119",
            "root_block_device": [
              {
                "delete_on_termination": true,
                "device_name": "/dev/xvda",
                "encrypted": false,
                "iops": 3000,
                "kms_key_id": "",
                "tags": {},
                "tags_all": {},
                "throughput": 125,
                "volume_id": "vol-0b81f39fae3c0779b",
                "volume_size": 8,
                "volume_type": "gp3"
              }
            ],
            "secondary_private_ips": [],
            "security_groups": [],
            "source_dest_check": true,
            "spot_instance_request_id": "",
            "subnet_id": "subnet-03a84f436bcb13185",
            "tags": {
              "Name": "ec2-frontend"
            },
            "tags_all": {
              "Name": "ec2-frontend"
            },
            "tenancy": "default",
            "timeouts": null,
            "user_data": "beaa7c16158e6b8cbcf186625a9f84d9347a8b76",
            "user_data_base64": null,
            "user_data_replace_on_change": false,
            "volume_tags": null,
            "vpc_security_group_ids": [
              "sg-0b603dac64ae80b21"
            ]
          },
          "sensitive_attributes": [],
          "identity_schema_version": 0,
          "private": "eyJlMmJmYjczMC1lY2FhLTExZTYtOGY4OC0zNDM2M2JjN2M0YzAiOnsiY3JlYXRlIjo2MDAwMDAwMDAwMDAsImRlbGV0ZSI6MTIwMDAwMDAwMDAwMCwicmVhZCI6OTAwMDAwMDAwMDAwLCJ1cGRhdGUiOjYwMDAwMDAwMDAwMH0sInNjaGVtYV92ZXJzaW9uIjoiMSJ9",
          "dependencies": [
            "aws_key_pair.key_pair",
            "aws_security_group.sg_frontend",
            "aws_subnet.subred_front",
            "aws_vpc.vpc_principal",
            "tls_private_key.clave_ssh"
          ]
        }
      ]
    },
    {
      "mode": "managed",
      "type": "aws_internet_gateway",
      "name": "igw",
      "provider": "provider[\"registry.terraform.io/hashicorp/aws\"]",
      "instances": [
        {
          "schema_version": 0,
          "attributes": {
            "arn": "arn:aws:ec2:us-east-1:572392556337:internet-gateway/igw-044ab5062305b06b9",
            "id": "igw-044ab5062305b06b9",
            "owner_id": "572392556337",
            "tags": {
              "Name": "igw-principal"
            },
            "tags_all": {
              "Name": "igw-principal"
            },
            "timeouts": null,
            "vpc_id": "vpc-0b846be54f57ece38"
          },
          "sensitive_attributes": [],
          "identity_schema_version": 0,
          "private": "eyJlMmJmYjczMC1lY2FhLTExZTYtOGY4OC0zNDM2M2JjN2M0YzAiOnsiY3JlYXRlIjoxMjAwMDAwMDAwMDAwLCJkZWxldGUiOjEyMDAwMDAwMDAwMDAsInVwZGF0ZSI6MTIwMDAwMDAwMDAwMH19",
          "dependencies": [
            "aws_vpc.vpc_principal"
          ]
        }
      ]
    },
    {
      "mode": "managed",
      "type": "aws_key_pair",
      "name": "key_pair",
      "provider": "provider[\"registry.terraform.io/hashicorp/aws\"]",
      "instances": [
        {
          "schema_version": 1,
          "attributes": {
            "arn": "arn:aws:ec2:us-east-1:572392556337:key-pair/clave-proyecto-4-capas",
            "fingerprint": "41:c8:39:f0:ba:be:a6:c0:82:eb:d2:9d:90:f1:2c:60",
            "id": "clave-proyecto-4-capas",
            "key_name": "clave-proyecto-4-capas",
            "key_name_prefix": "",
            "key_pair_id": "key-08cff565c1cdf02e4",
            "key_type": "rsa",
            "public_key": "ssh-rsa AAAAB3NzaC1yc2EAAAADAQABAAACAQC1/9fIqHowNyZFBibYbGHc5lfNdQSdBJcFfq6/zEAqYAn97ugzXDcoy/fk0i0YjtK3CiDklMAjyBlWAkMH1GmagCsXw3BH4fMI26xrMkhXNEgw/mt2ILpfY/Ubh3HFvHOSHQk7hLqLISUDf86gTTNH2eoepAAxcVQN32r1V3tOLoqjiogbC760mXbjOwZQC97aTMyt8sQ5L4Qma5ya5+DvEwoF0ZircKPqvqX7SFrZxbord/RvpYbkl4HYgqjeGkqaLY2csM/z/Y5/43pc8jay1qnUCz9Ckell8S7kklsSrwGkCVQT/AhDFLs5HTf4ox5ZfwCs8U/DHZveLZAXpNnNaVv9Kp3I/CLY/PbGyPwzzFqnG0TGtmvi6ABXmzG5To29tuw36xiaW09MTAnbZI6ZwflA2fxGX6YBcZ5c16/wfUeFF54heR2mgW1rC6Y28CcFhlOV/MmFpp4mbYrJHqHpkphZfF/XNyDFBCVcXjGPx2gHLETJlxc1fYj608FWH3YrIxoM6EUTquBU0k0yOSDWqHM41vBlYzhk/6kTBG168gfdthXU2H73bhf4VWgGfebQkfA4gnDHAw9cRDrAxCzcDbbrDNqg05uoUzDXHDHWh2BbaXiz/yl+VN41HXY7Bd3Y2Ktm9ls7m2QX4KRD2icKFXft+9R2XwnsJVHEZIqa4w==",
            "tags": null,
            "tags_all": {}
          },
          "sensitive_attributes": [],
          "identity_schema_version": 0,
          "private": "eyJzY2hlbWFfdmVyc2lvbiI6IjEifQ==",
          "dependencies": [
            "tls_private_key.clave_ssh"
          ]
        }
      ]
    },
    {
      "mode": "managed",
      "type": "aws_nat_gateway",
      "name": "nat_gw",
      "provider": "provider[\"registry.terraform.io/hashicorp/aws\"]",
      "instances": [
        {
          "schema_version": 0,
          "attributes": {
            "allocation_id": "eipalloc-09dc2242de0a6b128",
            "association_id": "eipassoc-0fbcd8b22b2cd7754",
            "connectivity_type": "public",
            "id": "nat-070f64279f810c33c",
            "network_interface_id": "eni-07f2d6fed627090f5",
            "private_ip": "10.0.1.104",
            "public_ip": "13.216.86.231",
            "secondary_allocation_ids": null,
            "secondary_private_ip_address_count": 0,
            "secondary_private_ip_addresses": [],
            "subnet_id": "subnet-03a84f436bcb13185",
            "tags": {
              "Name": "nat-gateway"
            },
            "tags_all": {
              "Name": "nat-gateway"
            },
            "timeouts": null
          },
          "sensitive_attributes": [],
          "identity_schema_version": 0,
          "private": "eyJlMmJmYjczMC1lY2FhLTExZTYtOGY4OC0zNDM2M2JjN2M0YzAiOnsiY3JlYXRlIjo2MDAwMDAwMDAwMDAsImRlbGV0ZSI6MTgwMDAwMDAwMDAwMCwidXBkYXRlIjo2MDAwMDAwMDAwMDB9fQ==",
          "dependencies": [
            "aws_eip.eip_nat",
            "aws_internet_gateway.igw",
            "aws_subnet.subred_front",
            "aws_vpc.vpc_principal"
          ]
        }
      ]
    },
    {
      "mode": "managed",
      "type": "aws_route_table",
      "name": "rt_privada",
      "provider": "provider[\"registry.terraform.io/hashicorp/aws\"]",
      "instances": [
        {
          "schema_version": 0,
          "attributes": {
            "arn": "arn:aws:ec2:us-east-1:572392556337:route-table/rtb-02382831d044cc79a",
            "id": "rtb-02382831d044cc79a",
            "owner_id": "572392556337",
            "propagating_vgws": [],
            "route": [
              {
                "carrier_gateway_id": "",
                "cidr_block": "0.0.0.0/0",
                "core_network_arn": "",
                "destination_prefix_list_id": "",
                "egress_only_gateway_id": "",
                "gateway_id": "",
                "ipv6_cidr_block": "",
                "local_gateway_id": "",
                "nat_gateway_id": "nat-070f64279f810c33c",
                "network_interface_id": "",
                "transit_gateway_id": "",
                "vpc_endpoint_id": "",
                "vpc_peering_connection_id": ""
              }
            ],
            "tags": {
              "Name": "rt-privada"
            },
            "tags_all": {
              "Name": "rt-privada"
            },
            "timeouts": null,
            "vpc_id": "vpc-0b846be54f57ece38"
          },
          "sensitive_attributes": [],
          "identity_schema_version": 0,
          "private": "eyJlMmJmYjczMC1lY2FhLTExZTYtOGY4OC0zNDM2M2JjN2M0YzAiOnsiY3JlYXRlIjozMDAwMDAwMDAwMDAsImRlbGV0ZSI6MzAwMDAwMDAwMDAwLCJ1cGRhdGUiOjEyMDAwMDAwMDAwMH19",
          "dependencies": [
            "aws_eip.eip_nat",
            "aws_internet_gateway.igw",
            "aws_nat_gateway.nat_gw",
            "aws_subnet.subred_front",
            "aws_vpc.vpc_principal"
          ]
        }
      ]
    },
    {
      "mode": "managed",
      "type": "aws_route_table",
      "name": "rt_publica",
      "provider": "provider[\"registry.terraform.io/hashicorp/aws\"]",
      "instances": [
        {
          "schema_version": 0,
          "attributes": {
            "arn": "arn:aws:ec2:us-east-1:572392556337:route-table/rtb-0b113b4097b330e4a",
            "id": "rtb-0b113b4097b330e4a",
            "owner_id": "572392556337",
            "propagating_vgws": [],
            "route": [
              {
                "carrier_gateway_id": "",
                "cidr_block": "0.0.0.0/0",
                "core_network_arn": "",
                "destination_prefix_list_id": "",
                "egress_only_gateway_id": "",
                "gateway_id": "igw-044ab5062305b06b9",
                "ipv6_cidr_block": "",
                "local_gateway_id": "",
                "nat_gateway_id": "",
                "network_interface_id": "",
                "transit_gateway_id": "",
                "vpc_endpoint_id": "",
                "vpc_peering_connection_id": ""
              }
            ],
            "tags": {
              "Name": "rt-publica"
            },
            "tags_all": {
              "Name": "rt-publica"
            },
            "timeouts": null,
            "vpc_id": "vpc-0b846be54f57ece38"
          },
          "sensitive_attributes": [],
          "identity_schema_version": 0,
          "private": "eyJlMmJmYjczMC1lY2FhLTExZTYtOGY4OC0zNDM2M2JjN2M0YzAiOnsiY3JlYXRlIjozMDAwMDAwMDAwMDAsImRlbGV0ZSI6MzAwMDAwMDAwMDAwLCJ1cGRhdGUiOjEyMDAwMDAwMDAwMH19",
          "dependencies": [
            "aws_internet_gateway.igw",
            "aws_vpc.vpc_principal"
          ]
        }
      ]
    },
    {
      "mode": "managed",
      "type": "aws_route_table_association",
      "name": "asoc_back1",
      "provider": "provider[\"registry.terraform.io/hashicorp/aws\"]",
      "instances": [
        {
          "schema_version": 0,
          "attributes": {
            "gateway_id": "",
            "id": "rtbassoc-0397c289ad53d6954",
            "route_table_id": "rtb-02382831d044cc79a",
            "subnet_id": "subnet-02f31b532031edd29",
            "timeouts": null
          },
          "sensitive_attributes": [],
          "identity_schema_version": 0,
          "private": "eyJlMmJmYjczMC1lY2FhLTExZTYtOGY4OC0zNDM2M2JjN2M0YzAiOnsiY3JlYXRlIjozMDAwMDAwMDAwMDAsImRlbGV0ZSI6MzAwMDAwMDAwMDAwLCJ1cGRhdGUiOjEyMDAwMDAwMDAwMH19",
          "dependencies": [
            "aws_eip.eip_nat",
            "aws_internet_gateway.igw",
            "aws_nat_gateway.nat_gw",
            "aws_route_table.rt_privada",
            "aws_subnet.subred_back1",
            "aws_subnet.subred_front",
            "aws_vpc.vpc_principal"
          ]
        }
      ]
    },
    {
      "mode": "managed",
      "type": "aws_route_table_association",
      "name": "asoc_back2",
      "provider": "provider[\"registry.terraform.io/hashicorp/aws\"]",
      "instances": [
        {
          "schema_version": 0,
          "attributes": {
            "gateway_id": "",
            "id": "rtbassoc-020088910fe184e74",
            "route_table_id": "rtb-02382831d044cc79a",
            "subnet_id": "subnet-0bd6befc96c920c5d",
            "timeouts": null
          },
          "sensitive_attributes": [],
          "identity_schema_version": 0,
          "private": "eyJlMmJmYjczMC1lY2FhLTExZTYtOGY4OC0zNDM2M2JjN2M0YzAiOnsiY3JlYXRlIjozMDAwMDAwMDAwMDAsImRlbGV0ZSI6MzAwMDAwMDAwMDAwLCJ1cGRhdGUiOjEyMDAwMDAwMDAwMH19",
          "dependencies": [
            "aws_eip.eip_nat",
            "aws_internet_gateway.igw",
            "aws_nat_gateway.nat_gw",
            "aws_route_table.rt_privada",
            "aws_subnet.subred_back2",
            "aws_subnet.subred_front",
            "aws_vpc.vpc_principal"
          ]
        }
      ]
    },
    {
      "mode": "managed",
      "type": "aws_route_table_association",
      "name": "asoc_datos",
      "provider": "provider[\"registry.terraform.io/hashicorp/aws\"]",
      "instances": [
        {
          "schema_version": 0,
          "attributes": {
            "gateway_id": "",
            "id": "rtbassoc-0061a2637a723f332",
            "route_table_id": "rtb-02382831d044cc79a",
            "subnet_id": "subnet-03229ec47152b8037",
            "timeouts": null
          },
          "sensitive_attributes": [],
          "identity_schema_version": 0,
          "private": "eyJlMmJmYjczMC1lY2FhLTExZTYtOGY4OC0zNDM2M2JjN2M0YzAiOnsiY3JlYXRlIjozMDAwMDAwMDAwMDAsImRlbGV0ZSI6MzAwMDAwMDAwMDAwLCJ1cGRhdGUiOjEyMDAwMDAwMDAwMH19",
          "dependencies": [
            "aws_eip.eip_nat",
            "aws_internet_gateway.igw",
            "aws_nat_gateway.nat_gw",
            "aws_route_table.rt_privada",
            "aws_subnet.subred_datos",
            "aws_subnet.subred_front",
            "aws_vpc.vpc_principal"
          ]
        }
      ]
    },
    {
      "mode": "managed",
      "type": "aws_route_table_association",
      "name": "asoc_front",
      "provider": "provider[\"registry.terraform.io/hashicorp/aws\"]",
      "instances": [
        {
          "schema_version": 0,
          "attributes": {
            "gateway_id": "",
            "id": "rtbassoc-0aebc8378a21699fb",
            "route_table_id": "rtb-0b113b4097b330e4a",
            "subnet_id": "subnet-03a84f436bcb13185",
            "timeouts": null
          },
          "sensitive_attributes": [],
          "identity_schema_version": 0,
          "private": "eyJlMmJmYjczMC1lY2FhLTExZTYtOGY4OC0zNDM2M2JjN2M0YzAiOnsiY3JlYXRlIjozMDAwMDAwMDAwMDAsImRlbGV0ZSI6MzAwMDAwMDAwMDAwLCJ1cGRhdGUiOjEyMDAwMDAwMDAwMH19",
          "dependencies": [
            "aws_internet_gateway.igw",
            "aws_route_table.rt_publica",
            "aws_subnet.subred_front",
            "aws_vpc.vpc_principal"
          ]
        }
      ]
    },
    {
      "mode": "managed",
      "type": "aws_security_group",
      "name": "sg_backend_1",
      "provider": "provider[\"registry.terraform.io/hashicorp/aws\"]",
      "instances": [
        {
          "schema_version": 1,
          "attributes": {
            "arn": "arn:aws:ec2:us-east-1:572392556337:security-group/sg-0053b518d0e5a957b",
            "description": "Acceso exclusivo para el Backend 1",
            "egress": [
              {
                "cidr_blocks": [
                  "0.0.0.0/0"
                ],
                "description": "",
                "from_port": 0,
                "ipv6_cidr_blocks": [],
                "prefix_list_ids": [],
                "protocol": "-1",
                "security_groups": [],
                "self": false,
                "to_port": 0
              }
            ],
            "id": "sg-0053b518d0e5a957b",
            "ingress": [
              {
                "cidr_blocks": [
                  "0.0.0.0/0"
                ],
                "description": "API Ventas desde Internet",
                "from_port": 8081,
                "ipv6_cidr_blocks": [],
                "prefix_list_ids": [],
                "protocol": "tcp",
                "security_groups": [],
                "self": false,
                "to_port": 8081
              },
              {
                "cidr_blocks": [
                  "10.0.0.0/16"
                ],
                "description": "SSH interno",
                "from_port": 22,
                "ipv6_cidr_blocks": [],
                "prefix_list_ids": [],
                "protocol": "tcp",
                "security_groups": [],
                "self": false,
                "to_port": 22
              }
            ],
            "name": "sg_backend_1",
            "name_prefix": "",
            "owner_id": "572392556337",
            "revoke_rules_on_delete": false,
            "tags": null,
            "tags_all": {},
            "timeouts": null,
            "vpc_id": "vpc-0b846be54f57ece38"
          },
          "sensitive_attributes": [],
          "identity_schema_version": 0,
          "private": "eyJlMmJmYjczMC1lY2FhLTExZTYtOGY4OC0zNDM2M2JjN2M0YzAiOnsiY3JlYXRlIjo2MDAwMDAwMDAwMDAsImRlbGV0ZSI6OTAwMDAwMDAwMDAwfSwic2NoZW1hX3ZlcnNpb24iOiIxIn0=",
          "dependencies": [
            "aws_vpc.vpc_principal"
          ]
        }
      ]
    },
    {
      "mode": "managed",
      "type": "aws_security_group",
      "name": "sg_backend_2",
      "provider": "provider[\"registry.terraform.io/hashicorp/aws\"]",
      "instances": [
        {
          "schema_version": 1,
          "attributes": {
            "arn": "arn:aws:ec2:us-east-1:572392556337:security-group/sg-0279beb0773581d3f",
            "description": "Acceso exclusivo para el Backend 2",
            "egress": [
              {
                "cidr_blocks": [
                  "0.0.0.0/0"
                ],
                "description": "",
                "from_port": 0,
                "ipv6_cidr_blocks": [],
                "prefix_list_ids": [],
                "protocol": "-1",
                "security_groups": [],
                "self": false,
                "to_port": 0
              }
            ],
            "id": "sg-0279beb0773581d3f",
            "ingress": [
              {
                "cidr_blocks": [
                  "0.0.0.0/0"
                ],
                "description": "API Despachos desde Internet",
                "from_port": 8082,
                "ipv6_cidr_blocks": [],
                "prefix_list_ids": [],
                "protocol": "tcp",
                "security_groups": [],
                "self": false,
                "to_port": 8082
              },
              {
                "cidr_blocks": [
                  "10.0.0.0/16"
                ],
                "description": "SSH interno",
                "from_port": 22,
                "ipv6_cidr_blocks": [],
                "prefix_list_ids": [],
                "protocol": "tcp",
                "security_groups": [],
                "self": false,
                "to_port": 22
              }
            ],
            "name": "sg_backend_2",
            "name_prefix": "",
            "owner_id": "572392556337",
            "revoke_rules_on_delete": false,
            "tags": null,
            "tags_all": {},
            "timeouts": null,
            "vpc_id": "vpc-0b846be54f57ece38"
          },
          "sensitive_attributes": [],
          "identity_schema_version": 0,
          "private": "eyJlMmJmYjczMC1lY2FhLTExZTYtOGY4OC0zNDM2M2JjN2M0YzAiOnsiY3JlYXRlIjo2MDAwMDAwMDAwMDAsImRlbGV0ZSI6OTAwMDAwMDAwMDAwfSwic2NoZW1hX3ZlcnNpb24iOiIxIn0=",
          "dependencies": [
            "aws_vpc.vpc_principal"
          ]
        }
      ]
    },
    {
      "mode": "managed",
      "type": "aws_security_group",
      "name": "sg_datos",
      "provider": "provider[\"registry.terraform.io/hashicorp/aws\"]",
      "instances": [
        {
          "schema_version": 1,
          "attributes": {
            "arn": "arn:aws:ec2:us-east-1:572392556337:security-group/sg-0f28e60e27617c0ff",
            "description": "Acceso exclusivo desde los Backends",
            "egress": [
              {
                "cidr_blocks": [
                  "0.0.0.0/0"
                ],
                "description": "",
                "from_port": 0,
                "ipv6_cidr_blocks": [],
                "prefix_list_ids": [],
                "protocol": "-1",
                "security_groups": [],
                "self": false,
                "to_port": 0
              }
            ],
            "id": "sg-0f28e60e27617c0ff",
            "ingress": [
              {
                "cidr_blocks": [
                  "10.0.0.0/16"
                ],
                "description": "SSH interno",
                "from_port": 22,
                "ipv6_cidr_blocks": [],
                "prefix_list_ids": [],
                "protocol": "tcp",
                "security_groups": [],
                "self": false,
                "to_port": 22
              },
              {
                "cidr_blocks": [],
                "description": "DB desde Backend 1",
                "from_port": 3306,
                "ipv6_cidr_blocks": [],
                "prefix_list_ids": [],
                "protocol": "tcp",
                "security_groups": [
                  "sg-0053b518d0e5a957b"
                ],
                "self": false,
                "to_port": 3306
              },
              {
                "cidr_blocks": [],
                "description": "DB desde Backend 2",
                "from_port": 3306,
                "ipv6_cidr_blocks": [],
                "prefix_list_ids": [],
                "protocol": "tcp",
                "security_groups": [
                  "sg-0279beb0773581d3f"
                ],
                "self": false,
                "to_port": 3306
              }
            ],
            "name": "sg_datos",
            "name_prefix": "",
            "owner_id": "572392556337",
            "revoke_rules_on_delete": false,
            "tags": null,
            "tags_all": {},
            "timeouts": null,
            "vpc_id": "vpc-0b846be54f57ece38"
          },
          "sensitive_attributes": [],
          "identity_schema_version": 0,
          "private": "eyJlMmJmYjczMC1lY2FhLTExZTYtOGY4OC0zNDM2M2JjN2M0YzAiOnsiY3JlYXRlIjo2MDAwMDAwMDAwMDAsImRlbGV0ZSI6OTAwMDAwMDAwMDAwfSwic2NoZW1hX3ZlcnNpb24iOiIxIn0=",
          "dependencies": [
            "aws_security_group.sg_backend_1",
            "aws_security_group.sg_backend_2",
            "aws_vpc.vpc_principal"
          ]
        }
      ]
    },
    {
      "mode": "managed",
      "type": "aws_security_group",
      "name": "sg_frontend",
      "provider": "provider[\"registry.terraform.io/hashicorp/aws\"]",
      "instances": [
        {
          "schema_version": 1,
          "attributes": {
            "arn": "arn:aws:ec2:us-east-1:572392556337:security-group/sg-0b603dac64ae80b21",
            "description": "Acceso para el Frontend desde Internet",
            "egress": [
              {
                "cidr_blocks": [
                  "0.0.0.0/0"
                ],
                "description": "",
                "from_port": 0,
                "ipv6_cidr_blocks": [],
                "prefix_list_ids": [],
                "protocol": "-1",
                "security_groups": [],
                "self": false,
                "to_port": 0
              }
            ],
            "id": "sg-0b603dac64ae80b21",
            "ingress": [
              {
                "cidr_blocks": [
                  "0.0.0.0/0"
                ],
                "description": "HTTP desde Internet",
                "from_port": 80,
                "ipv6_cidr_blocks": [],
                "prefix_list_ids": [],
                "protocol": "tcp",
                "security_groups": [],
                "self": false,
                "to_port": 80
              },
              {
                "cidr_blocks": [
                  "0.0.0.0/0"
                ],
                "description": "HTTPS desde Internet",
                "from_port": 443,
                "ipv6_cidr_blocks": [],
                "prefix_list_ids": [],
                "protocol": "tcp",
                "security_groups": [],
                "self": false,
                "to_port": 443
              },
              {
                "cidr_blocks": [
                  "0.0.0.0/0"
                ],
                "description": "SSH",
                "from_port": 22,
                "ipv6_cidr_blocks": [],
                "prefix_list_ids": [],
                "protocol": "tcp",
                "security_groups": [],
                "self": false,
                "to_port": 22
              }
            ],
            "name": "sg_frontend",
            "name_prefix": "",
            "owner_id": "572392556337",
            "revoke_rules_on_delete": false,
            "tags": null,
            "tags_all": {},
            "timeouts": null,
            "vpc_id": "vpc-0b846be54f57ece38"
          },
          "sensitive_attributes": [],
          "identity_schema_version": 0,
          "private": "eyJlMmJmYjczMC1lY2FhLTExZTYtOGY4OC0zNDM2M2JjN2M0YzAiOnsiY3JlYXRlIjo2MDAwMDAwMDAwMDAsImRlbGV0ZSI6OTAwMDAwMDAwMDAwfSwic2NoZW1hX3ZlcnNpb24iOiIxIn0=",
          "dependencies": [
            "aws_vpc.vpc_principal"
          ]
        }
      ]
    },
    {
      "mode": "managed",
      "type": "aws_subnet",
      "name": "subred_back1",
      "provider": "provider[\"registry.terraform.io/hashicorp/aws\"]",
      "instances": [
        {
          "schema_version": 1,
          "attributes": {
            "arn": "arn:aws:ec2:us-east-1:572392556337:subnet/subnet-02f31b532031edd29",
            "assign_ipv6_address_on_creation": false,
            "availability_zone": "us-east-1a",
            "availability_zone_id": "use1-az4",
            "cidr_block": "10.0.2.0/24",
            "customer_owned_ipv4_pool": "",
            "enable_dns64": false,
            "enable_lni_at_device_index": 0,
            "enable_resource_name_dns_a_record_on_launch": false,
            "enable_resource_name_dns_aaaa_record_on_launch": false,
            "id": "subnet-02f31b532031edd29",
            "ipv6_cidr_block": "",
            "ipv6_cidr_block_association_id": "",
            "ipv6_native": false,
            "map_customer_owned_ip_on_launch": false,
            "map_public_ip_on_launch": false,
            "outpost_arn": "",
            "owner_id": "572392556337",
            "private_dns_hostname_type_on_launch": "ip-name",
            "tags": {
              "Name": "subred-backend1-privada"
            },
            "tags_all": {
              "Name": "subred-backend1-privada"
            },
            "timeouts": null,
            "vpc_id": "vpc-0b846be54f57ece38"
          },
          "sensitive_attributes": [],
          "identity_schema_version": 0,
          "private": "eyJlMmJmYjczMC1lY2FhLTExZTYtOGY4OC0zNDM2M2JjN2M0YzAiOnsiY3JlYXRlIjo2MDAwMDAwMDAwMDAsImRlbGV0ZSI6MTIwMDAwMDAwMDAwMH0sInNjaGVtYV92ZXJzaW9uIjoiMSJ9",
          "dependencies": [
            "aws_vpc.vpc_principal"
          ]
        }
      ]
    },
    {
      "mode": "managed",
      "type": "aws_subnet",
      "name": "subred_back2",
      "provider": "provider[\"registry.terraform.io/hashicorp/aws\"]",
      "instances": [
        {
          "schema_version": 1,
          "attributes": {
            "arn": "arn:aws:ec2:us-east-1:572392556337:subnet/subnet-0bd6befc96c920c5d",
            "assign_ipv6_address_on_creation": false,
            "availability_zone": "us-east-1a",
            "availability_zone_id": "use1-az4",
            "cidr_block": "10.0.3.0/24",
            "customer_owned_ipv4_pool": "",
            "enable_dns64": false,
            "enable_lni_at_device_index": 0,
            "enable_resource_name_dns_a_record_on_launch": false,
            "enable_resource_name_dns_aaaa_record_on_launch": false,
            "id": "subnet-0bd6befc96c920c5d",
            "ipv6_cidr_block": "",
            "ipv6_cidr_block_association_id": "",
            "ipv6_native": false,
            "map_customer_owned_ip_on_launch": false,
            "map_public_ip_on_launch": false,
            "outpost_arn": "",
            "owner_id": "572392556337",
            "private_dns_hostname_type_on_launch": "ip-name",
            "tags": {
              "Name": "subred-backend2-privada"
            },
            "tags_all": {
              "Name": "subred-backend2-privada"
            },
            "timeouts": null,
            "vpc_id": "vpc-0b846be54f57ece38"
          },
          "sensitive_attributes": [],
          "identity_schema_version": 0,
          "private": "eyJlMmJmYjczMC1lY2FhLTExZTYtOGY4OC0zNDM2M2JjN2M0YzAiOnsiY3JlYXRlIjo2MDAwMDAwMDAwMDAsImRlbGV0ZSI6MTIwMDAwMDAwMDAwMH0sInNjaGVtYV92ZXJzaW9uIjoiMSJ9",
          "dependencies": [
            "aws_vpc.vpc_principal"
          ]
        }
      ]
    },
    {
      "mode": "managed",
      "type": "aws_subnet",
      "name": "subred_datos",
      "provider": "provider[\"registry.terraform.io/hashicorp/aws\"]",
      "instances": [
        {
          "schema_version": 1,
          "attributes": {
            "arn": "arn:aws:ec2:us-east-1:572392556337:subnet/subnet-03229ec47152b8037",
            "assign_ipv6_address_on_creation": false,
            "availability_zone": "us-east-1a",
            "availability_zone_id": "use1-az4",
            "cidr_block": "10.0.4.0/24",
            "customer_owned_ipv4_pool": "",
            "enable_dns64": false,
            "enable_lni_at_device_index": 0,
            "enable_resource_name_dns_a_record_on_launch": false,
            "enable_resource_name_dns_aaaa_record_on_launch": false,
            "id": "subnet-03229ec47152b8037",
            "ipv6_cidr_block": "",
            "ipv6_cidr_block_association_id": "",
            "ipv6_native": false,
            "map_customer_owned_ip_on_launch": false,
            "map_public_ip_on_launch": false,
            "outpost_arn": "",
            "owner_id": "572392556337",
            "private_dns_hostname_type_on_launch": "ip-name",
            "tags": {
              "Name": "subred-datos-privada"
            },
            "tags_all": {
              "Name": "subred-datos-privada"
            },
            "timeouts": null,
            "vpc_id": "vpc-0b846be54f57ece38"
          },
          "sensitive_attributes": [],
          "identity_schema_version": 0,
          "private": "eyJlMmJmYjczMC1lY2FhLTExZTYtOGY4OC0zNDM2M2JjN2M0YzAiOnsiY3JlYXRlIjo2MDAwMDAwMDAwMDAsImRlbGV0ZSI6MTIwMDAwMDAwMDAwMH0sInNjaGVtYV92ZXJzaW9uIjoiMSJ9",
          "dependencies": [
            "aws_vpc.vpc_principal"
          ]
        }
      ]
    },
    {
      "mode": "managed",
      "type": "aws_subnet",
      "name": "subred_front",
      "provider": "provider[\"registry.terraform.io/hashicorp/aws\"]",
      "instances": [
        {
          "schema_version": 1,
          "attributes": {
            "arn": "arn:aws:ec2:us-east-1:572392556337:subnet/subnet-03a84f436bcb13185",
            "assign_ipv6_address_on_creation": false,
            "availability_zone": "us-east-1a",
            "availability_zone_id": "use1-az4",
            "cidr_block": "10.0.1.0/24",
            "customer_owned_ipv4_pool": "",
            "enable_dns64": false,
            "enable_lni_at_device_index": 0,
            "enable_resource_name_dns_a_record_on_launch": false,
            "enable_resource_name_dns_aaaa_record_on_launch": false,
            "id": "subnet-03a84f436bcb13185",
            "ipv6_cidr_block": "",
            "ipv6_cidr_block_association_id": "",
            "ipv6_native": false,
            "map_customer_owned_ip_on_launch": false,
            "map_public_ip_on_launch": true,
            "outpost_arn": "",
            "owner_id": "572392556337",
            "private_dns_hostname_type_on_launch": "ip-name",
            "tags": {
              "Name": "subred-frontend-publica"
            },
            "tags_all": {
              "Name": "subred-frontend-publica"
            },
            "timeouts": null,
            "vpc_id": "vpc-0b846be54f57ece38"
          },
          "sensitive_attributes": [],
          "identity_schema_version": 0,
          "private": "eyJlMmJmYjczMC1lY2FhLTExZTYtOGY4OC0zNDM2M2JjN2M0YzAiOnsiY3JlYXRlIjo2MDAwMDAwMDAwMDAsImRlbGV0ZSI6MTIwMDAwMDAwMDAwMH0sInNjaGVtYV92ZXJzaW9uIjoiMSJ9",
          "dependencies": [
            "aws_vpc.vpc_principal"
          ]
        }
      ]
    },
    {
      "mode": "managed",
      "type": "aws_vpc",
      "name": "vpc_principal",
      "provider": "provider[\"registry.terraform.io/hashicorp/aws\"]",
      "instances": [
        {
          "schema_version": 1,
          "attributes": {
            "arn": "arn:aws:ec2:us-east-1:572392556337:vpc/vpc-0b846be54f57ece38",
            "assign_generated_ipv6_cidr_block": false,
            "cidr_block": "10.0.0.0/16",
            "default_network_acl_id": "acl-0191369bb7a5b2260",
            "default_route_table_id": "rtb-04734e9c8bb6f664b",
            "default_security_group_id": "sg-02dd5a4a358695c02",
            "dhcp_options_id": "dopt-06c71b98defd657f3",
            "enable_dns_hostnames": true,
            "enable_dns_support": true,
            "enable_network_address_usage_metrics": false,
            "id": "vpc-0b846be54f57ece38",
            "instance_tenancy": "default",
            "ipv4_ipam_pool_id": null,
            "ipv4_netmask_length": null,
            "ipv6_association_id": "",
            "ipv6_cidr_block": "",
            "ipv6_cidr_block_network_border_group": "",
            "ipv6_ipam_pool_id": "",
            "ipv6_netmask_length": 0,
            "main_route_table_id": "rtb-04734e9c8bb6f664b",
            "owner_id": "572392556337",
            "tags": {
              "Name": "vpc-principal-4capas"
            },
            "tags_all": {
              "Name": "vpc-principal-4capas"
            }
          },
          "sensitive_attributes": [],
          "identity_schema_version": 0,
          "private": "eyJzY2hlbWFfdmVyc2lvbiI6IjEifQ=="
        }
      ]
    },
    {
      "mode": "managed",
      "type": "local_file",
      "name": "guardar_clave",
      "provider": "provider[\"registry.terraform.io/hashicorp/local\"]",
      "instances": [
        {
          "schema_version": 0,
          "attributes": {
            "content": "-----BEGIN RSA PRIVATE KEY-----\nMIIJKAIBAAKCAgEAtf/XyKh6MDcmRQYm2Gxh3OZXzXUEnQSXBX6uv8xAKmAJ/e7o\nM1w3KMv35NItGI7Stwog5JTAI8gZVgJDB9RpmoArF8NwR+HzCNusazJIVzRIMP5r\ndiC6X2P1G4dxxbxzkh0JO4S6iyElA3/OoE0zR9nqHqQAMXFUDd9q9Vd7Ti6Ko4qI\nGwu+tJl24zsGUAve2kzMrfLEOS+EJmucmufg7xMKBdGYq3Cj6r6l+0ha2cW6K3f0\nb6WG5JeB2IKo3hpKmi2NnLDP8/2Of+N6XPI2stap1As/QpHpZfEu5JJbEq8BpAlU\nE/wIQxS7OR03+KMeWX8ArPFPwx2b3i2QF6TZzWlb/SqdyPwi2Pz2xsj8M8xapxtE\nxrZr4ugAV5sxuU6NvbbsN+sYmltPTEwJ22SOmcH5QNn8Rl+mAXGeXNev8H1HhRee\nIXkdpoFtawumNvAnBYZTlfzJhaaeJm2KyR6h6ZKYWXxf1zcgxQQlXF4xj8doByxE\nyZcXNX2I+tPBVh92KyMaDOhFE6rgVNJNMjkg1qhzONbwZWM4ZP+pEwRtevIH3bYV\n1Nh+924X+FVoBn3m0JHwOIJwxwMPXEQ6wMQs3A226wzaoNObqFMw1xwx1odgW2l4\ns/8pflTeNR12OwXd2NirZvZbO5tkF+CkQ9onChV37fvUdl8J7CVRxGSKmuMCAwEA\nAQKCAgBAfctCAGlj4nb+KILlV+qJs1nTpS6gUTsOqGhV8JOgMG35/IltgbTOERDj\nlZKDTEDguYcUWJ2JUGOh9aU5BgzxwY8Dma6U2j0bm3QKfEPkGtOmANGlh01jdfEp\n8yHetruhQAbAf3T2ziTmi4h1h0WvpUlv2B91ZboqPEwTag94kcdw0isOomfOaT8W\noBjJjptGccZpsUfVF8BVOPbCcX5kWTPJAg9+WKjNCweX9nizCHzC4HvOgDI/mGxb\ng1lBcsGSxqeSqZjW1beEG+CFRRMa5jRBvkaJWVkCVaePOUlqYndLYD7Z4govcw4w\n2+i0g2DCx90+azgfZMORxEV2C2Vd6oJ0mYtg/MBTuASJ9fPp+PKPVrpbauVHH1N3\ndF7ctgUXtPYv0cpnvTTWEjlBSS+xwMEwZtcBXMD7PEaQQYtdSx/WCy/kceoXO/Wm\nQdTewuh6oI2pnMa6FRdiQOprHChx7w1dXEXMdsUyBKlrSY5gMkoX2l2Gvb7QTR4g\nis/94yzHV/swfjjkiASsDET25/dOBLqn9Sv5JcXWHAxDSDyuTBAwP/ROZAJYXgbR\nrTUzONLS5UEUra5Ir6WEJsRovYY2qFOymkbl8IBjmhGww5JYNjtjD9dt4kbpOIZN\nJzW5o3D3TWg74+RIWY1EgGWhdwAJf6GXDFGZHTuSMsBS/+7d4QKCAQEA28wIEwiN\nN4sV/QL4+gdsZjQzxcI0hM7WtupXXrh9Zoy7K0VSF+aCCaLAi0cK2twQkIsQY6yF\n+b5euWI+0i60eXWuYrMOkHv+MKh1C2Ut3cfA65B1qHBVhHQbkCFfFQLIL2ogGCul\nQKOlxHBBHRrK5TKKnp5XTtbf/GV6lO/mozX7F+eL0/zgNIDaHdbhViqiY7wiFrvo\nhhSJgiFAXedeivzPVKyojwOBG73bomjTERDuHZa21EwlbWLkMznkhVQpdQpRLwc8\nhwwkVdWx16ISak1QoJqPWIgwP/K6F+93JsAOHueTggmyI6lwVwF4b4s6TLNe1r6V\nledLAVT7AhhOswKCAQEA0/oJLVJWMKGW7IEEEmv0kzg6ddhxZVyD+mFtLw3uCYSI\n9IJYl2mXvp0LMhRceh8QP6xqYSzFhtQRpZih0WO/iuaglK+jj9pWxhKCXqAS8Lbu\nspeJjjUQvYk88QxgCGn2em/dajXAnMWVDFJkHsa9pRSDdcTb9kj52CdlYbOnNSQ3\nFybm9yR8x/HtL2hhWHLNt0aKtZ+IseUUXLWWyX2xr7GvTQAGyt5fVV7SiyBETUvt\nixdrzRYs3jetOtqGnYGZOaiF6gX3KVYz9vK4plyCSRtcloG5hvkDkZcqOW05qAk5\nipQGSyppZulRCh0t+2tm1/q13E/VzAyIk5hdZR2bEQKCAQBm832AtMu4jXxCI2dN\nbba3dJIfeiSxZFSsHr3HzzBlnVt6HCEkssKMEuCPHDqYYuWbXpfRqBik7yddPAhi\n2J+OGLIS5v3WbU2VqwIP0VeXfx38+JAz0lIsFVpnu0nXBJORqerYh3EDAuP9S/sj\nz83jZzYIr/ADLKCDj2DIbEoifoFbJAiZxeOalBQWT/UCMDwZ7SAmd+OlEe+KtVp5\n4YqmHV5bsffN7P1Hajl7LBBY+Q4fa929OOF7CAwNdnt0fARjHu8B0SjntKc8UTjY\n4MAxbH9sipjEBh5bhazm0zKDQwgaL6wnB7WaAJ5vEnBABv3KuWWdvm1AZrL6L7zW\nsV4DAoIBAQCecXROlg6qhv3ihYTfqCXFrO+1ijUoSIC1tAECfO0B3DjqWkuR0XGF\nHqlxo1qERZfFoEBbpjV21CjkmDPL6T0Qu9YnjSk6qz7VCpy70faWSoYco7xDuVJr\n+Zq9qjxVza5YUikz7D2ucNk5vpPrlS3HqI+ihaTMcDuf38KdxsUiqZEsEv3smS9T\n3HcnSmQI0rcFWQrxOu/X2JzhtzGgJf2cj7myWmS5WoHzs864A0RKaoiBwN3pC7w5\n1W/8X77jGC3JtTdzd0YJdc+dtEtkvhz8PCF2tjxQsOyD9HOxPP0tpseF16LkqCzk\nqVzTrH/kP6E9qr4okNwDixLDD84veHOhAoIBAGcQ/OorsOm4aRsXJ7RLW4dumjOa\nHMxB+jI12mFiHp4BW2UhFz22epE5KhNggfxHsEiNg8V3yEp36rVazmYVtaFrpFi9\nzJG/UL32B2O6zQelpX7v1p+Oy/yvGmPz92w7zICX3sU7D2ypUYaM1mra9Olrmq9h\nSrD+hwMDS03ykHh3Rrjp1EFMaxE3SxrJslfRNW6M4rcuVF5/RLrQo6YRvvT6R7Vk\nMxJibN1xUkjwG2h/wRXIB3ZuQ0ERyDin+eSvKSdV48+N0JScUiP2xFrkgGx2v2Yb\nlCIDmegmnh0cqtaZ7f94eftKJZBsii/lVvq4hKBJ176XPmPyU451kj75APY=\n-----END RSA PRIVATE KEY-----\n",
            "content_base64": null,
            "content_base64sha256": "DbkFW3ucZSGnznEWm7Z2c6VhsHCG/uc3HItGaLefJ2g=",
            "content_base64sha512": "eBzk4JIFfVK3m4HD+2/woFCrbX998EW/UWU9cztOxlJxE9O2K50QZmxM6Olc5xeoH5F4MGGvvrJMaF2xaG6cfw==",
            "content_md5": "c7456f862da0a321d028d5fbf00bfe3f",
            "content_sha1": "8a1a9b781bffc944f83a1c135e0005f669b6844d",
            "content_sha256": "0db9055b7b9c6521a7ce71169bb67673a561b07086fee7371c8b4668b79f2768",
            "content_sha512": "781ce4e092057d52b79b81c3fb6ff0a050ab6d7f7df045bf51653d733b4ec6527113d3b62b9d10666c4ce8e95ce717a81f91783061afbeb24c685db1686e9c7f",
            "directory_permission": "0777",
            "file_permission": "0400",
            "filename": "./clave-4-capas.pem",
            "id": "8a1a9b781bffc944f83a1c135e0005f669b6844d",
            "sensitive_content": null,
            "source": null
          },
          "sensitive_attributes": [
            [
              {
                "type": "get_attr",
                "value": "content"
              }
            ],
            [
              {
                "type": "get_attr",
                "value": "sensitive_content"
              }
            ]
          ],
          "identity_schema_version": 0,
          "dependencies": [
            "tls_private_key.clave_ssh"
          ]
        }
      ]
    },
    {
      "mode": "managed",
      "type": "tls_private_key",
      "name": "clave_ssh",
      "provider": "provider[\"registry.terraform.io/hashicorp/tls\"]",
      "instances": [
        {
          "schema_version": 1,
          "attributes": {
            "algorithm": "RSA",
            "ecdsa_curve": "P224",
            "id": "31938c6d36c87f4ea2910274406e99d01def0b18",
            "private_key_openssh": "-----BEGIN OPENSSH PRIVATE KEY-----\nb3BlbnNzaC1rZXktdjEAAAAABG5vbmUAAAAEbm9uZQAAAAAAAAABAAACFwAAAAdz\nc2gtcnNhAAAAAwEAAQAAAgEAtf/XyKh6MDcmRQYm2Gxh3OZXzXUEnQSXBX6uv8xA\nKmAJ/e7oM1w3KMv35NItGI7Stwog5JTAI8gZVgJDB9RpmoArF8NwR+HzCNusazJI\nVzRIMP5rdiC6X2P1G4dxxbxzkh0JO4S6iyElA3/OoE0zR9nqHqQAMXFUDd9q9Vd7\nTi6Ko4qIGwu+tJl24zsGUAve2kzMrfLEOS+EJmucmufg7xMKBdGYq3Cj6r6l+0ha\n2cW6K3f0b6WG5JeB2IKo3hpKmi2NnLDP8/2Of+N6XPI2stap1As/QpHpZfEu5JJb\nEq8BpAlUE/wIQxS7OR03+KMeWX8ArPFPwx2b3i2QF6TZzWlb/SqdyPwi2Pz2xsj8\nM8xapxtExrZr4ugAV5sxuU6NvbbsN+sYmltPTEwJ22SOmcH5QNn8Rl+mAXGeXNev\n8H1HhReeIXkdpoFtawumNvAnBYZTlfzJhaaeJm2KyR6h6ZKYWXxf1zcgxQQlXF4x\nj8doByxEyZcXNX2I+tPBVh92KyMaDOhFE6rgVNJNMjkg1qhzONbwZWM4ZP+pEwRt\nevIH3bYV1Nh+924X+FVoBn3m0JHwOIJwxwMPXEQ6wMQs3A226wzaoNObqFMw1xwx\n1odgW2l4s/8pflTeNR12OwXd2NirZvZbO5tkF+CkQ9onChV37fvUdl8J7CVRxGSK\nmuMAAAc41kyrQtZMq0IAAAAHc3NoLXJzYQAAAgEAtf/XyKh6MDcmRQYm2Gxh3OZX\nzXUEnQSXBX6uv8xAKmAJ/e7oM1w3KMv35NItGI7Stwog5JTAI8gZVgJDB9RpmoAr\nF8NwR+HzCNusazJIVzRIMP5rdiC6X2P1G4dxxbxzkh0JO4S6iyElA3/OoE0zR9nq\nHqQAMXFUDd9q9Vd7Ti6Ko4qIGwu+tJl24zsGUAve2kzMrfLEOS+EJmucmufg7xMK\nBdGYq3Cj6r6l+0ha2cW6K3f0b6WG5JeB2IKo3hpKmi2NnLDP8/2Of+N6XPI2stap\n1As/QpHpZfEu5JJbEq8BpAlUE/wIQxS7OR03+KMeWX8ArPFPwx2b3i2QF6TZzWlb\n/SqdyPwi2Pz2xsj8M8xapxtExrZr4ugAV5sxuU6NvbbsN+sYmltPTEwJ22SOmcH5\nQNn8Rl+mAXGeXNev8H1HhReeIXkdpoFtawumNvAnBYZTlfzJhaaeJm2KyR6h6ZKY\nWXxf1zcgxQQlXF4xj8doByxEyZcXNX2I+tPBVh92KyMaDOhFE6rgVNJNMjkg1qhz\nONbwZWM4ZP+pEwRtevIH3bYV1Nh+924X+FVoBn3m0JHwOIJwxwMPXEQ6wMQs3A22\n6wzaoNObqFMw1xwx1odgW2l4s/8pflTeNR12OwXd2NirZvZbO5tkF+CkQ9onChV3\n7fvUdl8J7CVRxGSKmuMAAAADAQABAAACAEB9y0IAaWPidv4oguVX6omzWdOlLqBR\nOw6oaFXwk6Awbfn8iW2BtM4REOOVkoNMQOC5hxRYnYlQY6H1pTkGDPHBjwOZrpTa\nPRubdAp8Q+Qa06YA0aWHTWN18SnzId62u6FABsB/dPbOJOaLiHWHRa+lSW/YH3Vl\nuio8TBNqD3iRx3DSKw6iZ85pPxagGMmOm0ZxxmmxR9UXwFU49sJxfmRZM8kCD35Y\nqM0LB5f2eLMIfMLge86AMj+YbFuDWUFywZLGp5KpmNbVt4Qb4IVFExrmNEG+RolZ\nWQJVp485SWpid0tgPtniCi9zDjDb6LSDYMLH3T5rOB9kw5HERXYLZV3qgnSZi2D8\nwFO4BIn18+n48o9Wultq5UcfU3d0Xty2BRe09i/Ryme9NNYSOUFJL7HAwTBm1wFc\nwPs8RpBBi11LH9YLL+Rx6hc79aZB1N7C6HqgjamcxroVF2JA6mscKHHvDV1cRcx2\nxTIEqWtJjmAyShfaXYa9vtBNHiCKz/3jLMdX+zB+OOSIBKwMRPbn904Euqf1K/kl\nxdYcDENIPK5MEDA/9E5kAlheBtGtNTM40tLlQRStrkivpYQmxGi9hjaoU7KaRuXw\ngGOaEbDDklg2O2MP123iRuk4hk0nNbmjcPdNaDvj5EhZjUSAZaF3AAl/oZcMUZkd\nO5IywFL/7t3hAAABAGcQ/OorsOm4aRsXJ7RLW4dumjOaHMxB+jI12mFiHp4BW2Uh\nFz22epE5KhNggfxHsEiNg8V3yEp36rVazmYVtaFrpFi9zJG/UL32B2O6zQelpX7v\n1p+Oy/yvGmPz92w7zICX3sU7D2ypUYaM1mra9Olrmq9hSrD+hwMDS03ykHh3Rrjp\n1EFMaxE3SxrJslfRNW6M4rcuVF5/RLrQo6YRvvT6R7VkMxJibN1xUkjwG2h/wRXI\nB3ZuQ0ERyDin+eSvKSdV48+N0JScUiP2xFrkgGx2v2YblCIDmegmnh0cqtaZ7f94\neftKJZBsii/lVvq4hKBJ176XPmPyU451kj75APYAAAEBANvMCBMIjTeLFf0C+PoH\nbGY0M8XCNITO1rbqV164fWaMuytFUhfmggmiwItHCtrcEJCLEGOshfm+XrliPtIu\ntHl1rmKzDpB7/jCodQtlLd3HwOuQdahwVYR0G5AhXxUCyC9qIBgrpUCjpcRwQR0a\nyuUyip6eV07W3/xlepTv5qM1+xfni9P84DSA2h3W4VYqomO8Iha76IYUiYIhQF3n\nXor8z1SsqI8DgRu926Jo0xEQ7h2WttRMJW1i5DM55IVUKXUKUS8HPIcMJFXVsdei\nEmpNUKCaj1iIMD/yuhfvdybADh7nk4IJsiOpcFcBeG+LOkyzXta+lZXnSwFU+wIY\nTrMAAAEBANP6CS1SVjChluyBBBJr9JM4OnXYcWVcg/phbS8N7gmEiPSCWJdpl76d\nCzIUXHofED+samEsxYbUEaWYodFjv4rmoJSvo4/aVsYSgl6gEvC27rKXiY41EL2J\nPPEMYAhp9npv3Wo1wJzFlQxSZB7GvaUUg3XE2/ZI+dgnZWGzpzUkNxcm5vckfMfx\n7S9oYVhyzbdGirWfiLHlFFy1lsl9sa+xr00ABsreX1Ve0osgRE1L7YsXa80WLN43\nrTrahp2BmTmoheoF9ylWM/byuKZcgkkbXJaBuYb5A5GXKjltOagJOYqUBksqaWbp\nUQodLftrZtf6tdxP1cwMiJOYXWUdmxEAAAAAAQID\n-----END OPENSSH PRIVATE KEY-----\n",
            "private_key_pem": "-----BEGIN RSA PRIVATE KEY-----\nMIIJKAIBAAKCAgEAtf/XyKh6MDcmRQYm2Gxh3OZXzXUEnQSXBX6uv8xAKmAJ/e7o\nM1w3KMv35NItGI7Stwog5JTAI8gZVgJDB9RpmoArF8NwR+HzCNusazJIVzRIMP5r\ndiC6X2P1G4dxxbxzkh0JO4S6iyElA3/OoE0zR9nqHqQAMXFUDd9q9Vd7Ti6Ko4qI\nGwu+tJl24zsGUAve2kzMrfLEOS+EJmucmufg7xMKBdGYq3Cj6r6l+0ha2cW6K3f0\nb6WG5JeB2IKo3hpKmi2NnLDP8/2Of+N6XPI2stap1As/QpHpZfEu5JJbEq8BpAlU\nE/wIQxS7OR03+KMeWX8ArPFPwx2b3i2QF6TZzWlb/SqdyPwi2Pz2xsj8M8xapxtE\nxrZr4ugAV5sxuU6NvbbsN+sYmltPTEwJ22SOmcH5QNn8Rl+mAXGeXNev8H1HhRee\nIXkdpoFtawumNvAnBYZTlfzJhaaeJm2KyR6h6ZKYWXxf1zcgxQQlXF4xj8doByxE\nyZcXNX2I+tPBVh92KyMaDOhFE6rgVNJNMjkg1qhzONbwZWM4ZP+pEwRtevIH3bYV\n1Nh+924X+FVoBn3m0JHwOIJwxwMPXEQ6wMQs3A226wzaoNObqFMw1xwx1odgW2l4\ns/8pflTeNR12OwXd2NirZvZbO5tkF+CkQ9onChV37fvUdl8J7CVRxGSKmuMCAwEA\nAQKCAgBAfctCAGlj4nb+KILlV+qJs1nTpS6gUTsOqGhV8JOgMG35/IltgbTOERDj\nlZKDTEDguYcUWJ2JUGOh9aU5BgzxwY8Dma6U2j0bm3QKfEPkGtOmANGlh01jdfEp\n8yHetruhQAbAf3T2ziTmi4h1h0WvpUlv2B91ZboqPEwTag94kcdw0isOomfOaT8W\noBjJjptGccZpsUfVF8BVOPbCcX5kWTPJAg9+WKjNCweX9nizCHzC4HvOgDI/mGxb\ng1lBcsGSxqeSqZjW1beEG+CFRRMa5jRBvkaJWVkCVaePOUlqYndLYD7Z4govcw4w\n2+i0g2DCx90+azgfZMORxEV2C2Vd6oJ0mYtg/MBTuASJ9fPp+PKPVrpbauVHH1N3\ndF7ctgUXtPYv0cpnvTTWEjlBSS+xwMEwZtcBXMD7PEaQQYtdSx/WCy/kceoXO/Wm\nQdTewuh6oI2pnMa6FRdiQOprHChx7w1dXEXMdsUyBKlrSY5gMkoX2l2Gvb7QTR4g\nis/94yzHV/swfjjkiASsDET25/dOBLqn9Sv5JcXWHAxDSDyuTBAwP/ROZAJYXgbR\nrTUzONLS5UEUra5Ir6WEJsRovYY2qFOymkbl8IBjmhGww5JYNjtjD9dt4kbpOIZN\nJzW5o3D3TWg74+RIWY1EgGWhdwAJf6GXDFGZHTuSMsBS/+7d4QKCAQEA28wIEwiN\nN4sV/QL4+gdsZjQzxcI0hM7WtupXXrh9Zoy7K0VSF+aCCaLAi0cK2twQkIsQY6yF\n+b5euWI+0i60eXWuYrMOkHv+MKh1C2Ut3cfA65B1qHBVhHQbkCFfFQLIL2ogGCul\nQKOlxHBBHRrK5TKKnp5XTtbf/GV6lO/mozX7F+eL0/zgNIDaHdbhViqiY7wiFrvo\nhhSJgiFAXedeivzPVKyojwOBG73bomjTERDuHZa21EwlbWLkMznkhVQpdQpRLwc8\nhwwkVdWx16ISak1QoJqPWIgwP/K6F+93JsAOHueTggmyI6lwVwF4b4s6TLNe1r6V\nledLAVT7AhhOswKCAQEA0/oJLVJWMKGW7IEEEmv0kzg6ddhxZVyD+mFtLw3uCYSI\n9IJYl2mXvp0LMhRceh8QP6xqYSzFhtQRpZih0WO/iuaglK+jj9pWxhKCXqAS8Lbu\nspeJjjUQvYk88QxgCGn2em/dajXAnMWVDFJkHsa9pRSDdcTb9kj52CdlYbOnNSQ3\nFybm9yR8x/HtL2hhWHLNt0aKtZ+IseUUXLWWyX2xr7GvTQAGyt5fVV7SiyBETUvt\nixdrzRYs3jetOtqGnYGZOaiF6gX3KVYz9vK4plyCSRtcloG5hvkDkZcqOW05qAk5\nipQGSyppZulRCh0t+2tm1/q13E/VzAyIk5hdZR2bEQKCAQBm832AtMu4jXxCI2dN\nbba3dJIfeiSxZFSsHr3HzzBlnVt6HCEkssKMEuCPHDqYYuWbXpfRqBik7yddPAhi\n2J+OGLIS5v3WbU2VqwIP0VeXfx38+JAz0lIsFVpnu0nXBJORqerYh3EDAuP9S/sj\nz83jZzYIr/ADLKCDj2DIbEoifoFbJAiZxeOalBQWT/UCMDwZ7SAmd+OlEe+KtVp5\n4YqmHV5bsffN7P1Hajl7LBBY+Q4fa929OOF7CAwNdnt0fARjHu8B0SjntKc8UTjY\n4MAxbH9sipjEBh5bhazm0zKDQwgaL6wnB7WaAJ5vEnBABv3KuWWdvm1AZrL6L7zW\nsV4DAoIBAQCecXROlg6qhv3ihYTfqCXFrO+1ijUoSIC1tAECfO0B3DjqWkuR0XGF\nHqlxo1qERZfFoEBbpjV21CjkmDPL6T0Qu9YnjSk6qz7VCpy70faWSoYco7xDuVJr\n+Zq9qjxVza5YUikz7D2ucNk5vpPrlS3HqI+ihaTMcDuf38KdxsUiqZEsEv3smS9T\n3HcnSmQI0rcFWQrxOu/X2JzhtzGgJf2cj7myWmS5WoHzs864A0RKaoiBwN3pC7w5\n1W/8X77jGC3JtTdzd0YJdc+dtEtkvhz8PCF2tjxQsOyD9HOxPP0tpseF16LkqCzk\nqVzTrH/kP6E9qr4okNwDixLDD84veHOhAoIBAGcQ/OorsOm4aRsXJ7RLW4dumjOa\nHMxB+jI12mFiHp4BW2UhFz22epE5KhNggfxHsEiNg8V3yEp36rVazmYVtaFrpFi9\nzJG/UL32B2O6zQelpX7v1p+Oy/yvGmPz92w7zICX3sU7D2ypUYaM1mra9Olrmq9h\nSrD+hwMDS03ykHh3Rrjp1EFMaxE3SxrJslfRNW6M4rcuVF5/RLrQo6YRvvT6R7Vk\nMxJibN1xUkjwG2h/wRXIB3ZuQ0ERyDin+eSvKSdV48+N0JScUiP2xFrkgGx2v2Yb\nlCIDmegmnh0cqtaZ7f94eftKJZBsii/lVvq4hKBJ176XPmPyU451kj75APY=\n-----END RSA PRIVATE KEY-----\n",
            "private_key_pem_pkcs8": "-----BEGIN PRIVATE KEY-----\nMIIJQgIBADANBgkqhkiG9w0BAQEFAASCCSwwggkoAgEAAoICAQC1/9fIqHowNyZF\nBibYbGHc5lfNdQSdBJcFfq6/zEAqYAn97ugzXDcoy/fk0i0YjtK3CiDklMAjyBlW\nAkMH1GmagCsXw3BH4fMI26xrMkhXNEgw/mt2ILpfY/Ubh3HFvHOSHQk7hLqLISUD\nf86gTTNH2eoepAAxcVQN32r1V3tOLoqjiogbC760mXbjOwZQC97aTMyt8sQ5L4Qm\na5ya5+DvEwoF0ZircKPqvqX7SFrZxbord/RvpYbkl4HYgqjeGkqaLY2csM/z/Y5/\n43pc8jay1qnUCz9Ckell8S7kklsSrwGkCVQT/AhDFLs5HTf4ox5ZfwCs8U/DHZve\nLZAXpNnNaVv9Kp3I/CLY/PbGyPwzzFqnG0TGtmvi6ABXmzG5To29tuw36xiaW09M\nTAnbZI6ZwflA2fxGX6YBcZ5c16/wfUeFF54heR2mgW1rC6Y28CcFhlOV/MmFpp4m\nbYrJHqHpkphZfF/XNyDFBCVcXjGPx2gHLETJlxc1fYj608FWH3YrIxoM6EUTquBU\n0k0yOSDWqHM41vBlYzhk/6kTBG168gfdthXU2H73bhf4VWgGfebQkfA4gnDHAw9c\nRDrAxCzcDbbrDNqg05uoUzDXHDHWh2BbaXiz/yl+VN41HXY7Bd3Y2Ktm9ls7m2QX\n4KRD2icKFXft+9R2XwnsJVHEZIqa4wIDAQABAoICAEB9y0IAaWPidv4oguVX6omz\nWdOlLqBROw6oaFXwk6Awbfn8iW2BtM4REOOVkoNMQOC5hxRYnYlQY6H1pTkGDPHB\njwOZrpTaPRubdAp8Q+Qa06YA0aWHTWN18SnzId62u6FABsB/dPbOJOaLiHWHRa+l\nSW/YH3Vluio8TBNqD3iRx3DSKw6iZ85pPxagGMmOm0ZxxmmxR9UXwFU49sJxfmRZ\nM8kCD35YqM0LB5f2eLMIfMLge86AMj+YbFuDWUFywZLGp5KpmNbVt4Qb4IVFExrm\nNEG+RolZWQJVp485SWpid0tgPtniCi9zDjDb6LSDYMLH3T5rOB9kw5HERXYLZV3q\ngnSZi2D8wFO4BIn18+n48o9Wultq5UcfU3d0Xty2BRe09i/Ryme9NNYSOUFJL7HA\nwTBm1wFcwPs8RpBBi11LH9YLL+Rx6hc79aZB1N7C6HqgjamcxroVF2JA6mscKHHv\nDV1cRcx2xTIEqWtJjmAyShfaXYa9vtBNHiCKz/3jLMdX+zB+OOSIBKwMRPbn904E\nuqf1K/klxdYcDENIPK5MEDA/9E5kAlheBtGtNTM40tLlQRStrkivpYQmxGi9hjao\nU7KaRuXwgGOaEbDDklg2O2MP123iRuk4hk0nNbmjcPdNaDvj5EhZjUSAZaF3AAl/\noZcMUZkdO5IywFL/7t3hAoIBAQDbzAgTCI03ixX9Avj6B2xmNDPFwjSEzta26lde\nuH1mjLsrRVIX5oIJosCLRwra3BCQixBjrIX5vl65Yj7SLrR5da5isw6Qe/4wqHUL\nZS3dx8DrkHWocFWEdBuQIV8VAsgvaiAYK6VAo6XEcEEdGsrlMoqenldO1t/8ZXqU\n7+ajNfsX54vT/OA0gNod1uFWKqJjvCIWu+iGFImCIUBd516K/M9UrKiPA4Ebvdui\naNMREO4dlrbUTCVtYuQzOeSFVCl1ClEvBzyHDCRV1bHXohJqTVCgmo9YiDA/8roX\n73cmwA4e55OCCbIjqXBXAXhvizpMs17WvpWV50sBVPsCGE6zAoIBAQDT+gktUlYw\noZbsgQQSa/STODp12HFlXIP6YW0vDe4JhIj0gliXaZe+nQsyFFx6HxA/rGphLMWG\n1BGlmKHRY7+K5qCUr6OP2lbGEoJeoBLwtu6yl4mONRC9iTzxDGAIafZ6b91qNcCc\nxZUMUmQexr2lFIN1xNv2SPnYJ2Vhs6c1JDcXJub3JHzH8e0vaGFYcs23Roq1n4ix\n5RRctZbJfbGvsa9NAAbK3l9VXtKLIERNS+2LF2vNFizeN6062oadgZk5qIXqBfcp\nVjP28rimXIJJG1yWgbmG+QORlyo5bTmoCTmKlAZLKmlm6VEKHS37a2bX+rXcT9XM\nDIiTmF1lHZsRAoIBAGbzfYC0y7iNfEIjZ01ttrd0kh96JLFkVKwevcfPMGWdW3oc\nISSywowS4I8cOphi5Ztel9GoGKTvJ108CGLYn44YshLm/dZtTZWrAg/RV5d/Hfz4\nkDPSUiwVWme7SdcEk5Gp6tiHcQMC4/1L+yPPzeNnNgiv8AMsoIOPYMhsSiJ+gVsk\nCJnF45qUFBZP9QIwPBntICZ346UR74q1WnnhiqYdXlux983s/UdqOXssEFj5Dh9r\n3b044XsIDA12e3R8BGMe7wHRKOe0pzxRONjgwDFsf2yKmMQGHluFrObTMoNDCBov\nrCcHtZoAnm8ScEAG/cq5ZZ2+bUBmsvovvNaxXgMCggEBAJ5xdE6WDqqG/eKFhN+o\nJcWs77WKNShIgLW0AQJ87QHcOOpaS5HRcYUeqXGjWoRFl8WgQFumNXbUKOSYM8vp\nPRC71ieNKTqrPtUKnLvR9pZKhhyjvEO5Umv5mr2qPFXNrlhSKTPsPa5w2Tm+k+uV\nLceoj6KFpMxwO5/fwp3GxSKpkSwS/eyZL1PcdydKZAjStwVZCvE679fYnOG3MaAl\n/ZyPubJaZLlagfOzzrgDREpqiIHA3ekLvDnVb/xfvuMYLcm1N3N3Rgl1z520S2S+\nHPw8IXa2PFCw7IP0c7E8/S2mx4XXouSoLOSpXNOsf+Q/oT2qviiQ3AOLEsMPzi94\nc6ECggEAZxD86iuw6bhpGxcntEtbh26aM5oczEH6MjXaYWIengFbZSEXPbZ6kTkq\nE2CB/EewSI2DxXfISnfqtVrOZhW1oWukWL3Mkb9QvfYHY7rNB6Wlfu/Wn47L/K8a\nY/P3bDvMgJfexTsPbKlRhozWatr06Wuar2FKsP6HAwNLTfKQeHdGuOnUQUxrETdL\nGsmyV9E1bozity5UXn9EutCjphG+9PpHtWQzEmJs3XFSSPAbaH/BFcgHdm5DQRHI\nOKf55K8pJ1Xjz43QlJxSI/bEWuSAbHa/ZhuUIgOZ6CaeHRyq1pnt/3h5+0olkGyK\nL+VW+riEoEnXvpc+Y/JTjnWSPvkA9g==\n-----END PRIVATE KEY-----\n",
            "public_key_fingerprint_md5": "85:58:7c:b4:80:88:1e:1b:a8:52:ba:7b:6d:a5:a9:d4",
            "public_key_fingerprint_sha256": "SHA256:puGwpsyviamPiKTjn0BSbbqf+b/ku9OBipSXAZIt6Bg",
            "public_key_openssh": "ssh-rsa AAAAB3NzaC1yc2EAAAADAQABAAACAQC1/9fIqHowNyZFBibYbGHc5lfNdQSdBJcFfq6/zEAqYAn97ugzXDcoy/fk0i0YjtK3CiDklMAjyBlWAkMH1GmagCsXw3BH4fMI26xrMkhXNEgw/mt2ILpfY/Ubh3HFvHOSHQk7hLqLISUDf86gTTNH2eoepAAxcVQN32r1V3tOLoqjiogbC760mXbjOwZQC97aTMyt8sQ5L4Qma5ya5+DvEwoF0ZircKPqvqX7SFrZxbord/RvpYbkl4HYgqjeGkqaLY2csM/z/Y5/43pc8jay1qnUCz9Ckell8S7kklsSrwGkCVQT/AhDFLs5HTf4ox5ZfwCs8U/DHZveLZAXpNnNaVv9Kp3I/CLY/PbGyPwzzFqnG0TGtmvi6ABXmzG5To29tuw36xiaW09MTAnbZI6ZwflA2fxGX6YBcZ5c16/wfUeFF54heR2mgW1rC6Y28CcFhlOV/MmFpp4mbYrJHqHpkphZfF/XNyDFBCVcXjGPx2gHLETJlxc1fYj608FWH3YrIxoM6EUTquBU0k0yOSDWqHM41vBlYzhk/6kTBG168gfdthXU2H73bhf4VWgGfebQkfA4gnDHAw9cRDrAxCzcDbbrDNqg05uoUzDXHDHWh2BbaXiz/yl+VN41HXY7Bd3Y2Ktm9ls7m2QX4KRD2icKFXft+9R2XwnsJVHEZIqa4w==\n",
            "public_key_pem": "-----BEGIN PUBLIC KEY-----\nMIICIjANBgkqhkiG9w0BAQEFAAOCAg8AMIICCgKCAgEAtf/XyKh6MDcmRQYm2Gxh\n3OZXzXUEnQSXBX6uv8xAKmAJ/e7oM1w3KMv35NItGI7Stwog5JTAI8gZVgJDB9Rp\nmoArF8NwR+HzCNusazJIVzRIMP5rdiC6X2P1G4dxxbxzkh0JO4S6iyElA3/OoE0z\nR9nqHqQAMXFUDd9q9Vd7Ti6Ko4qIGwu+tJl24zsGUAve2kzMrfLEOS+EJmucmufg\n7xMKBdGYq3Cj6r6l+0ha2cW6K3f0b6WG5JeB2IKo3hpKmi2NnLDP8/2Of+N6XPI2\nstap1As/QpHpZfEu5JJbEq8BpAlUE/wIQxS7OR03+KMeWX8ArPFPwx2b3i2QF6TZ\nzWlb/SqdyPwi2Pz2xsj8M8xapxtExrZr4ugAV5sxuU6NvbbsN+sYmltPTEwJ22SO\nmcH5QNn8Rl+mAXGeXNev8H1HhReeIXkdpoFtawumNvAnBYZTlfzJhaaeJm2KyR6h\n6ZKYWXxf1zcgxQQlXF4xj8doByxEyZcXNX2I+tPBVh92KyMaDOhFE6rgVNJNMjkg\n1qhzONbwZWM4ZP+pEwRtevIH3bYV1Nh+924X+FVoBn3m0JHwOIJwxwMPXEQ6wMQs\n3A226wzaoNObqFMw1xwx1odgW2l4s/8pflTeNR12OwXd2NirZvZbO5tkF+CkQ9on\nChV37fvUdl8J7CVRxGSKmuMCAwEAAQ==\n-----END PUBLIC KEY-----\n",
            "rsa_bits": 4096
          },
          "sensitive_attributes": [
            [
              {
                "type": "get_attr",
                "value": "private_key_openssh"
              }
            ],
            [
              {
                "type": "get_attr",
                "value": "private_key_pem"
              }
            ],
            [
              {
                "type": "get_attr",
                "value": "private_key_pem_pkcs8"
              }
            ]
          ],
          "identity_schema_version": 0
        }
      ]
    }
  ],
  "check_results": null
}
