{
  "version": 4,
  "terraform_version": "1.15.5",
  "serial": 81,
  "lineage": "96895419-be62-8a43-a5ec-989c46389044",
  "outputs": {
    "ip_privada_backend_1": {
      "value": "10.0.2.240",
      "type": "string"
    },
    "ip_privada_backend_2": {
      "value": "10.0.3.69",
      "type": "string"
    },
    "ip_privada_base_datos": {
      "value": "10.0.4.195",
      "type": "string"
    },
    "ip_publica_frontend": {
      "value": "54.210.54.198",
      "type": "string"
    }
  },
  "resources": [
    {
      "mode": "managed",
      "type": "aws_eip",
      "name": "eip_front",
      "provider": "provider[\"registry.terraform.io/hashicorp/aws\"]",
      "instances": [
        {
          "schema_version": 0,
          "attributes": {
            "address": null,
            "allocation_id": "eipalloc-0be45ec92a88d2d0a",
            "arn": "arn:aws:ec2:us-east-1:572392556337:elastic-ip/eipalloc-0be45ec92a88d2d0a",
            "associate_with_private_ip": null,
            "association_id": "eipassoc-0ece866b36144b2e2",
            "carrier_ip": "",
            "customer_owned_ip": "",
            "customer_owned_ipv4_pool": "",
            "domain": "vpc",
            "id": "eipalloc-0be45ec92a88d2d0a",
            "instance": "i-0441d56fa8b3a3e78",
            "ipam_pool_id": null,
            "network_border_group": "us-east-1",
            "network_interface": "eni-0eb62563bacefd8d4",
            "private_dns": "ip-10-0-1-60.ec2.internal",
            "private_ip": "10.0.1.60",
            "ptr_record": "",
            "public_dns": "ec2-54-210-54-198.compute-1.amazonaws.com",
            "public_ip": "54.210.54.198",
            "public_ipv4_pool": "amazon",
            "tags": null,
            "tags_all": {},
            "timeouts": null,
            "vpc": true
          },
          "sensitive_attributes": [],
          "identity_schema_version": 0,
          "private": "eyJlMmJmYjczMC1lY2FhLTExZTYtOGY4OC0zNDM2M2JjN2M0YzAiOnsiZGVsZXRlIjoxODAwMDAwMDAwMDAsInJlYWQiOjkwMDAwMDAwMDAwMCwidXBkYXRlIjozMDAwMDAwMDAwMDB9fQ==",
          "dependencies": [
            "aws_instance.ec2_frontend",
            "aws_key_pair.key_pair",
            "aws_security_group.sg_frontend",
            "aws_subnet.subred_front",
            "aws_vpc.vpc_principal",
            "tls_private_key.clave_ssh"
          ]
        }
      ]
    },
    {
      "mode": "managed",
      "type": "aws_eip",
      "name": "eip_nat",
      "provider": "provider[\"registry.terraform.io/hashicorp/aws\"]",
      "instances": [
        {
          "schema_version": 0,
          "attributes": {
            "address": null,
            "allocation_id": "eipalloc-06cac561df5ef203d",
            "arn": "arn:aws:ec2:us-east-1:572392556337:elastic-ip/eipalloc-06cac561df5ef203d",
            "associate_with_private_ip": null,
            "association_id": "",
            "carrier_ip": "",
            "customer_owned_ip": "",
            "customer_owned_ipv4_pool": "",
            "domain": "vpc",
            "id": "eipalloc-06cac561df5ef203d",
            "instance": "",
            "ipam_pool_id": null,
            "network_border_group": "us-east-1",
            "network_interface": "",
            "private_dns": null,
            "private_ip": "",
            "ptr_record": "",
            "public_dns": "ec2-44-207-108-14.compute-1.amazonaws.com",
            "public_ip": "44.207.108.14",
            "public_ipv4_pool": "amazon",
            "tags": null,
            "tags_all": {},
            "timeouts": null,
            "vpc": true
          },
          "sensitive_attributes": [],
          "identity_schema_version": 0,
          "private": "eyJlMmJmYjczMC1lY2FhLTExZTYtOGY4OC0zNDM2M2JjN2M0YzAiOnsiZGVsZXRlIjoxODAwMDAwMDAwMDAsInJlYWQiOjkwMDAwMDAwMDAwMCwidXBkYXRlIjozMDAwMDAwMDAwMDB9fQ==",
          "dependencies": [
            "aws_internet_gateway.igw",
            "aws_vpc.vpc_principal"
          ]
        }
      ]
    },
    {
      "mode": "managed",
      "type": "aws_instance",
      "name": "ec2_backend_1",
      "provider": "provider[\"registry.terraform.io/hashicorp/aws\"]",
      "instances": [
        {
          "schema_version": 1,
          "attributes": {
            "ami": "ami-00e801948462f718a",
            "arn": "arn:aws:ec2:us-east-1:572392556337:instance/i-061635260dc3e46d0",
            "associate_public_ip_address": false,
            "availability_zone": "us-east-1a",
            "capacity_reservation_specification": [
              {
                "capacity_reservation_preference": "open",
                "capacity_reservation_target": []
              }
            ],
            "cpu_core_count": 1,
            "cpu_options": [
              {
                "amd_sev_snp": "",
                "core_count": 1,
                "threads_per_core": 2
              }
            ],
            "cpu_threads_per_core": 2,
            "credit_specification": [
              {
                "cpu_credits": "unlimited"
              }
            ],
            "disable_api_stop": false,
            "disable_api_termination": false,
            "ebs_block_device": [],
            "ebs_optimized": false,
            "enable_primary_ipv6": null,
            "enclave_options": [
              {
                "enabled": false
              }
            ],
            "ephemeral_block_device": [],
            "get_password_data": false,
            "hibernation": false,
            "host_id": "",
            "host_resource_group_arn": null,
            "iam_instance_profile": "",
            "id": "i-061635260dc3e46d0",
            "instance_initiated_shutdown_behavior": "stop",
            "instance_lifecycle": "",
            "instance_market_options": [],
            "instance_state": "running",
            "instance_type": "t3.micro",
            "ipv6_address_count": 0,
            "ipv6_addresses": [],
            "key_name": "clave-proyecto-4-capas",
            "launch_template": [],
            "maintenance_options": [
              {
                "auto_recovery": "default"
              }
            ],
            "metadata_options": [
              {
                "http_endpoint": "enabled",
                "http_protocol_ipv6": "disabled",
                "http_put_response_hop_limit": 2,
                "http_tokens": "required",
                "instance_metadata_tags": "disabled"
              }
            ],
            "monitoring": false,
            "network_interface": [],
            "outpost_arn": "",
            "password_data": "",
            "placement_group": "",
            "placement_partition_number": 0,
            "primary_network_interface_id": "eni-0b079db0ac1897901",
            "private_dns": "ip-10-0-2-240.ec2.internal",
            "private_dns_name_options": [
              {
                "enable_resource_name_dns_a_record": false,
                "enable_resource_name_dns_aaaa_record": false,
                "hostname_type": "ip-name"
              }
            ],
            "private_ip": "10.0.2.240",
            "public_dns": "",
            "public_ip": "",
            "root_block_device": [
              {
                "delete_on_termination": true,
                "device_name": "/dev/xvda",
                "encrypted": false,
                "iops": 3000,
                "kms_key_id": "",
                "tags": {},
                "tags_all": {},
                "throughput": 125,
                "volume_id": "vol-0bf8ea7e7068904eb",
                "volume_size": 8,
                "volume_type": "gp3"
              }
            ],
            "secondary_private_ips": [],
            "security_groups": [],
            "source_dest_check": true,
            "spot_instance_request_id": "",
            "subnet_id": "subnet-01ea8870f1cf3fd4d",
            "tags": {
              "Name": "ec2-backend-1"
            },
            "tags_all": {
              "Name": "ec2-backend-1"
            },
            "tenancy": "default",
            "timeouts": null,
            "user_data": "beaa7c16158e6b8cbcf186625a9f84d9347a8b76",
            "user_data_base64": null,
            "user_data_replace_on_change": false,
            "volume_tags": null,
            "vpc_security_group_ids": [
              "sg-0241694895a488329"
            ]
          },
          "sensitive_attributes": [],
          "identity_schema_version": 0,
          "private": "eyJlMmJmYjczMC1lY2FhLTExZTYtOGY4OC0zNDM2M2JjN2M0YzAiOnsiY3JlYXRlIjo2MDAwMDAwMDAwMDAsImRlbGV0ZSI6MTIwMDAwMDAwMDAwMCwicmVhZCI6OTAwMDAwMDAwMDAwLCJ1cGRhdGUiOjYwMDAwMDAwMDAwMH0sInNjaGVtYV92ZXJzaW9uIjoiMSJ9",
          "dependencies": [
            "aws_key_pair.key_pair",
            "aws_security_group.sg_backend_1",
            "aws_security_group.sg_frontend",
            "aws_subnet.subred_back1",
            "aws_vpc.vpc_principal",
            "tls_private_key.clave_ssh"
          ]
        }
      ]
    },
    {
      "mode": "managed",
      "type": "aws_instance",
      "name": "ec2_backend_2",
      "provider": "provider[\"registry.terraform.io/hashicorp/aws\"]",
      "instances": [
        {
          "schema_version": 1,
          "attributes": {
            "ami": "ami-00e801948462f718a",
            "arn": "arn:aws:ec2:us-east-1:572392556337:instance/i-0ddefc1857e259577",
            "associate_public_ip_address": false,
            "availability_zone": "us-east-1a",
            "capacity_reservation_specification": [
              {
                "capacity_reservation_preference": "open",
                "capacity_reservation_target": []
              }
            ],
            "cpu_core_count": 1,
            "cpu_options": [
              {
                "amd_sev_snp": "",
                "core_count": 1,
                "threads_per_core": 2
              }
            ],
            "cpu_threads_per_core": 2,
            "credit_specification": [
              {
                "cpu_credits": "unlimited"
              }
            ],
            "disable_api_stop": false,
            "disable_api_termination": false,
            "ebs_block_device": [],
            "ebs_optimized": false,
            "enable_primary_ipv6": null,
            "enclave_options": [
              {
                "enabled": false
              }
            ],
            "ephemeral_block_device": [],
            "get_password_data": false,
            "hibernation": false,
            "host_id": "",
            "host_resource_group_arn": null,
            "iam_instance_profile": "",
            "id": "i-0ddefc1857e259577",
            "instance_initiated_shutdown_behavior": "stop",
            "instance_lifecycle": "",
            "instance_market_options": [],
            "instance_state": "running",
            "instance_type": "t3.micro",
            "ipv6_address_count": 0,
            "ipv6_addresses": [],
            "key_name": "clave-proyecto-4-capas",
            "launch_template": [],
            "maintenance_options": [
              {
                "auto_recovery": "default"
              }
            ],
            "metadata_options": [
              {
                "http_endpoint": "enabled",
                "http_protocol_ipv6": "disabled",
                "http_put_response_hop_limit": 2,
                "http_tokens": "required",
                "instance_metadata_tags": "disabled"
              }
            ],
            "monitoring": false,
            "network_interface": [],
            "outpost_arn": "",
            "password_data": "",
            "placement_group": "",
            "placement_partition_number": 0,
            "primary_network_interface_id": "eni-0f3b39f51805ae9da",
            "private_dns": "ip-10-0-3-69.ec2.internal",
            "private_dns_name_options": [
              {
                "enable_resource_name_dns_a_record": false,
                "enable_resource_name_dns_aaaa_record": false,
                "hostname_type": "ip-name"
              }
            ],
            "private_ip": "10.0.3.69",
            "public_dns": "",
            "public_ip": "",
            "root_block_device": [
              {
                "delete_on_termination": true,
                "device_name": "/dev/xvda",
                "encrypted": false,
                "iops": 3000,
                "kms_key_id": "",
                "tags": {},
                "tags_all": {},
                "throughput": 125,
                "volume_id": "vol-0f2de278024dd3902",
                "volume_size": 8,
                "volume_type": "gp3"
              }
            ],
            "secondary_private_ips": [],
            "security_groups": [],
            "source_dest_check": true,
            "spot_instance_request_id": "",
            "subnet_id": "subnet-0521f97468a7a40db",
            "tags": {
              "Name": "ec2-backend-2"
            },
            "tags_all": {
              "Name": "ec2-backend-2"
            },
            "tenancy": "default",
            "timeouts": null,
            "user_data": "beaa7c16158e6b8cbcf186625a9f84d9347a8b76",
            "user_data_base64": null,
            "user_data_replace_on_change": false,
            "volume_tags": null,
            "vpc_security_group_ids": [
              "sg-0c05faaa54fcd993a"
            ]
          },
          "sensitive_attributes": [],
          "identity_schema_version": 0,
          "private": "eyJlMmJmYjczMC1lY2FhLTExZTYtOGY4OC0zNDM2M2JjN2M0YzAiOnsiY3JlYXRlIjo2MDAwMDAwMDAwMDAsImRlbGV0ZSI6MTIwMDAwMDAwMDAwMCwicmVhZCI6OTAwMDAwMDAwMDAwLCJ1cGRhdGUiOjYwMDAwMDAwMDAwMH0sInNjaGVtYV92ZXJzaW9uIjoiMSJ9",
          "dependencies": [
            "aws_key_pair.key_pair",
            "aws_security_group.sg_backend_2",
            "aws_security_group.sg_frontend",
            "aws_subnet.subred_back2",
            "aws_vpc.vpc_principal",
            "tls_private_key.clave_ssh"
          ]
        }
      ]
    },
    {
      "mode": "managed",
      "type": "aws_instance",
      "name": "ec2_datos",
      "provider": "provider[\"registry.terraform.io/hashicorp/aws\"]",
      "instances": [
        {
          "schema_version": 1,
          "attributes": {
            "ami": "ami-00e801948462f718a",
            "arn": "arn:aws:ec2:us-east-1:572392556337:instance/i-0e05eebb3e7a85970",
            "associate_public_ip_address": false,
            "availability_zone": "us-east-1a",
            "capacity_reservation_specification": [
              {
                "capacity_reservation_preference": "open",
                "capacity_reservation_target": []
              }
            ],
            "cpu_core_count": 1,
            "cpu_options": [
              {
                "amd_sev_snp": "",
                "core_count": 1,
                "threads_per_core": 2
              }
            ],
            "cpu_threads_per_core": 2,
            "credit_specification": [
              {
                "cpu_credits": "unlimited"
              }
            ],
            "disable_api_stop": false,
            "disable_api_termination": false,
            "ebs_block_device": [],
            "ebs_optimized": false,
            "enable_primary_ipv6": null,
            "enclave_options": [
              {
                "enabled": false
              }
            ],
            "ephemeral_block_device": [],
            "get_password_data": false,
            "hibernation": false,
            "host_id": "",
            "host_resource_group_arn": null,
            "iam_instance_profile": "",
            "id": "i-0e05eebb3e7a85970",
            "instance_initiated_shutdown_behavior": "stop",
            "instance_lifecycle": "",
            "instance_market_options": [],
            "instance_state": "running",
            "instance_type": "t3.micro",
            "ipv6_address_count": 0,
            "ipv6_addresses": [],
            "key_name": "clave-proyecto-4-capas",
            "launch_template": [],
            "maintenance_options": [
              {
                "auto_recovery": "default"
              }
            ],
            "metadata_options": [
              {
                "http_endpoint": "enabled",
                "http_protocol_ipv6": "disabled",
                "http_put_response_hop_limit": 2,
                "http_tokens": "required",
                "instance_metadata_tags": "disabled"
              }
            ],
            "monitoring": false,
            "network_interface": [],
            "outpost_arn": "",
            "password_data": "",
            "placement_group": "",
            "placement_partition_number": 0,
            "primary_network_interface_id": "eni-0a7a77a7002d8adcb",
            "private_dns": "ip-10-0-4-195.ec2.internal",
            "private_dns_name_options": [
              {
                "enable_resource_name_dns_a_record": false,
                "enable_resource_name_dns_aaaa_record": false,
                "hostname_type": "ip-name"
              }
            ],
            "private_ip": "10.0.4.195",
            "public_dns": "",
            "public_ip": "",
            "root_block_device": [
              {
                "delete_on_termination": true,
                "device_name": "/dev/xvda",
                "encrypted": false,
                "iops": 3000,
                "kms_key_id": "",
                "tags": {},
                "tags_all": {},
                "throughput": 125,
                "volume_id": "vol-0657dc7288321040b",
                "volume_size": 8,
                "volume_type": "gp3"
              }
            ],
            "secondary_private_ips": [],
            "security_groups": [],
            "source_dest_check": true,
            "spot_instance_request_id": "",
            "subnet_id": "subnet-0d6cd024e9e47e4ff",
            "tags": {
              "Name": "ec2-base-datos"
            },
            "tags_all": {
              "Name": "ec2-base-datos"
            },
            "tenancy": "default",
            "timeouts": null,
            "user_data": "beaa7c16158e6b8cbcf186625a9f84d9347a8b76",
            "user_data_base64": null,
            "user_data_replace_on_change": false,
            "volume_tags": null,
            "vpc_security_group_ids": [
              "sg-04d46df8c4b84f621"
            ]
          },
          "sensitive_attributes": [],
          "identity_schema_version": 0,
          "private": "eyJlMmJmYjczMC1lY2FhLTExZTYtOGY4OC0zNDM2M2JjN2M0YzAiOnsiY3JlYXRlIjo2MDAwMDAwMDAwMDAsImRlbGV0ZSI6MTIwMDAwMDAwMDAwMCwicmVhZCI6OTAwMDAwMDAwMDAwLCJ1cGRhdGUiOjYwMDAwMDAwMDAwMH0sInNjaGVtYV92ZXJzaW9uIjoiMSJ9",
          "dependencies": [
            "aws_key_pair.key_pair",
            "aws_security_group.sg_backend_1",
            "aws_security_group.sg_backend_2",
            "aws_security_group.sg_datos",
            "aws_security_group.sg_frontend",
            "aws_subnet.subred_datos",
            "aws_vpc.vpc_principal",
            "tls_private_key.clave_ssh"
          ]
        }
      ]
    },
    {
      "mode": "managed",
      "type": "aws_instance",
      "name": "ec2_frontend",
      "provider": "provider[\"registry.terraform.io/hashicorp/aws\"]",
      "instances": [
        {
          "schema_version": 1,
          "attributes": {
            "ami": "ami-00e801948462f718a",
            "arn": "arn:aws:ec2:us-east-1:572392556337:instance/i-0441d56fa8b3a3e78",
            "associate_public_ip_address": true,
            "availability_zone": "us-east-1a",
            "capacity_reservation_specification": [
              {
                "capacity_reservation_preference": "open",
                "capacity_reservation_target": []
              }
            ],
            "cpu_core_count": 1,
            "cpu_options": [
              {
                "amd_sev_snp": "",
                "core_count": 1,
                "threads_per_core": 2
              }
            ],
            "cpu_threads_per_core": 2,
            "credit_specification": [
              {
                "cpu_credits": "unlimited"
              }
            ],
            "disable_api_stop": false,
            "disable_api_termination": false,
            "ebs_block_device": [],
            "ebs_optimized": false,
            "enable_primary_ipv6": null,
            "enclave_options": [
              {
                "enabled": false
              }
            ],
            "ephemeral_block_device": [],
            "get_password_data": false,
            "hibernation": false,
            "host_id": "",
            "host_resource_group_arn": null,
            "iam_instance_profile": "",
            "id": "i-0441d56fa8b3a3e78",
            "instance_initiated_shutdown_behavior": "stop",
            "instance_lifecycle": "",
            "instance_market_options": [],
            "instance_state": "running",
            "instance_type": "t3.micro",
            "ipv6_address_count": 0,
            "ipv6_addresses": [],
            "key_name": "clave-proyecto-4-capas",
            "launch_template": [],
            "maintenance_options": [
              {
                "auto_recovery": "default"
              }
            ],
            "metadata_options": [
              {
                "http_endpoint": "enabled",
                "http_protocol_ipv6": "disabled",
                "http_put_response_hop_limit": 2,
                "http_tokens": "required",
                "instance_metadata_tags": "disabled"
              }
            ],
            "monitoring": false,
            "network_interface": [],
            "outpost_arn": "",
            "password_data": "",
            "placement_group": "",
            "placement_partition_number": 0,
            "primary_network_interface_id": "eni-0eb62563bacefd8d4",
            "private_dns": "ip-10-0-1-60.ec2.internal",
            "private_dns_name_options": [
              {
                "enable_resource_name_dns_a_record": false,
                "enable_resource_name_dns_aaaa_record": false,
                "hostname_type": "ip-name"
              }
            ],
            "private_ip": "10.0.1.60",
            "public_dns": "ec2-52-91-140-118.compute-1.amazonaws.com",
            "public_ip": "52.91.140.118",
            "root_block_device": [
              {
                "delete_on_termination": true,
                "device_name": "/dev/xvda",
                "encrypted": false,
                "iops": 3000,
                "kms_key_id": "",
                "tags": {},
                "tags_all": {},
                "throughput": 125,
                "volume_id": "vol-0b92d3fbf39d4a432",
                "volume_size": 8,
                "volume_type": "gp3"
              }
            ],
            "secondary_private_ips": [],
            "security_groups": [],
            "source_dest_check": true,
            "spot_instance_request_id": "",
            "subnet_id": "subnet-06928de04dda56af6",
            "tags": {
              "Name": "ec2-frontend"
            },
            "tags_all": {
              "Name": "ec2-frontend"
            },
            "tenancy": "default",
            "timeouts": null,
            "user_data": "beaa7c16158e6b8cbcf186625a9f84d9347a8b76",
            "user_data_base64": null,
            "user_data_replace_on_change": false,
            "volume_tags": null,
            "vpc_security_group_ids": [
              "sg-0fe536f6a316710c7"
            ]
          },
          "sensitive_attributes": [],
          "identity_schema_version": 0,
          "private": "eyJlMmJmYjczMC1lY2FhLTExZTYtOGY4OC0zNDM2M2JjN2M0YzAiOnsiY3JlYXRlIjo2MDAwMDAwMDAwMDAsImRlbGV0ZSI6MTIwMDAwMDAwMDAwMCwicmVhZCI6OTAwMDAwMDAwMDAwLCJ1cGRhdGUiOjYwMDAwMDAwMDAwMH0sInNjaGVtYV92ZXJzaW9uIjoiMSJ9",
          "dependencies": [
            "aws_key_pair.key_pair",
            "aws_security_group.sg_frontend",
            "aws_subnet.subred_front",
            "aws_vpc.vpc_principal",
            "tls_private_key.clave_ssh"
          ]
        }
      ]
    },
    {
      "mode": "managed",
      "type": "aws_internet_gateway",
      "name": "igw",
      "provider": "provider[\"registry.terraform.io/hashicorp/aws\"]",
      "instances": [
        {
          "schema_version": 0,
          "attributes": {
            "arn": "arn:aws:ec2:us-east-1:572392556337:internet-gateway/igw-0da0efaf7eb119c24",
            "id": "igw-0da0efaf7eb119c24",
            "owner_id": "572392556337",
            "tags": {
              "Name": "igw-principal"
            },
            "tags_all": {
              "Name": "igw-principal"
            },
            "timeouts": null,
            "vpc_id": "vpc-06ac5e4a2fe0ac28f"
          },
          "sensitive_attributes": [],
          "identity_schema_version": 0,
          "private": "eyJlMmJmYjczMC1lY2FhLTExZTYtOGY4OC0zNDM2M2JjN2M0YzAiOnsiY3JlYXRlIjoxMjAwMDAwMDAwMDAwLCJkZWxldGUiOjEyMDAwMDAwMDAwMDAsInVwZGF0ZSI6MTIwMDAwMDAwMDAwMH19",
          "dependencies": [
            "aws_vpc.vpc_principal"
          ]
        }
      ]
    },
    {
      "mode": "managed",
      "type": "aws_key_pair",
      "name": "key_pair",
      "provider": "provider[\"registry.terraform.io/hashicorp/aws\"]",
      "instances": [
        {
          "schema_version": 1,
          "attributes": {
            "arn": "arn:aws:ec2:us-east-1:572392556337:key-pair/clave-proyecto-4-capas",
            "fingerprint": "28:c5:a0:20:04:6e:78:60:db:df:cc:7e:2d:6a:b2:ca",
            "id": "clave-proyecto-4-capas",
            "key_name": "clave-proyecto-4-capas",
            "key_name_prefix": "",
            "key_pair_id": "key-0ddd9e2699fc3fa1e",
            "key_type": "rsa",
            "public_key": "ssh-rsa AAAAB3NzaC1yc2EAAAADAQABAAACAQDKl6U8r8eSWG5Nh9WSaDwg8onZDui7dfCxuFbXaN2Cotmaz8g1Plie+EJSUlUINKbRl3YRYe+I/uWtgziL431D/nXzokqIMDFQmGHYyGwGfNCSdN6fVIyOmuEnZTncHL1LZB1jxcioiR+5K2IyJ0LBMKuTUj5v+7kgvxedaFRJoSLCsLU0xdi+lUHGtd5rvN50C8mploQp1ystWkIvChARXDgkmBeLqjzFsCZedwGmKD0bL1/Od5764QU+qDe1Q68DtcC5elMkX2KL1L6o2nmJmyzHJbzZu9NlD+f6ntANXzbeJSemAFUEXQ7Gda/s6EtWXrUZakti0U3uCArRXsrwTKVTOaF1pT0JexAXSro+fi5LGDadoIKigpaXSmkEwBFJBdVsVDYjz3bbsoPa2yoF6ET+646OpURVwCJZW/ug75anHBbdmgJoIBjcbFXv2q4WUjsxdRITVwn9a2/7/odD9SXEQJ/HopV5UPtmOu8eAXnPKD5i+F2+apGgg6V4QujbmgFHR/f3R5F6LJYV/XmHX1uuSbwYK0LKWtnLLYlR56nFE8mYwVbsWoBsg/OX55/BuA6pn7WMnLIFlkJLrPt+cfHy9oHFPZkfb6pcDTHuoj1xnkx36gL45YlD8cGuTyBdNpWwNbCmJ8fg6vhZNFYy6WesIrd/rCvWp5KIkneMDQ==",
            "tags": null,
            "tags_all": {}
          },
          "sensitive_attributes": [],
          "identity_schema_version": 0,
          "private": "eyJzY2hlbWFfdmVyc2lvbiI6IjEifQ==",
          "dependencies": [
            "tls_private_key.clave_ssh"
          ]
        }
      ]
    },
    {
      "mode": "managed",
      "type": "aws_nat_gateway",
      "name": "nat_gw",
      "provider": "provider[\"registry.terraform.io/hashicorp/aws\"]",
      "instances": [
        {
          "schema_version": 0,
          "attributes": {
            "allocation_id": "eipalloc-06cac561df5ef203d",
            "association_id": "eipassoc-084b9877f3140fd0e",
            "connectivity_type": "public",
            "id": "nat-09e0bf14b79eda5a4",
            "network_interface_id": "eni-0c6bae5dd36df2149",
            "private_ip": "10.0.1.225",
            "public_ip": "44.207.108.14",
            "secondary_allocation_ids": null,
            "secondary_private_ip_address_count": 0,
            "secondary_private_ip_addresses": [],
            "subnet_id": "subnet-06928de04dda56af6",
            "tags": {
              "Name": "nat-gateway"
            },
            "tags_all": {
              "Name": "nat-gateway"
            },
            "timeouts": null
          },
          "sensitive_attributes": [],
          "identity_schema_version": 0,
          "private": "eyJlMmJmYjczMC1lY2FhLTExZTYtOGY4OC0zNDM2M2JjN2M0YzAiOnsiY3JlYXRlIjo2MDAwMDAwMDAwMDAsImRlbGV0ZSI6MTgwMDAwMDAwMDAwMCwidXBkYXRlIjo2MDAwMDAwMDAwMDB9fQ==",
          "dependencies": [
            "aws_eip.eip_nat",
            "aws_internet_gateway.igw",
            "aws_subnet.subred_front",
            "aws_vpc.vpc_principal"
          ]
        }
      ]
    },
    {
      "mode": "managed",
      "type": "aws_route_table",
      "name": "rt_privada",
      "provider": "provider[\"registry.terraform.io/hashicorp/aws\"]",
      "instances": [
        {
          "schema_version": 0,
          "attributes": {
            "arn": "arn:aws:ec2:us-east-1:572392556337:route-table/rtb-09048b7e13c1ed6ff",
            "id": "rtb-09048b7e13c1ed6ff",
            "owner_id": "572392556337",
            "propagating_vgws": [],
            "route": [
              {
                "carrier_gateway_id": "",
                "cidr_block": "0.0.0.0/0",
                "core_network_arn": "",
                "destination_prefix_list_id": "",
                "egress_only_gateway_id": "",
                "gateway_id": "",
                "ipv6_cidr_block": "",
                "local_gateway_id": "",
                "nat_gateway_id": "nat-09e0bf14b79eda5a4",
                "network_interface_id": "",
                "transit_gateway_id": "",
                "vpc_endpoint_id": "",
                "vpc_peering_connection_id": ""
              }
            ],
            "tags": {
              "Name": "rt-privada"
            },
            "tags_all": {
              "Name": "rt-privada"
            },
            "timeouts": null,
            "vpc_id": "vpc-06ac5e4a2fe0ac28f"
          },
          "sensitive_attributes": [],
          "identity_schema_version": 0,
          "private": "eyJlMmJmYjczMC1lY2FhLTExZTYtOGY4OC0zNDM2M2JjN2M0YzAiOnsiY3JlYXRlIjozMDAwMDAwMDAwMDAsImRlbGV0ZSI6MzAwMDAwMDAwMDAwLCJ1cGRhdGUiOjEyMDAwMDAwMDAwMH19",
          "dependencies": [
            "aws_eip.eip_nat",
            "aws_internet_gateway.igw",
            "aws_nat_gateway.nat_gw",
            "aws_subnet.subred_front",
            "aws_vpc.vpc_principal"
          ]
        }
      ]
    },
    {
      "mode": "managed",
      "type": "aws_route_table",
      "name": "rt_publica",
      "provider": "provider[\"registry.terraform.io/hashicorp/aws\"]",
      "instances": [
        {
          "schema_version": 0,
          "attributes": {
            "arn": "arn:aws:ec2:us-east-1:572392556337:route-table/rtb-073a6e52549224ed2",
            "id": "rtb-073a6e52549224ed2",
            "owner_id": "572392556337",
            "propagating_vgws": [],
            "route": [
              {
                "carrier_gateway_id": "",
                "cidr_block": "0.0.0.0/0",
                "core_network_arn": "",
                "destination_prefix_list_id": "",
                "egress_only_gateway_id": "",
                "gateway_id": "igw-0da0efaf7eb119c24",
                "ipv6_cidr_block": "",
                "local_gateway_id": "",
                "nat_gateway_id": "",
                "network_interface_id": "",
                "transit_gateway_id": "",
                "vpc_endpoint_id": "",
                "vpc_peering_connection_id": ""
              }
            ],
            "tags": {
              "Name": "rt-publica"
            },
            "tags_all": {
              "Name": "rt-publica"
            },
            "timeouts": null,
            "vpc_id": "vpc-06ac5e4a2fe0ac28f"
          },
          "sensitive_attributes": [],
          "identity_schema_version": 0,
          "private": "eyJlMmJmYjczMC1lY2FhLTExZTYtOGY4OC0zNDM2M2JjN2M0YzAiOnsiY3JlYXRlIjozMDAwMDAwMDAwMDAsImRlbGV0ZSI6MzAwMDAwMDAwMDAwLCJ1cGRhdGUiOjEyMDAwMDAwMDAwMH19",
          "dependencies": [
            "aws_internet_gateway.igw",
            "aws_vpc.vpc_principal"
          ]
        }
      ]
    },
    {
      "mode": "managed",
      "type": "aws_route_table_association",
      "name": "asoc_back1",
      "provider": "provider[\"registry.terraform.io/hashicorp/aws\"]",
      "instances": [
        {
          "schema_version": 0,
          "attributes": {
            "gateway_id": "",
            "id": "rtbassoc-03ebb209fdc6e4414",
            "route_table_id": "rtb-09048b7e13c1ed6ff",
            "subnet_id": "subnet-01ea8870f1cf3fd4d",
            "timeouts": null
          },
          "sensitive_attributes": [],
          "identity_schema_version": 0,
          "private": "eyJlMmJmYjczMC1lY2FhLTExZTYtOGY4OC0zNDM2M2JjN2M0YzAiOnsiY3JlYXRlIjozMDAwMDAwMDAwMDAsImRlbGV0ZSI6MzAwMDAwMDAwMDAwLCJ1cGRhdGUiOjEyMDAwMDAwMDAwMH19",
          "dependencies": [
            "aws_eip.eip_nat",
            "aws_internet_gateway.igw",
            "aws_nat_gateway.nat_gw",
            "aws_route_table.rt_privada",
            "aws_subnet.subred_back1",
            "aws_subnet.subred_front",
            "aws_vpc.vpc_principal"
          ]
        }
      ]
    },
    {
      "mode": "managed",
      "type": "aws_route_table_association",
      "name": "asoc_back2",
      "provider": "provider[\"registry.terraform.io/hashicorp/aws\"]",
      "instances": [
        {
          "schema_version": 0,
          "attributes": {
            "gateway_id": "",
            "id": "rtbassoc-0bf4acffd7dea3b7f",
            "route_table_id": "rtb-09048b7e13c1ed6ff",
            "subnet_id": "subnet-0521f97468a7a40db",
            "timeouts": null
          },
          "sensitive_attributes": [],
          "identity_schema_version": 0,
          "private": "eyJlMmJmYjczMC1lY2FhLTExZTYtOGY4OC0zNDM2M2JjN2M0YzAiOnsiY3JlYXRlIjozMDAwMDAwMDAwMDAsImRlbGV0ZSI6MzAwMDAwMDAwMDAwLCJ1cGRhdGUiOjEyMDAwMDAwMDAwMH19",
          "dependencies": [
            "aws_eip.eip_nat",
            "aws_internet_gateway.igw",
            "aws_nat_gateway.nat_gw",
            "aws_route_table.rt_privada",
            "aws_subnet.subred_back2",
            "aws_subnet.subred_front",
            "aws_vpc.vpc_principal"
          ]
        }
      ]
    },
    {
      "mode": "managed",
      "type": "aws_route_table_association",
      "name": "asoc_datos",
      "provider": "provider[\"registry.terraform.io/hashicorp/aws\"]",
      "instances": [
        {
          "schema_version": 0,
          "attributes": {
            "gateway_id": "",
            "id": "rtbassoc-0d1796dc1f4957e20",
            "route_table_id": "rtb-09048b7e13c1ed6ff",
            "subnet_id": "subnet-0d6cd024e9e47e4ff",
            "timeouts": null
          },
          "sensitive_attributes": [],
          "identity_schema_version": 0,
          "private": "eyJlMmJmYjczMC1lY2FhLTExZTYtOGY4OC0zNDM2M2JjN2M0YzAiOnsiY3JlYXRlIjozMDAwMDAwMDAwMDAsImRlbGV0ZSI6MzAwMDAwMDAwMDAwLCJ1cGRhdGUiOjEyMDAwMDAwMDAwMH19",
          "dependencies": [
            "aws_eip.eip_nat",
            "aws_internet_gateway.igw",
            "aws_nat_gateway.nat_gw",
            "aws_route_table.rt_privada",
            "aws_subnet.subred_datos",
            "aws_subnet.subred_front",
            "aws_vpc.vpc_principal"
          ]
        }
      ]
    },
    {
      "mode": "managed",
      "type": "aws_route_table_association",
      "name": "asoc_front",
      "provider": "provider[\"registry.terraform.io/hashicorp/aws\"]",
      "instances": [
        {
          "schema_version": 0,
          "attributes": {
            "gateway_id": "",
            "id": "rtbassoc-08ac65abdc489e69e",
            "route_table_id": "rtb-073a6e52549224ed2",
            "subnet_id": "subnet-06928de04dda56af6",
            "timeouts": null
          },
          "sensitive_attributes": [],
          "identity_schema_version": 0,
          "private": "eyJlMmJmYjczMC1lY2FhLTExZTYtOGY4OC0zNDM2M2JjN2M0YzAiOnsiY3JlYXRlIjozMDAwMDAwMDAwMDAsImRlbGV0ZSI6MzAwMDAwMDAwMDAwLCJ1cGRhdGUiOjEyMDAwMDAwMDAwMH19",
          "dependencies": [
            "aws_internet_gateway.igw",
            "aws_route_table.rt_publica",
            "aws_subnet.subred_front",
            "aws_vpc.vpc_principal"
          ]
        }
      ]
    },
    {
      "mode": "managed",
      "type": "aws_security_group",
      "name": "sg_backend_1",
      "provider": "provider[\"registry.terraform.io/hashicorp/aws\"]",
      "instances": [
        {
          "schema_version": 1,
          "attributes": {
            "arn": "arn:aws:ec2:us-east-1:572392556337:security-group/sg-0241694895a488329",
            "description": "Acceso exclusivo para el Backend 1",
            "egress": [
              {
                "cidr_blocks": [
                  "0.0.0.0/0"
                ],
                "description": "",
                "from_port": 0,
                "ipv6_cidr_blocks": [],
                "prefix_list_ids": [],
                "protocol": "-1",
                "security_groups": [],
                "self": false,
                "to_port": 0
              }
            ],
            "id": "sg-0241694895a488329",
            "ingress": [
              {
                "cidr_blocks": [
                  "10.0.0.0/16"
                ],
                "description": "SSH interno",
                "from_port": 22,
                "ipv6_cidr_blocks": [],
                "prefix_list_ids": [],
                "protocol": "tcp",
                "security_groups": [],
                "self": false,
                "to_port": 22
              },
              {
                "cidr_blocks": [],
                "description": "API desde Frontend",
                "from_port": 8080,
                "ipv6_cidr_blocks": [],
                "prefix_list_ids": [],
                "protocol": "tcp",
                "security_groups": [
                  "sg-0fe536f6a316710c7"
                ],
                "self": false,
                "to_port": 8080
              }
            ],
            "name": "sg_backend_1",
            "name_prefix": "",
            "owner_id": "572392556337",
            "revoke_rules_on_delete": false,
            "tags": null,
            "tags_all": {},
            "timeouts": null,
            "vpc_id": "vpc-06ac5e4a2fe0ac28f"
          },
          "sensitive_attributes": [],
          "identity_schema_version": 0,
          "private": "eyJlMmJmYjczMC1lY2FhLTExZTYtOGY4OC0zNDM2M2JjN2M0YzAiOnsiY3JlYXRlIjo2MDAwMDAwMDAwMDAsImRlbGV0ZSI6OTAwMDAwMDAwMDAwfSwic2NoZW1hX3ZlcnNpb24iOiIxIn0=",
          "dependencies": [
            "aws_security_group.sg_frontend",
            "aws_vpc.vpc_principal"
          ]
        }
      ]
    },
    {
      "mode": "managed",
      "type": "aws_security_group",
      "name": "sg_backend_2",
      "provider": "provider[\"registry.terraform.io/hashicorp/aws\"]",
      "instances": [
        {
          "schema_version": 1,
          "attributes": {
            "arn": "arn:aws:ec2:us-east-1:572392556337:security-group/sg-0c05faaa54fcd993a",
            "description": "Acceso exclusivo para el Backend 2",
            "egress": [
              {
                "cidr_blocks": [
                  "0.0.0.0/0"
                ],
                "description": "",
                "from_port": 0,
                "ipv6_cidr_blocks": [],
                "prefix_list_ids": [],
                "protocol": "-1",
                "security_groups": [],
                "self": false,
                "to_port": 0
              }
            ],
            "id": "sg-0c05faaa54fcd993a",
            "ingress": [
              {
                "cidr_blocks": [
                  "10.0.0.0/16"
                ],
                "description": "SSH interno",
                "from_port": 22,
                "ipv6_cidr_blocks": [],
                "prefix_list_ids": [],
                "protocol": "tcp",
                "security_groups": [],
                "self": false,
                "to_port": 22
              },
              {
                "cidr_blocks": [],
                "description": "API desde Frontend",
                "from_port": 8080,
                "ipv6_cidr_blocks": [],
                "prefix_list_ids": [],
                "protocol": "tcp",
                "security_groups": [
                  "sg-0fe536f6a316710c7"
                ],
                "self": false,
                "to_port": 8080
              }
            ],
            "name": "sg_backend_2",
            "name_prefix": "",
            "owner_id": "572392556337",
            "revoke_rules_on_delete": false,
            "tags": null,
            "tags_all": {},
            "timeouts": null,
            "vpc_id": "vpc-06ac5e4a2fe0ac28f"
          },
          "sensitive_attributes": [],
          "identity_schema_version": 0,
          "private": "eyJlMmJmYjczMC1lY2FhLTExZTYtOGY4OC0zNDM2M2JjN2M0YzAiOnsiY3JlYXRlIjo2MDAwMDAwMDAwMDAsImRlbGV0ZSI6OTAwMDAwMDAwMDAwfSwic2NoZW1hX3ZlcnNpb24iOiIxIn0=",
          "dependencies": [
            "aws_security_group.sg_frontend",
            "aws_vpc.vpc_principal"
          ]
        }
      ]
    },
    {
      "mode": "managed",
      "type": "aws_security_group",
      "name": "sg_datos",
      "provider": "provider[\"registry.terraform.io/hashicorp/aws\"]",
      "instances": [
        {
          "schema_version": 1,
          "attributes": {
            "arn": "arn:aws:ec2:us-east-1:572392556337:security-group/sg-04d46df8c4b84f621",
            "description": "Acceso exclusivo desde los Backends",
            "egress": [
              {
                "cidr_blocks": [
                  "0.0.0.0/0"
                ],
                "description": "",
                "from_port": 0,
                "ipv6_cidr_blocks": [],
                "prefix_list_ids": [],
                "protocol": "-1",
                "security_groups": [],
                "self": false,
                "to_port": 0
              }
            ],
            "id": "sg-04d46df8c4b84f621",
            "ingress": [
              {
                "cidr_blocks": [
                  "10.0.0.0/16"
                ],
                "description": "SSH interno",
                "from_port": 22,
                "ipv6_cidr_blocks": [],
                "prefix_list_ids": [],
                "protocol": "tcp",
                "security_groups": [],
                "self": false,
                "to_port": 22
              },
              {
                "cidr_blocks": [],
                "description": "DB desde Backend 1",
                "from_port": 3306,
                "ipv6_cidr_blocks": [],
                "prefix_list_ids": [],
                "protocol": "tcp",
                "security_groups": [
                  "sg-0241694895a488329"
                ],
                "self": false,
                "to_port": 3306
              },
              {
                "cidr_blocks": [],
                "description": "DB desde Backend 2",
                "from_port": 3306,
                "ipv6_cidr_blocks": [],
                "prefix_list_ids": [],
                "protocol": "tcp",
                "security_groups": [
                  "sg-0c05faaa54fcd993a"
                ],
                "self": false,
                "to_port": 3306
              }
            ],
            "name": "sg_datos",
            "name_prefix": "",
            "owner_id": "572392556337",
            "revoke_rules_on_delete": false,
            "tags": null,
            "tags_all": {},
            "timeouts": null,
            "vpc_id": "vpc-06ac5e4a2fe0ac28f"
          },
          "sensitive_attributes": [],
          "identity_schema_version": 0,
          "private": "eyJlMmJmYjczMC1lY2FhLTExZTYtOGY4OC0zNDM2M2JjN2M0YzAiOnsiY3JlYXRlIjo2MDAwMDAwMDAwMDAsImRlbGV0ZSI6OTAwMDAwMDAwMDAwfSwic2NoZW1hX3ZlcnNpb24iOiIxIn0=",
          "dependencies": [
            "aws_security_group.sg_backend_1",
            "aws_security_group.sg_backend_2",
            "aws_security_group.sg_frontend",
            "aws_vpc.vpc_principal"
          ]
        }
      ]
    },
    {
      "mode": "managed",
      "type": "aws_security_group",
      "name": "sg_frontend",
      "provider": "provider[\"registry.terraform.io/hashicorp/aws\"]",
      "instances": [
        {
          "schema_version": 1,
          "attributes": {
            "arn": "arn:aws:ec2:us-east-1:572392556337:security-group/sg-0fe536f6a316710c7",
            "description": "Acceso para el Frontend desde Internet",
            "egress": [
              {
                "cidr_blocks": [
                  "0.0.0.0/0"
                ],
                "description": "",
                "from_port": 0,
                "ipv6_cidr_blocks": [],
                "prefix_list_ids": [],
                "protocol": "-1",
                "security_groups": [],
                "self": false,
                "to_port": 0
              }
            ],
            "id": "sg-0fe536f6a316710c7",
            "ingress": [
              {
                "cidr_blocks": [
                  "0.0.0.0/0"
                ],
                "description": "HTTP desde Internet",
                "from_port": 80,
                "ipv6_cidr_blocks": [],
                "prefix_list_ids": [],
                "protocol": "tcp",
                "security_groups": [],
                "self": false,
                "to_port": 80
              },
              {
                "cidr_blocks": [
                  "0.0.0.0/0"
                ],
                "description": "HTTPS desde Internet",
                "from_port": 443,
                "ipv6_cidr_blocks": [],
                "prefix_list_ids": [],
                "protocol": "tcp",
                "security_groups": [],
                "self": false,
                "to_port": 443
              },
              {
                "cidr_blocks": [
                  "0.0.0.0/0"
                ],
                "description": "SSH",
                "from_port": 22,
                "ipv6_cidr_blocks": [],
                "prefix_list_ids": [],
                "protocol": "tcp",
                "security_groups": [],
                "self": false,
                "to_port": 22
              }
            ],
            "name": "sg_frontend",
            "name_prefix": "",
            "owner_id": "572392556337",
            "revoke_rules_on_delete": false,
            "tags": null,
            "tags_all": {},
            "timeouts": null,
            "vpc_id": "vpc-06ac5e4a2fe0ac28f"
          },
          "sensitive_attributes": [],
          "identity_schema_version": 0,
          "private": "eyJlMmJmYjczMC1lY2FhLTExZTYtOGY4OC0zNDM2M2JjN2M0YzAiOnsiY3JlYXRlIjo2MDAwMDAwMDAwMDAsImRlbGV0ZSI6OTAwMDAwMDAwMDAwfSwic2NoZW1hX3ZlcnNpb24iOiIxIn0=",
          "dependencies": [
            "aws_vpc.vpc_principal"
          ]
        }
      ]
    },
    {
      "mode": "managed",
      "type": "aws_subnet",
      "name": "subred_back1",
      "provider": "provider[\"registry.terraform.io/hashicorp/aws\"]",
      "instances": [
        {
          "schema_version": 1,
          "attributes": {
            "arn": "arn:aws:ec2:us-east-1:572392556337:subnet/subnet-01ea8870f1cf3fd4d",
            "assign_ipv6_address_on_creation": false,
            "availability_zone": "us-east-1a",
            "availability_zone_id": "use1-az4",
            "cidr_block": "10.0.2.0/24",
            "customer_owned_ipv4_pool": "",
            "enable_dns64": false,
            "enable_lni_at_device_index": 0,
            "enable_resource_name_dns_a_record_on_launch": false,
            "enable_resource_name_dns_aaaa_record_on_launch": false,
            "id": "subnet-01ea8870f1cf3fd4d",
            "ipv6_cidr_block": "",
            "ipv6_cidr_block_association_id": "",
            "ipv6_native": false,
            "map_customer_owned_ip_on_launch": false,
            "map_public_ip_on_launch": false,
            "outpost_arn": "",
            "owner_id": "572392556337",
            "private_dns_hostname_type_on_launch": "ip-name",
            "tags": {
              "Name": "subred-backend1-privada"
            },
            "tags_all": {
              "Name": "subred-backend1-privada"
            },
            "timeouts": null,
            "vpc_id": "vpc-06ac5e4a2fe0ac28f"
          },
          "sensitive_attributes": [],
          "identity_schema_version": 0,
          "private": "eyJlMmJmYjczMC1lY2FhLTExZTYtOGY4OC0zNDM2M2JjN2M0YzAiOnsiY3JlYXRlIjo2MDAwMDAwMDAwMDAsImRlbGV0ZSI6MTIwMDAwMDAwMDAwMH0sInNjaGVtYV92ZXJzaW9uIjoiMSJ9",
          "dependencies": [
            "aws_vpc.vpc_principal"
          ]
        }
      ]
    },
    {
      "mode": "managed",
      "type": "aws_subnet",
      "name": "subred_back2",
      "provider": "provider[\"registry.terraform.io/hashicorp/aws\"]",
      "instances": [
        {
          "schema_version": 1,
          "attributes": {
            "arn": "arn:aws:ec2:us-east-1:572392556337:subnet/subnet-0521f97468a7a40db",
            "assign_ipv6_address_on_creation": false,
            "availability_zone": "us-east-1a",
            "availability_zone_id": "use1-az4",
            "cidr_block": "10.0.3.0/24",
            "customer_owned_ipv4_pool": "",
            "enable_dns64": false,
            "enable_lni_at_device_index": 0,
            "enable_resource_name_dns_a_record_on_launch": false,
            "enable_resource_name_dns_aaaa_record_on_launch": false,
            "id": "subnet-0521f97468a7a40db",
            "ipv6_cidr_block": "",
            "ipv6_cidr_block_association_id": "",
            "ipv6_native": false,
            "map_customer_owned_ip_on_launch": false,
            "map_public_ip_on_launch": false,
            "outpost_arn": "",
            "owner_id": "572392556337",
            "private_dns_hostname_type_on_launch": "ip-name",
            "tags": {
              "Name": "subred-backend2-privada"
            },
            "tags_all": {
              "Name": "subred-backend2-privada"
            },
            "timeouts": null,
            "vpc_id": "vpc-06ac5e4a2fe0ac28f"
          },
          "sensitive_attributes": [],
          "identity_schema_version": 0,
          "private": "eyJlMmJmYjczMC1lY2FhLTExZTYtOGY4OC0zNDM2M2JjN2M0YzAiOnsiY3JlYXRlIjo2MDAwMDAwMDAwMDAsImRlbGV0ZSI6MTIwMDAwMDAwMDAwMH0sInNjaGVtYV92ZXJzaW9uIjoiMSJ9",
          "dependencies": [
            "aws_vpc.vpc_principal"
          ]
        }
      ]
    },
    {
      "mode": "managed",
      "type": "aws_subnet",
      "name": "subred_datos",
      "provider": "provider[\"registry.terraform.io/hashicorp/aws\"]",
      "instances": [
        {
          "schema_version": 1,
          "attributes": {
            "arn": "arn:aws:ec2:us-east-1:572392556337:subnet/subnet-0d6cd024e9e47e4ff",
            "assign_ipv6_address_on_creation": false,
            "availability_zone": "us-east-1a",
            "availability_zone_id": "use1-az4",
            "cidr_block": "10.0.4.0/24",
            "customer_owned_ipv4_pool": "",
            "enable_dns64": false,
            "enable_lni_at_device_index": 0,
            "enable_resource_name_dns_a_record_on_launch": false,
            "enable_resource_name_dns_aaaa_record_on_launch": false,
            "id": "subnet-0d6cd024e9e47e4ff",
            "ipv6_cidr_block": "",
            "ipv6_cidr_block_association_id": "",
            "ipv6_native": false,
            "map_customer_owned_ip_on_launch": false,
            "map_public_ip_on_launch": false,
            "outpost_arn": "",
            "owner_id": "572392556337",
            "private_dns_hostname_type_on_launch": "ip-name",
            "tags": {
              "Name": "subred-datos-privada"
            },
            "tags_all": {
              "Name": "subred-datos-privada"
            },
            "timeouts": null,
            "vpc_id": "vpc-06ac5e4a2fe0ac28f"
          },
          "sensitive_attributes": [],
          "identity_schema_version": 0,
          "private": "eyJlMmJmYjczMC1lY2FhLTExZTYtOGY4OC0zNDM2M2JjN2M0YzAiOnsiY3JlYXRlIjo2MDAwMDAwMDAwMDAsImRlbGV0ZSI6MTIwMDAwMDAwMDAwMH0sInNjaGVtYV92ZXJzaW9uIjoiMSJ9",
          "dependencies": [
            "aws_vpc.vpc_principal"
          ]
        }
      ]
    },
    {
      "mode": "managed",
      "type": "aws_subnet",
      "name": "subred_front",
      "provider": "provider[\"registry.terraform.io/hashicorp/aws\"]",
      "instances": [
        {
          "schema_version": 1,
          "attributes": {
            "arn": "arn:aws:ec2:us-east-1:572392556337:subnet/subnet-06928de04dda56af6",
            "assign_ipv6_address_on_creation": false,
            "availability_zone": "us-east-1a",
            "availability_zone_id": "use1-az4",
            "cidr_block": "10.0.1.0/24",
            "customer_owned_ipv4_pool": "",
            "enable_dns64": false,
            "enable_lni_at_device_index": 0,
            "enable_resource_name_dns_a_record_on_launch": false,
            "enable_resource_name_dns_aaaa_record_on_launch": false,
            "id": "subnet-06928de04dda56af6",
            "ipv6_cidr_block": "",
            "ipv6_cidr_block_association_id": "",
            "ipv6_native": false,
            "map_customer_owned_ip_on_launch": false,
            "map_public_ip_on_launch": true,
            "outpost_arn": "",
            "owner_id": "572392556337",
            "private_dns_hostname_type_on_launch": "ip-name",
            "tags": {
              "Name": "subred-frontend-publica"
            },
            "tags_all": {
              "Name": "subred-frontend-publica"
            },
            "timeouts": null,
            "vpc_id": "vpc-06ac5e4a2fe0ac28f"
          },
          "sensitive_attributes": [],
          "identity_schema_version": 0,
          "private": "eyJlMmJmYjczMC1lY2FhLTExZTYtOGY4OC0zNDM2M2JjN2M0YzAiOnsiY3JlYXRlIjo2MDAwMDAwMDAwMDAsImRlbGV0ZSI6MTIwMDAwMDAwMDAwMH0sInNjaGVtYV92ZXJzaW9uIjoiMSJ9",
          "dependencies": [
            "aws_vpc.vpc_principal"
          ]
        }
      ]
    },
    {
      "mode": "managed",
      "type": "aws_vpc",
      "name": "vpc_principal",
      "provider": "provider[\"registry.terraform.io/hashicorp/aws\"]",
      "instances": [
        {
          "schema_version": 1,
          "attributes": {
            "arn": "arn:aws:ec2:us-east-1:572392556337:vpc/vpc-06ac5e4a2fe0ac28f",
            "assign_generated_ipv6_cidr_block": false,
            "cidr_block": "10.0.0.0/16",
            "default_network_acl_id": "acl-0941722c42a30448e",
            "default_route_table_id": "rtb-0751da269c60931cb",
            "default_security_group_id": "sg-0f0b7614c3c809df8",
            "dhcp_options_id": "dopt-06c71b98defd657f3",
            "enable_dns_hostnames": true,
            "enable_dns_support": true,
            "enable_network_address_usage_metrics": false,
            "id": "vpc-06ac5e4a2fe0ac28f",
            "instance_tenancy": "default",
            "ipv4_ipam_pool_id": null,
            "ipv4_netmask_length": null,
            "ipv6_association_id": "",
            "ipv6_cidr_block": "",
            "ipv6_cidr_block_network_border_group": "",
            "ipv6_ipam_pool_id": "",
            "ipv6_netmask_length": 0,
            "main_route_table_id": "rtb-0751da269c60931cb",
            "owner_id": "572392556337",
            "tags": {
              "Name": "vpc-principal-4capas"
            },
            "tags_all": {
              "Name": "vpc-principal-4capas"
            }
          },
          "sensitive_attributes": [],
          "identity_schema_version": 0,
          "private": "eyJzY2hlbWFfdmVyc2lvbiI6IjEifQ=="
        }
      ]
    },
    {
      "mode": "managed",
      "type": "local_file",
      "name": "guardar_clave",
      "provider": "provider[\"registry.terraform.io/hashicorp/local\"]",
      "instances": [
        {
          "schema_version": 0,
          "attributes": {
            "content": "-----BEGIN RSA PRIVATE KEY-----\nMIIJKQIBAAKCAgEAypelPK/HklhuTYfVkmg8IPKJ2Q7ou3XwsbhW12jdgqLZms/I\nNT5YnvhCUlJVCDSm0Zd2EWHviP7lrYM4i+N9Q/5186JKiDAxUJhh2MhsBnzQknTe\nn1SMjprhJ2U53By9S2QdY8XIqIkfuStiMidCwTCrk1I+b/u5IL8XnWhUSaEiwrC1\nNMXYvpVBxrXea7zedAvJqZaEKdcrLVpCLwoQEVw4JJgXi6o8xbAmXncBpig9Gy9f\nznee+uEFPqg3tUOvA7XAuXpTJF9ii9S+qNp5iZssxyW82bvTZQ/n+p7QDV823iUn\npgBVBF0OxnWv7OhLVl61GWpLYtFN7ggK0V7K8EylUzmhdaU9CXsQF0q6Pn4uSxg2\nnaCCooKWl0ppBMARSQXVbFQ2I89227KD2tsqBehE/uuOjqVEVcAiWVv7oO+WpxwW\n3ZoCaCAY3GxV79quFlI7MXUSE1cJ/Wtv+/6HQ/UlxECfx6KVeVD7ZjrvHgF5zyg+\nYvhdvmqRoIOleELo25oBR0f390eReiyWFf15h19brkm8GCtCylrZyy2JUeepxRPJ\nmMFW7FqAbIPzl+efwbgOqZ+1jJyyBZZCS6z7fnHx8vaBxT2ZH2+qXA0x7qI9cZ5M\nd+oC+OWJQ/HBrk8gXTaVsDWwpifH4Or4WTRWMulnrCK3f6wr1qeSiJJ3jA0CAwEA\nAQKCAgAAj6H0BJKba6ZGjbFAOgyslK9gDAQF/OIhQ97tsssmQPg0Tw4BY75QFmTs\noHC+2JJ7sx0vGCPXL8mIDPx7mrIunYZLGfB15xhD3mAq/wcZj3/uX+d77nqDLJei\nCcw6uVOm4UyZiaMwIE0XsLCRbf1n1pArFMe6fKp7FjxlAbR2Db2wZ1fhIQkkIfqw\nJ7HJf5joHl49G38bNI7Yjc7wHWmE+snnBArQprSLYZ0BlvfIs4TTzfJIeplUnYnr\nrgCVfm3+JyM1AEs5pw/5TioHAq/iey0JEigvPC9uMLiWP5lY6CIZRGYTNh4GKJHR\nZ+MIV25Z+2IqA1rZF7ZNCfWptcb/GRupOkhhv8ZoqCchKaVJx5y+RUnthnv1h+60\nMDq1CThUrC1iwb58xYIvZ5jEsQUiYy/5VIE1TELBuv7UZ5/SHoYHB9VK9IZD3msW\nolgWc7hEoTN2z2lMHE40UQMZlmmrb0RBtq6OLaYk6uh89boS6X9GMXGp9vJEyWVz\n2Ziazc32yE/nGChP5zGOWlLf0IeIoSAJCBnSDBtGUJjkWrnosDDJkfb1Wi69zxdM\naQ2QpiXd1qFweV97NIhec+hv2BUSsL5zhe7b6GYwNhd+rq22mAMp699Q3Y1mOClI\n0dnYuHoNs8r8qQgWIfRhqwZ0i6SvVbbzT1EEqnCNp14qRsZDWwKCAQEA8sJPpu5K\nHBlH0x0J+rHAbUZcYT162ONh5QLCh63mAIZjQAc2DSLOZhDcMDubMaSor3tgI6OF\nKA+RKAq9WuxAtTNJb15QxuGuYmJNFBsT9+gpBdsCBub55VaIAI5GYuxjabIuHbWZ\nX0+qshEKwHViynDzwODCQLbwZkcwKOMX1W5rchBbPHPE2cCqxGr0+a2r8lob9UZE\nDRon/oTk8DIR9KmKSmH7IvmthkTjzWN11kfYBEtW40NVJEYptQX+8wr3GiVdQDTC\nHHisMeFmgXLjXzWhx/nRl/oAzQm9Tr+9VMClVXoxUH3NmeCyHyvX/MUnw1ntBaOQ\nzkMAd2fsaVipvwKCAQEA1aR61j93es/t/7MiyWcZW6Decv2hJAebCdovH/gZ6gtm\n0bZTtt0CMygPVOc5nRKKm7dCbOOO0nZd+r167EpFphUCMNlKFdB6t20kPodP0NTy\n+9jDtIpGbyQfx2Kgbs/8I4MhJ3jV0fr1VbQ9jiyqMGy7XEiZgm4OqmN63Uqgu2Gh\n1pP2ieKc6UoLhXfN7tpxaqh9r6TezJpJro1i5jnAKVabDFyXEph/Pd28Z5yK2OcY\nQGsFbNFQIkc1DdIou3eMiavEa7ZRC9WKHnbD71Tf7KDw7qvhCm7YRlU9GfUlah6V\nihi9oo7//U9iaORiDDjrjgao3/cLIraiHKzf8sMFMwKCAQApAUVvDwUZpfOJ53fO\nDsRQMPhdvILJq+7XPhYZ0Pfu0sRlBlLM+Tof520qAIeAZS3RJmfg3TgawjZkqxu9\nBfcQJG+dDjNaxLguCii24rQGxgJX6Nx4yf8gC/PBFEczYnaQXfaIMiqL/Or6VQKZ\n67oaM+YYiF6Hi98jh5bM8T8PYC1qAPVISs3PcknmD6L9oaZPs4TRc2L/S5HB3jTF\nlc+Ooiynz9EZ4U68RVqtUMWQwmXso8UzciYpkGhvGWotJ4cBtZoAxGidYozDiC1G\nZF+fr3F6U+phX2tPNvvxF1YlwLysqY026WkXOusbdM5w9eR3jPMKZsyI6qxjfvxh\n9wYFAoIBAQDTs+99StrsugrPbQW1qhJ4t8p3DFmXyGmbs7cq6MFVKQM0IIaIGC1L\n4BCBQ7fVrD/p2glauYwXhe/OveCHMXoe/4ZyPX+qajKQfPiDdbZj7AD0C3Ky/qqZ\nC6TqAROVe0gRMKmz4YuQTiy6RqcQsbXb0oM/CToFA2ZI9dcUXhU0WaTzax/MtuBi\nVFtiYLuSSqhE1r3lRWz6NpF5BOXR2bxPumBeOYoChVbhSU6fJYJ5OVbQzrxLfob3\n0LQEBBMU4XxEGA/F5J4fKfV6BppWGTbj1v+oom2X1ws9ds3bYQ84PyJT+/w+j5Gf\nxAByjI2UKvtQe8zwUm+YcH3oCG7KsvH9AoIBAQCfX+Xn4bXDbIu4D0DiuQ+PlwI/\nYN10gYlNVdzn1gorfA4d3VpRjL9pW059J7UjCIZzLoAI3CRdjqjyD/k5yjzZwDoR\nwZvo62Ul25wrJbcj8D+tcclNReoFObwGTRMLIaUWv3TXagePMwL81w4HuECybs9S\n6QSooiSEBOrEvBJ44AzzSjhMAvOzfRQvWRA5FSGPZnGZOSnm9EW1lxRNQxeLn9Y0\nY7bPlfDTaQ/Ocd0GdYkurES1MAREgtB6+nPfE87XJXihR8GQYFC3RT8QePbhJ9v1\nc/Dh+wbIrp0IJgvhKr+NH7osiyLJ8GDXXpRC/qKHwzNrT+jcdnPqpL2JrvHD\n-----END RSA PRIVATE KEY-----\n",
            "content_base64": null,
            "content_base64sha256": "d0zeN1CUllq93+A3IZz/GEjvD76fmTwQeCP6V4Sp2Cc=",
            "content_base64sha512": "12WRxL8wpaCnIV8d1qICvPKBtjsjF4IyUEoa/QoqPQv69WcbZ2tEJFiuBAv77QOsXqUsRNMWbED6vDTVT12c9w==",
            "content_md5": "756dd29d9efcca6e3dbe3959492f7800",
            "content_sha1": "b12dcd1e9d9629f2ad72a034dba653eafdcf4e2d",
            "content_sha256": "774cde375094965abddfe037219cff1848ef0fbe9f993c107823fa5784a9d827",
            "content_sha512": "d76591c4bf30a5a0a7215f1dd6a202bcf281b63b23178232504a1afd0a2a3d0bfaf5671b676b442458ae040bfbed03ac5ea52c44d3166c40fabc34d54f5d9cf7",
            "directory_permission": "0777",
            "file_permission": "0400",
            "filename": "./clave-4-capas.pem",
            "id": "b12dcd1e9d9629f2ad72a034dba653eafdcf4e2d",
            "sensitive_content": null,
            "source": null
          },
          "sensitive_attributes": [
            [
              {
                "type": "get_attr",
                "value": "content"
              }
            ],
            [
              {
                "type": "get_attr",
                "value": "sensitive_content"
              }
            ]
          ],
          "identity_schema_version": 0,
          "dependencies": [
            "tls_private_key.clave_ssh"
          ]
        }
      ]
    },
    {
      "mode": "managed",
      "type": "tls_private_key",
      "name": "clave_ssh",
      "provider": "provider[\"registry.terraform.io/hashicorp/tls\"]",
      "instances": [
        {
          "schema_version": 1,
          "attributes": {
            "algorithm": "RSA",
            "ecdsa_curve": "P224",
            "id": "dcb0a291f9bbaf5f9fb7f3e612221252fa03ae38",
            "private_key_openssh": "-----BEGIN OPENSSH PRIVATE KEY-----\nb3BlbnNzaC1rZXktdjEAAAAABG5vbmUAAAAEbm9uZQAAAAAAAAABAAACFwAAAAdz\nc2gtcnNhAAAAAwEAAQAAAgEAypelPK/HklhuTYfVkmg8IPKJ2Q7ou3XwsbhW12jd\ngqLZms/INT5YnvhCUlJVCDSm0Zd2EWHviP7lrYM4i+N9Q/5186JKiDAxUJhh2Mhs\nBnzQknTen1SMjprhJ2U53By9S2QdY8XIqIkfuStiMidCwTCrk1I+b/u5IL8XnWhU\nSaEiwrC1NMXYvpVBxrXea7zedAvJqZaEKdcrLVpCLwoQEVw4JJgXi6o8xbAmXncB\npig9Gy9fznee+uEFPqg3tUOvA7XAuXpTJF9ii9S+qNp5iZssxyW82bvTZQ/n+p7Q\nDV823iUnpgBVBF0OxnWv7OhLVl61GWpLYtFN7ggK0V7K8EylUzmhdaU9CXsQF0q6\nPn4uSxg2naCCooKWl0ppBMARSQXVbFQ2I89227KD2tsqBehE/uuOjqVEVcAiWVv7\noO+WpxwW3ZoCaCAY3GxV79quFlI7MXUSE1cJ/Wtv+/6HQ/UlxECfx6KVeVD7Zjrv\nHgF5zyg+YvhdvmqRoIOleELo25oBR0f390eReiyWFf15h19brkm8GCtCylrZyy2J\nUeepxRPJmMFW7FqAbIPzl+efwbgOqZ+1jJyyBZZCS6z7fnHx8vaBxT2ZH2+qXA0x\n7qI9cZ5Md+oC+OWJQ/HBrk8gXTaVsDWwpifH4Or4WTRWMulnrCK3f6wr1qeSiJJ3\njA0AAAc4d08fyXdPH8kAAAAHc3NoLXJzYQAAAgEAypelPK/HklhuTYfVkmg8IPKJ\n2Q7ou3XwsbhW12jdgqLZms/INT5YnvhCUlJVCDSm0Zd2EWHviP7lrYM4i+N9Q/51\n86JKiDAxUJhh2MhsBnzQknTen1SMjprhJ2U53By9S2QdY8XIqIkfuStiMidCwTCr\nk1I+b/u5IL8XnWhUSaEiwrC1NMXYvpVBxrXea7zedAvJqZaEKdcrLVpCLwoQEVw4\nJJgXi6o8xbAmXncBpig9Gy9fznee+uEFPqg3tUOvA7XAuXpTJF9ii9S+qNp5iZss\nxyW82bvTZQ/n+p7QDV823iUnpgBVBF0OxnWv7OhLVl61GWpLYtFN7ggK0V7K8Eyl\nUzmhdaU9CXsQF0q6Pn4uSxg2naCCooKWl0ppBMARSQXVbFQ2I89227KD2tsqBehE\n/uuOjqVEVcAiWVv7oO+WpxwW3ZoCaCAY3GxV79quFlI7MXUSE1cJ/Wtv+/6HQ/Ul\nxECfx6KVeVD7ZjrvHgF5zyg+YvhdvmqRoIOleELo25oBR0f390eReiyWFf15h19b\nrkm8GCtCylrZyy2JUeepxRPJmMFW7FqAbIPzl+efwbgOqZ+1jJyyBZZCS6z7fnHx\n8vaBxT2ZH2+qXA0x7qI9cZ5Md+oC+OWJQ/HBrk8gXTaVsDWwpifH4Or4WTRWMuln\nrCK3f6wr1qeSiJJ3jA0AAAADAQABAAACAACPofQEkptrpkaNsUA6DKyUr2AMBAX8\n4iFD3u2yyyZA+DRPDgFjvlAWZOygcL7YknuzHS8YI9cvyYgM/Huasi6dhksZ8HXn\nGEPeYCr/BxmPf+5f53vueoMsl6IJzDq5U6bhTJmJozAgTRewsJFt/WfWkCsUx7p8\nqnsWPGUBtHYNvbBnV+EhCSQh+rAnscl/mOgeXj0bfxs0jtiNzvAdaYT6yecECtCm\ntIthnQGW98izhNPN8kh6mVSdieuuAJV+bf4nIzUASzmnD/lOKgcCr+J7LQkSKC88\nL24wuJY/mVjoIhlEZhM2HgYokdFn4whXbln7YioDWtkXtk0J9am1xv8ZG6k6SGG/\nxmioJyEppUnHnL5FSe2Ge/WH7rQwOrUJOFSsLWLBvnzFgi9nmMSxBSJjL/lUgTVM\nQsG6/tRnn9IehgcH1Ur0hkPeaxaiWBZzuEShM3bPaUwcTjRRAxmWaatvREG2ro4t\npiTq6Hz1uhLpf0Yxcan28kTJZXPZmJrNzfbIT+cYKE/nMY5aUt/Qh4ihIAkIGdIM\nG0ZQmORaueiwMMmR9vVaLr3PF0xpDZCmJd3WoXB5X3s0iF5z6G/YFRKwvnOF7tvo\nZjA2F36urbaYAynr31DdjWY4KUjR2di4eg2zyvypCBYh9GGrBnSLpK9VtvNPUQSq\ncI2nXipGxkNbAAABAQCfX+Xn4bXDbIu4D0DiuQ+PlwI/YN10gYlNVdzn1gorfA4d\n3VpRjL9pW059J7UjCIZzLoAI3CRdjqjyD/k5yjzZwDoRwZvo62Ul25wrJbcj8D+t\ncclNReoFObwGTRMLIaUWv3TXagePMwL81w4HuECybs9S6QSooiSEBOrEvBJ44Azz\nSjhMAvOzfRQvWRA5FSGPZnGZOSnm9EW1lxRNQxeLn9Y0Y7bPlfDTaQ/Ocd0GdYku\nrES1MAREgtB6+nPfE87XJXihR8GQYFC3RT8QePbhJ9v1c/Dh+wbIrp0IJgvhKr+N\nH7osiyLJ8GDXXpRC/qKHwzNrT+jcdnPqpL2JrvHDAAABAQDywk+m7kocGUfTHQn6\nscBtRlxhPXrY42HlAsKHreYAhmNABzYNIs5mENwwO5sxpKive2Ajo4UoD5EoCr1a\n7EC1M0lvXlDG4a5iYk0UGxP36CkF2wIG5vnlVogAjkZi7GNpsi4dtZlfT6qyEQrA\ndWLKcPPA4MJAtvBmRzAo4xfVbmtyEFs8c8TZwKrEavT5ravyWhv1RkQNGif+hOTw\nMhH0qYpKYfsi+a2GROPNY3XWR9gES1bjQ1UkRim1Bf7zCvcaJV1ANMIceKwx4WaB\ncuNfNaHH+dGX+gDNCb1Ov71UwKVVejFQfc2Z4LIfK9f8xSfDWe0Fo5DOQwB3Z+xp\nWKm/AAABAQDVpHrWP3d6z+3/syLJZxlboN5y/aEkB5sJ2i8f+BnqC2bRtlO23QIz\nKA9U5zmdEoqbt0Js447Sdl36vXrsSkWmFQIw2UoV0Hq3bSQ+h0/Q1PL72MO0ikZv\nJB/HYqBuz/wjgyEneNXR+vVVtD2OLKowbLtcSJmCbg6qY3rdSqC7YaHWk/aJ4pzp\nSguFd83u2nFqqH2vpN7MmkmujWLmOcApVpsMXJcSmH893bxnnIrY5xhAawVs0VAi\nRzUN0ii7d4yJq8RrtlEL1YoedsPvVN/soPDuq+EKbthGVT0Z9SVqHpWKGL2ijv/9\nT2Jo5GIMOOuOBqjf9wsitqIcrN/ywwUzAAAAAAEC\n-----END OPENSSH PRIVATE KEY-----\n",
            "private_key_pem": "-----BEGIN RSA PRIVATE KEY-----\nMIIJKQIBAAKCAgEAypelPK/HklhuTYfVkmg8IPKJ2Q7ou3XwsbhW12jdgqLZms/I\nNT5YnvhCUlJVCDSm0Zd2EWHviP7lrYM4i+N9Q/5186JKiDAxUJhh2MhsBnzQknTe\nn1SMjprhJ2U53By9S2QdY8XIqIkfuStiMidCwTCrk1I+b/u5IL8XnWhUSaEiwrC1\nNMXYvpVBxrXea7zedAvJqZaEKdcrLVpCLwoQEVw4JJgXi6o8xbAmXncBpig9Gy9f\nznee+uEFPqg3tUOvA7XAuXpTJF9ii9S+qNp5iZssxyW82bvTZQ/n+p7QDV823iUn\npgBVBF0OxnWv7OhLVl61GWpLYtFN7ggK0V7K8EylUzmhdaU9CXsQF0q6Pn4uSxg2\nnaCCooKWl0ppBMARSQXVbFQ2I89227KD2tsqBehE/uuOjqVEVcAiWVv7oO+WpxwW\n3ZoCaCAY3GxV79quFlI7MXUSE1cJ/Wtv+/6HQ/UlxECfx6KVeVD7ZjrvHgF5zyg+\nYvhdvmqRoIOleELo25oBR0f390eReiyWFf15h19brkm8GCtCylrZyy2JUeepxRPJ\nmMFW7FqAbIPzl+efwbgOqZ+1jJyyBZZCS6z7fnHx8vaBxT2ZH2+qXA0x7qI9cZ5M\nd+oC+OWJQ/HBrk8gXTaVsDWwpifH4Or4WTRWMulnrCK3f6wr1qeSiJJ3jA0CAwEA\nAQKCAgAAj6H0BJKba6ZGjbFAOgyslK9gDAQF/OIhQ97tsssmQPg0Tw4BY75QFmTs\noHC+2JJ7sx0vGCPXL8mIDPx7mrIunYZLGfB15xhD3mAq/wcZj3/uX+d77nqDLJei\nCcw6uVOm4UyZiaMwIE0XsLCRbf1n1pArFMe6fKp7FjxlAbR2Db2wZ1fhIQkkIfqw\nJ7HJf5joHl49G38bNI7Yjc7wHWmE+snnBArQprSLYZ0BlvfIs4TTzfJIeplUnYnr\nrgCVfm3+JyM1AEs5pw/5TioHAq/iey0JEigvPC9uMLiWP5lY6CIZRGYTNh4GKJHR\nZ+MIV25Z+2IqA1rZF7ZNCfWptcb/GRupOkhhv8ZoqCchKaVJx5y+RUnthnv1h+60\nMDq1CThUrC1iwb58xYIvZ5jEsQUiYy/5VIE1TELBuv7UZ5/SHoYHB9VK9IZD3msW\nolgWc7hEoTN2z2lMHE40UQMZlmmrb0RBtq6OLaYk6uh89boS6X9GMXGp9vJEyWVz\n2Ziazc32yE/nGChP5zGOWlLf0IeIoSAJCBnSDBtGUJjkWrnosDDJkfb1Wi69zxdM\naQ2QpiXd1qFweV97NIhec+hv2BUSsL5zhe7b6GYwNhd+rq22mAMp699Q3Y1mOClI\n0dnYuHoNs8r8qQgWIfRhqwZ0i6SvVbbzT1EEqnCNp14qRsZDWwKCAQEA8sJPpu5K\nHBlH0x0J+rHAbUZcYT162ONh5QLCh63mAIZjQAc2DSLOZhDcMDubMaSor3tgI6OF\nKA+RKAq9WuxAtTNJb15QxuGuYmJNFBsT9+gpBdsCBub55VaIAI5GYuxjabIuHbWZ\nX0+qshEKwHViynDzwODCQLbwZkcwKOMX1W5rchBbPHPE2cCqxGr0+a2r8lob9UZE\nDRon/oTk8DIR9KmKSmH7IvmthkTjzWN11kfYBEtW40NVJEYptQX+8wr3GiVdQDTC\nHHisMeFmgXLjXzWhx/nRl/oAzQm9Tr+9VMClVXoxUH3NmeCyHyvX/MUnw1ntBaOQ\nzkMAd2fsaVipvwKCAQEA1aR61j93es/t/7MiyWcZW6Decv2hJAebCdovH/gZ6gtm\n0bZTtt0CMygPVOc5nRKKm7dCbOOO0nZd+r167EpFphUCMNlKFdB6t20kPodP0NTy\n+9jDtIpGbyQfx2Kgbs/8I4MhJ3jV0fr1VbQ9jiyqMGy7XEiZgm4OqmN63Uqgu2Gh\n1pP2ieKc6UoLhXfN7tpxaqh9r6TezJpJro1i5jnAKVabDFyXEph/Pd28Z5yK2OcY\nQGsFbNFQIkc1DdIou3eMiavEa7ZRC9WKHnbD71Tf7KDw7qvhCm7YRlU9GfUlah6V\nihi9oo7//U9iaORiDDjrjgao3/cLIraiHKzf8sMFMwKCAQApAUVvDwUZpfOJ53fO\nDsRQMPhdvILJq+7XPhYZ0Pfu0sRlBlLM+Tof520qAIeAZS3RJmfg3TgawjZkqxu9\nBfcQJG+dDjNaxLguCii24rQGxgJX6Nx4yf8gC/PBFEczYnaQXfaIMiqL/Or6VQKZ\n67oaM+YYiF6Hi98jh5bM8T8PYC1qAPVISs3PcknmD6L9oaZPs4TRc2L/S5HB3jTF\nlc+Ooiynz9EZ4U68RVqtUMWQwmXso8UzciYpkGhvGWotJ4cBtZoAxGidYozDiC1G\nZF+fr3F6U+phX2tPNvvxF1YlwLysqY026WkXOusbdM5w9eR3jPMKZsyI6qxjfvxh\n9wYFAoIBAQDTs+99StrsugrPbQW1qhJ4t8p3DFmXyGmbs7cq6MFVKQM0IIaIGC1L\n4BCBQ7fVrD/p2glauYwXhe/OveCHMXoe/4ZyPX+qajKQfPiDdbZj7AD0C3Ky/qqZ\nC6TqAROVe0gRMKmz4YuQTiy6RqcQsbXb0oM/CToFA2ZI9dcUXhU0WaTzax/MtuBi\nVFtiYLuSSqhE1r3lRWz6NpF5BOXR2bxPumBeOYoChVbhSU6fJYJ5OVbQzrxLfob3\n0LQEBBMU4XxEGA/F5J4fKfV6BppWGTbj1v+oom2X1ws9ds3bYQ84PyJT+/w+j5Gf\nxAByjI2UKvtQe8zwUm+YcH3oCG7KsvH9AoIBAQCfX+Xn4bXDbIu4D0DiuQ+PlwI/\nYN10gYlNVdzn1gorfA4d3VpRjL9pW059J7UjCIZzLoAI3CRdjqjyD/k5yjzZwDoR\nwZvo62Ul25wrJbcj8D+tcclNReoFObwGTRMLIaUWv3TXagePMwL81w4HuECybs9S\n6QSooiSEBOrEvBJ44AzzSjhMAvOzfRQvWRA5FSGPZnGZOSnm9EW1lxRNQxeLn9Y0\nY7bPlfDTaQ/Ocd0GdYkurES1MAREgtB6+nPfE87XJXihR8GQYFC3RT8QePbhJ9v1\nc/Dh+wbIrp0IJgvhKr+NH7osiyLJ8GDXXpRC/qKHwzNrT+jcdnPqpL2JrvHD\n-----END RSA PRIVATE KEY-----\n",
            "private_key_pem_pkcs8": "-----BEGIN PRIVATE KEY-----\nMIIJQwIBADANBgkqhkiG9w0BAQEFAASCCS0wggkpAgEAAoICAQDKl6U8r8eSWG5N\nh9WSaDwg8onZDui7dfCxuFbXaN2Cotmaz8g1Plie+EJSUlUINKbRl3YRYe+I/uWt\ngziL431D/nXzokqIMDFQmGHYyGwGfNCSdN6fVIyOmuEnZTncHL1LZB1jxcioiR+5\nK2IyJ0LBMKuTUj5v+7kgvxedaFRJoSLCsLU0xdi+lUHGtd5rvN50C8mploQp1yst\nWkIvChARXDgkmBeLqjzFsCZedwGmKD0bL1/Od5764QU+qDe1Q68DtcC5elMkX2KL\n1L6o2nmJmyzHJbzZu9NlD+f6ntANXzbeJSemAFUEXQ7Gda/s6EtWXrUZakti0U3u\nCArRXsrwTKVTOaF1pT0JexAXSro+fi5LGDadoIKigpaXSmkEwBFJBdVsVDYjz3bb\nsoPa2yoF6ET+646OpURVwCJZW/ug75anHBbdmgJoIBjcbFXv2q4WUjsxdRITVwn9\na2/7/odD9SXEQJ/HopV5UPtmOu8eAXnPKD5i+F2+apGgg6V4QujbmgFHR/f3R5F6\nLJYV/XmHX1uuSbwYK0LKWtnLLYlR56nFE8mYwVbsWoBsg/OX55/BuA6pn7WMnLIF\nlkJLrPt+cfHy9oHFPZkfb6pcDTHuoj1xnkx36gL45YlD8cGuTyBdNpWwNbCmJ8fg\n6vhZNFYy6WesIrd/rCvWp5KIkneMDQIDAQABAoICAACPofQEkptrpkaNsUA6DKyU\nr2AMBAX84iFD3u2yyyZA+DRPDgFjvlAWZOygcL7YknuzHS8YI9cvyYgM/Huasi6d\nhksZ8HXnGEPeYCr/BxmPf+5f53vueoMsl6IJzDq5U6bhTJmJozAgTRewsJFt/WfW\nkCsUx7p8qnsWPGUBtHYNvbBnV+EhCSQh+rAnscl/mOgeXj0bfxs0jtiNzvAdaYT6\nyecECtCmtIthnQGW98izhNPN8kh6mVSdieuuAJV+bf4nIzUASzmnD/lOKgcCr+J7\nLQkSKC88L24wuJY/mVjoIhlEZhM2HgYokdFn4whXbln7YioDWtkXtk0J9am1xv8Z\nG6k6SGG/xmioJyEppUnHnL5FSe2Ge/WH7rQwOrUJOFSsLWLBvnzFgi9nmMSxBSJj\nL/lUgTVMQsG6/tRnn9IehgcH1Ur0hkPeaxaiWBZzuEShM3bPaUwcTjRRAxmWaatv\nREG2ro4tpiTq6Hz1uhLpf0Yxcan28kTJZXPZmJrNzfbIT+cYKE/nMY5aUt/Qh4ih\nIAkIGdIMG0ZQmORaueiwMMmR9vVaLr3PF0xpDZCmJd3WoXB5X3s0iF5z6G/YFRKw\nvnOF7tvoZjA2F36urbaYAynr31DdjWY4KUjR2di4eg2zyvypCBYh9GGrBnSLpK9V\ntvNPUQSqcI2nXipGxkNbAoIBAQDywk+m7kocGUfTHQn6scBtRlxhPXrY42HlAsKH\nreYAhmNABzYNIs5mENwwO5sxpKive2Ajo4UoD5EoCr1a7EC1M0lvXlDG4a5iYk0U\nGxP36CkF2wIG5vnlVogAjkZi7GNpsi4dtZlfT6qyEQrAdWLKcPPA4MJAtvBmRzAo\n4xfVbmtyEFs8c8TZwKrEavT5ravyWhv1RkQNGif+hOTwMhH0qYpKYfsi+a2GROPN\nY3XWR9gES1bjQ1UkRim1Bf7zCvcaJV1ANMIceKwx4WaBcuNfNaHH+dGX+gDNCb1O\nv71UwKVVejFQfc2Z4LIfK9f8xSfDWe0Fo5DOQwB3Z+xpWKm/AoIBAQDVpHrWP3d6\nz+3/syLJZxlboN5y/aEkB5sJ2i8f+BnqC2bRtlO23QIzKA9U5zmdEoqbt0Js447S\ndl36vXrsSkWmFQIw2UoV0Hq3bSQ+h0/Q1PL72MO0ikZvJB/HYqBuz/wjgyEneNXR\n+vVVtD2OLKowbLtcSJmCbg6qY3rdSqC7YaHWk/aJ4pzpSguFd83u2nFqqH2vpN7M\nmkmujWLmOcApVpsMXJcSmH893bxnnIrY5xhAawVs0VAiRzUN0ii7d4yJq8RrtlEL\n1YoedsPvVN/soPDuq+EKbthGVT0Z9SVqHpWKGL2ijv/9T2Jo5GIMOOuOBqjf9wsi\ntqIcrN/ywwUzAoIBACkBRW8PBRml84nnd84OxFAw+F28gsmr7tc+FhnQ9+7SxGUG\nUsz5Oh/nbSoAh4BlLdEmZ+DdOBrCNmSrG70F9xAkb50OM1rEuC4KKLbitAbGAlfo\n3HjJ/yAL88EURzNidpBd9ogyKov86vpVApnruhoz5hiIXoeL3yOHlszxPw9gLWoA\n9UhKzc9ySeYPov2hpk+zhNFzYv9LkcHeNMWVz46iLKfP0RnhTrxFWq1QxZDCZeyj\nxTNyJimQaG8Zai0nhwG1mgDEaJ1ijMOILUZkX5+vcXpT6mFfa082+/EXViXAvKyp\njTbpaRc66xt0znD15HeM8wpmzIjqrGN+/GH3BgUCggEBANOz731K2uy6Cs9tBbWq\nEni3yncMWZfIaZuztyrowVUpAzQghogYLUvgEIFDt9WsP+naCVq5jBeF78694Icx\neh7/hnI9f6pqMpB8+IN1tmPsAPQLcrL+qpkLpOoBE5V7SBEwqbPhi5BOLLpGpxCx\ntdvSgz8JOgUDZkj11xReFTRZpPNrH8y24GJUW2Jgu5JKqETWveVFbPo2kXkE5dHZ\nvE+6YF45igKFVuFJTp8lgnk5VtDOvEt+hvfQtAQEExThfEQYD8Xknh8p9XoGmlYZ\nNuPW/6iibZfXCz12zdthDzg/IlP7/D6PkZ/EAHKMjZQq+1B7zPBSb5hwfegIbsqy\n8f0CggEBAJ9f5efhtcNsi7gPQOK5D4+XAj9g3XSBiU1V3OfWCit8Dh3dWlGMv2lb\nTn0ntSMIhnMugAjcJF2OqPIP+TnKPNnAOhHBm+jrZSXbnCsltyPwP61xyU1F6gU5\nvAZNEwshpRa/dNdqB48zAvzXDge4QLJuz1LpBKiiJIQE6sS8EnjgDPNKOEwC87N9\nFC9ZEDkVIY9mcZk5Keb0RbWXFE1DF4uf1jRjts+V8NNpD85x3QZ1iS6sRLUwBESC\n0Hr6c98TztcleKFHwZBgULdFPxB49uEn2/Vz8OH7BsiunQgmC+Eqv40fuiyLIsnw\nYNdelEL+oofDM2tP6Nx2c+qkvYmu8cM=\n-----END PRIVATE KEY-----\n",
            "public_key_fingerprint_md5": "7a:f9:24:44:aa:18:1b:a3:df:cc:d9:08:83:d5:87:70",
            "public_key_fingerprint_sha256": "SHA256:pf6dZCCo+e4D5Pp02t2m5UrFtLGZl8ZnRPYYs22h3ug",
            "public_key_openssh": "ssh-rsa AAAAB3NzaC1yc2EAAAADAQABAAACAQDKl6U8r8eSWG5Nh9WSaDwg8onZDui7dfCxuFbXaN2Cotmaz8g1Plie+EJSUlUINKbRl3YRYe+I/uWtgziL431D/nXzokqIMDFQmGHYyGwGfNCSdN6fVIyOmuEnZTncHL1LZB1jxcioiR+5K2IyJ0LBMKuTUj5v+7kgvxedaFRJoSLCsLU0xdi+lUHGtd5rvN50C8mploQp1ystWkIvChARXDgkmBeLqjzFsCZedwGmKD0bL1/Od5764QU+qDe1Q68DtcC5elMkX2KL1L6o2nmJmyzHJbzZu9NlD+f6ntANXzbeJSemAFUEXQ7Gda/s6EtWXrUZakti0U3uCArRXsrwTKVTOaF1pT0JexAXSro+fi5LGDadoIKigpaXSmkEwBFJBdVsVDYjz3bbsoPa2yoF6ET+646OpURVwCJZW/ug75anHBbdmgJoIBjcbFXv2q4WUjsxdRITVwn9a2/7/odD9SXEQJ/HopV5UPtmOu8eAXnPKD5i+F2+apGgg6V4QujbmgFHR/f3R5F6LJYV/XmHX1uuSbwYK0LKWtnLLYlR56nFE8mYwVbsWoBsg/OX55/BuA6pn7WMnLIFlkJLrPt+cfHy9oHFPZkfb6pcDTHuoj1xnkx36gL45YlD8cGuTyBdNpWwNbCmJ8fg6vhZNFYy6WesIrd/rCvWp5KIkneMDQ==\n",
            "public_key_pem": "-----BEGIN PUBLIC KEY-----\nMIICIjANBgkqhkiG9w0BAQEFAAOCAg8AMIICCgKCAgEAypelPK/HklhuTYfVkmg8\nIPKJ2Q7ou3XwsbhW12jdgqLZms/INT5YnvhCUlJVCDSm0Zd2EWHviP7lrYM4i+N9\nQ/5186JKiDAxUJhh2MhsBnzQknTen1SMjprhJ2U53By9S2QdY8XIqIkfuStiMidC\nwTCrk1I+b/u5IL8XnWhUSaEiwrC1NMXYvpVBxrXea7zedAvJqZaEKdcrLVpCLwoQ\nEVw4JJgXi6o8xbAmXncBpig9Gy9fznee+uEFPqg3tUOvA7XAuXpTJF9ii9S+qNp5\niZssxyW82bvTZQ/n+p7QDV823iUnpgBVBF0OxnWv7OhLVl61GWpLYtFN7ggK0V7K\n8EylUzmhdaU9CXsQF0q6Pn4uSxg2naCCooKWl0ppBMARSQXVbFQ2I89227KD2tsq\nBehE/uuOjqVEVcAiWVv7oO+WpxwW3ZoCaCAY3GxV79quFlI7MXUSE1cJ/Wtv+/6H\nQ/UlxECfx6KVeVD7ZjrvHgF5zyg+YvhdvmqRoIOleELo25oBR0f390eReiyWFf15\nh19brkm8GCtCylrZyy2JUeepxRPJmMFW7FqAbIPzl+efwbgOqZ+1jJyyBZZCS6z7\nfnHx8vaBxT2ZH2+qXA0x7qI9cZ5Md+oC+OWJQ/HBrk8gXTaVsDWwpifH4Or4WTRW\nMulnrCK3f6wr1qeSiJJ3jA0CAwEAAQ==\n-----END PUBLIC KEY-----\n",
            "rsa_bits": 4096
          },
          "sensitive_attributes": [
            [
              {
                "type": "get_attr",
                "value": "private_key_openssh"
              }
            ],
            [
              {
                "type": "get_attr",
                "value": "private_key_pem"
              }
            ],
            [
              {
                "type": "get_attr",
                "value": "private_key_pem_pkcs8"
              }
            ]
          ],
          "identity_schema_version": 0
        }
      ]
    }
  ],
  "check_results": null
}
